{
  "format_version": "1.2",
  "terraform_version": "1.7.2",
  "variables": {
    "cluster_name": {
      "value": "eks-lz-demo"
    },
    "domain_name_in_route53": {
      "value": "managed.test.infoblox.com"
    },
    "private_subnets": {
      "value": [
        "subnet-0e28161738871edf5",
        "subnet-06cbefddadfa46344",
        "subnet-007b9240ebe22f63d"
      ]
    },
    "private_subnets_local_zone": {
      "value": "subnet-01a3bdbaffacd53c2"
    },
    "vpc_id": {
      "value": "vpc-02893a26b23c58eda"
    }
  },
  "planned_values": {
    "outputs": {
      "eks_cluster_id": {
        "sensitive": false
      }
    },
    "root_module": {
      "resources": [
        {
          "address": "aws_security_group_rule.allow_node_sg_from_cluster_sg",
          "mode": "managed",
          "type": "aws_security_group_rule",
          "name": "allow_node_sg_from_cluster_sg",
          "provider_name": "registry.terraform.io/hashicorp/aws",
          "schema_version": 2,
          "values": {
            "cidr_blocks": null,
            "description": "Cluster API/Managed Nodegroup to Self-Managed Nodegroup all traffic",
            "from_port": 0,
            "ipv6_cidr_blocks": null,
            "prefix_list_ids": null,
            "protocol": "-1",
            "self": false,
            "timeouts": null,
            "to_port": 0,
            "type": "ingress"
          },
          "sensitive_values": {}
        },
        {
          "address": "aws_security_group_rule.allow_node_sg_to_cluster_sg",
          "mode": "managed",
          "type": "aws_security_group_rule",
          "name": "allow_node_sg_to_cluster_sg",
          "provider_name": "registry.terraform.io/hashicorp/aws",
          "schema_version": 2,
          "values": {
            "cidr_blocks": null,
            "description": "Self-managed Nodegroup to Cluster API/Managed Nodegroup all traffic",
            "from_port": 0,
            "ipv6_cidr_blocks": null,
            "prefix_list_ids": null,
            "protocol": "-1",
            "self": false,
            "timeouts": null,
            "to_port": 0,
            "type": "ingress"
          },
          "sensitive_values": {}
        },
        {
          "address": "null_resource.kubeconfig",
          "mode": "managed",
          "type": "null_resource",
          "name": "kubeconfig",
          "provider_name": "registry.terraform.io/hashicorp/null",
          "schema_version": 0,
          "values": {
            "triggers": null
          },
          "sensitive_values": {}
        }
      ],
      "child_modules": [
        {
          "resources": [
            {
              "address": "module.eks.aws_cloudwatch_log_group.this[0]",
              "mode": "managed",
              "type": "aws_cloudwatch_log_group",
              "name": "this",
              "index": 0,
              "provider_name": "registry.terraform.io/hashicorp/aws",
              "schema_version": 0,
              "values": {
                "kms_key_id": null,
                "name": "/aws/eks/eks-lz-demo/cluster",
                "retention_in_days": 90,
                "skip_destroy": false,
                "tags": {
                  "Name": "/aws/eks/eks-lz-demo/cluster"
                },
                "tags_all": {
                  "Name": "/aws/eks/eks-lz-demo/cluster"
                }
              },
              "sensitive_values": {
                "tags": {},
                "tags_all": {}
              }
            },
            {
              "address": "module.eks.aws_eks_addon.this[\"coredns\"]",
              "mode": "managed",
              "type": "aws_eks_addon",
              "name": "this",
              "index": "coredns",
              "provider_name": "registry.terraform.io/hashicorp/aws",
              "schema_version": 0,
              "values": {
                "addon_name": "coredns",
                "cluster_name": "eks-lz-demo",
                "preserve": null,
                "resolve_conflicts": "OVERWRITE",
                "resolve_conflicts_on_create": null,
                "resolve_conflicts_on_update": null,
                "service_account_role_arn": null,
                "tags": null,
                "timeouts": {
                  "create": null,
                  "delete": null,
                  "update": null
                }
              },
              "sensitive_values": {
                "tags_all": {},
                "timeouts": {}
              }
            },
            {
              "address": "module.eks.aws_eks_addon.this[\"kube-proxy\"]",
              "mode": "managed",
              "type": "aws_eks_addon",
              "name": "this",
              "index": "kube-proxy",
              "provider_name": "registry.terraform.io/hashicorp/aws",
              "schema_version": 0,
              "values": {
                "addon_name": "kube-proxy",
                "cluster_name": "eks-lz-demo",
                "preserve": null,
                "resolve_conflicts": "OVERWRITE",
                "resolve_conflicts_on_create": null,
                "resolve_conflicts_on_update": null,
                "service_account_role_arn": null,
                "tags": null,
                "timeouts": {
                  "create": null,
                  "delete": null,
                  "update": null
                }
              },
              "sensitive_values": {
                "tags_all": {},
                "timeouts": {}
              }
            },
            {
              "address": "module.eks.aws_eks_addon.this[\"vpc-cni\"]",
              "mode": "managed",
              "type": "aws_eks_addon",
              "name": "this",
              "index": "vpc-cni",
              "provider_name": "registry.terraform.io/hashicorp/aws",
              "schema_version": 0,
              "values": {
                "addon_name": "vpc-cni",
                "cluster_name": "eks-lz-demo",
                "preserve": null,
                "resolve_conflicts": "OVERWRITE",
                "resolve_conflicts_on_create": null,
                "resolve_conflicts_on_update": null,
                "service_account_role_arn": null,
                "tags": null,
                "timeouts": {
                  "create": null,
                  "delete": null,
                  "update": null
                }
              },
              "sensitive_values": {
                "tags_all": {},
                "timeouts": {}
              }
            },
            {
              "address": "module.eks.aws_eks_cluster.this[0]",
              "mode": "managed",
              "type": "aws_eks_cluster",
              "name": "this",
              "index": 0,
              "provider_name": "registry.terraform.io/hashicorp/aws",
              "schema_version": 0,
              "values": {
                "enabled_cluster_log_types": [
                  "api",
                  "audit",
                  "authenticator"
                ],
                "encryption_config": [
                  {
                    "provider": [
                      {}
                    ],
                    "resources": [
                      "secrets"
                    ]
                  }
                ],
                "kubernetes_network_config": [
                  {}
                ],
                "name": "eks-lz-demo",
                "outpost_config": [],
                "tags": null,
                "timeouts": {
                  "create": null,
                  "delete": null,
                  "update": null
                },
                "version": "1.27",
                "vpc_config": [
                  {
                    "endpoint_private_access": true,
                    "endpoint_public_access": true,
                    "public_access_cidrs": [
                      "0.0.0.0/0"
                    ],
                    "subnet_ids": [
                      "subnet-007b9240ebe22f63d",
                      "subnet-06cbefddadfa46344",
                      "subnet-0e28161738871edf5"
                    ]
                  }
                ]
              },
              "sensitive_values": {
                "access_config": [],
                "certificate_authority": [],
                "enabled_cluster_log_types": [
                  false,
                  false,
                  false
                ],
                "encryption_config": [
                  {
                    "provider": [
                      {}
                    ],
                    "resources": [
                      false
                    ]
                  }
                ],
                "identity": [],
                "kubernetes_network_config": [
                  {}
                ],
                "outpost_config": [],
                "tags_all": {},
                "timeouts": {},
                "vpc_config": [
                  {
                    "public_access_cidrs": [
                      false
                    ],
                    "security_group_ids": [],
                    "subnet_ids": [
                      false,
                      false,
                      false
                    ]
                  }
                ]
              }
            },
            {
              "address": "module.eks.aws_iam_openid_connect_provider.oidc_provider[0]",
              "mode": "managed",
              "type": "aws_iam_openid_connect_provider",
              "name": "oidc_provider",
              "index": 0,
              "provider_name": "registry.terraform.io/hashicorp/aws",
              "schema_version": 0,
              "values": {
                "client_id_list": [
                  "sts.amazonaws.com"
                ],
                "tags": {
                  "Name": "eks-lz-demo-eks-irsa"
                },
                "tags_all": {
                  "Name": "eks-lz-demo-eks-irsa"
                }
              },
              "sensitive_values": {
                "client_id_list": [
                  false
                ],
                "tags": {},
                "tags_all": {},
                "thumbprint_list": []
              }
            },
            {
              "address": "module.eks.aws_iam_policy.cluster_encryption[0]",
              "mode": "managed",
              "type": "aws_iam_policy",
              "name": "cluster_encryption",
              "index": 0,
              "provider_name": "registry.terraform.io/hashicorp/aws",
              "schema_version": 0,
              "values": {
                "description": "Cluster encryption policy to allow cluster role to utilize CMK provided",
                "name_prefix": "eks-lz-demo-cluster-ClusterEncryption",
                "path": "/",
                "tags": null
              },
              "sensitive_values": {
                "tags_all": {}
              }
            },
            {
              "address": "module.eks.aws_iam_role.this[0]",
              "mode": "managed",
              "type": "aws_iam_role",
              "name": "this",
              "index": 0,
              "provider_name": "registry.terraform.io/hashicorp/aws",
              "schema_version": 0,
              "values": {
                "assume_role_policy": "{\"Statement\":[{\"Action\":\"sts:AssumeRole\",\"Effect\":\"Allow\",\"Principal\":{\"Service\":\"eks.amazonaws.com\"},\"Sid\":\"EKSClusterAssumeRole\"}],\"Version\":\"2012-10-17\"}",
                "description": null,
                "force_detach_policies": true,
                "inline_policy": [
                  {
                    "name": "eks-lz-demo-cluster",
                    "policy": "{\"Version\":\"2012-10-17\",\"Statement\":[{\"Action\":[\"logs:CreateLogGroup\"],\"Effect\":\"Deny\",\"Resource\":\"*\"}]}"
                  }
                ],
                "max_session_duration": 3600,
                "name_prefix": "eks-lz-demo-cluster-",
                "path": "/",
                "permissions_boundary": null,
                "tags": null
              },
              "sensitive_values": {
                "inline_policy": [
                  {}
                ],
                "managed_policy_arns": [],
                "tags_all": {}
              }
            },
            {
              "address": "module.eks.aws_iam_role_policy_attachment.cluster_encryption[0]",
              "mode": "managed",
              "type": "aws_iam_role_policy_attachment",
              "name": "cluster_encryption",
              "index": 0,
              "provider_name": "registry.terraform.io/hashicorp/aws",
              "schema_version": 0,
              "sensitive_values": {}
            },
            {
              "address": "module.eks.aws_iam_role_policy_attachment.this[\"AmazonEKSClusterPolicy\"]",
              "mode": "managed",
              "type": "aws_iam_role_policy_attachment",
              "name": "this",
              "index": "AmazonEKSClusterPolicy",
              "provider_name": "registry.terraform.io/hashicorp/aws",
              "schema_version": 0,
              "values": {
                "policy_arn": "arn:aws:iam::aws:policy/AmazonEKSClusterPolicy"
              },
              "sensitive_values": {}
            },
            {
              "address": "module.eks.aws_iam_role_policy_attachment.this[\"AmazonEKSVPCResourceController\"]",
              "mode": "managed",
              "type": "aws_iam_role_policy_attachment",
              "name": "this",
              "index": "AmazonEKSVPCResourceController",
              "provider_name": "registry.terraform.io/hashicorp/aws",
              "schema_version": 0,
              "values": {
                "policy_arn": "arn:aws:iam::aws:policy/AmazonEKSVPCResourceController"
              },
              "sensitive_values": {}
            },
            {
              "address": "module.eks.aws_security_group.cluster[0]",
              "mode": "managed",
              "type": "aws_security_group",
              "name": "cluster",
              "index": 0,
              "provider_name": "registry.terraform.io/hashicorp/aws",
              "schema_version": 1,
              "values": {
                "description": "EKS cluster security group",
                "name_prefix": "eks-lz-demo-cluster-",
                "revoke_rules_on_delete": false,
                "tags": {
                  "Name": "eks-lz-demo-cluster"
                },
                "tags_all": {
                  "Name": "eks-lz-demo-cluster"
                },
                "timeouts": null,
                "vpc_id": "vpc-02893a26b23c58eda"
              },
              "sensitive_values": {
                "egress": [],
                "ingress": [],
                "tags": {},
                "tags_all": {}
              }
            },
            {
              "address": "module.eks.aws_security_group.node[0]",
              "mode": "managed",
              "type": "aws_security_group",
              "name": "node",
              "index": 0,
              "provider_name": "registry.terraform.io/hashicorp/aws",
              "schema_version": 1,
              "values": {
                "description": "EKS node shared security group",
                "name_prefix": "eks-lz-demo-node-",
                "revoke_rules_on_delete": false,
                "tags": {
                  "Name": "eks-lz-demo-node",
                  "kubernetes.io/cluster/eks-lz-demo": "owned"
                },
                "tags_all": {
                  "Name": "eks-lz-demo-node",
                  "kubernetes.io/cluster/eks-lz-demo": "owned"
                },
                "timeouts": null,
                "vpc_id": "vpc-02893a26b23c58eda"
              },
              "sensitive_values": {
                "egress": [],
                "ingress": [],
                "tags": {},
                "tags_all": {}
              }
            },
            {
              "address": "module.eks.aws_security_group_rule.cluster[\"ingress_nodes_443\"]",
              "mode": "managed",
              "type": "aws_security_group_rule",
              "name": "cluster",
              "index": "ingress_nodes_443",
              "provider_name": "registry.terraform.io/hashicorp/aws",
              "schema_version": 2,
              "values": {
                "cidr_blocks": null,
                "description": "Node groups to cluster API",
                "from_port": 443,
                "ipv6_cidr_blocks": null,
                "prefix_list_ids": null,
                "protocol": "tcp",
                "self": false,
                "timeouts": null,
                "to_port": 443,
                "type": "ingress"
              },
              "sensitive_values": {}
            },
            {
              "address": "module.eks.aws_security_group_rule.node[\"egress_all\"]",
              "mode": "managed",
              "type": "aws_security_group_rule",
              "name": "node",
              "index": "egress_all",
              "provider_name": "registry.terraform.io/hashicorp/aws",
              "schema_version": 2,
              "values": {
                "cidr_blocks": [
                  "0.0.0.0/0"
                ],
                "description": "Allow all egress",
                "from_port": 0,
                "ipv6_cidr_blocks": null,
                "prefix_list_ids": [],
                "protocol": "-1",
                "self": false,
                "timeouts": null,
                "to_port": 0,
                "type": "egress"
              },
              "sensitive_values": {
                "cidr_blocks": [
                  false
                ],
                "prefix_list_ids": []
              }
            },
            {
              "address": "module.eks.aws_security_group_rule.node[\"ingress_cluster_443\"]",
              "mode": "managed",
              "type": "aws_security_group_rule",
              "name": "node",
              "index": "ingress_cluster_443",
              "provider_name": "registry.terraform.io/hashicorp/aws",
              "schema_version": 2,
              "values": {
                "cidr_blocks": null,
                "description": "Cluster API to node groups",
                "from_port": 443,
                "ipv6_cidr_blocks": null,
                "prefix_list_ids": [],
                "protocol": "tcp",
                "self": false,
                "timeouts": null,
                "to_port": 443,
                "type": "ingress"
              },
              "sensitive_values": {
                "prefix_list_ids": []
              }
            },
            {
              "address": "module.eks.aws_security_group_rule.node[\"ingress_cluster_4443_webhook\"]",
              "mode": "managed",
              "type": "aws_security_group_rule",
              "name": "node",
              "index": "ingress_cluster_4443_webhook",
              "provider_name": "registry.terraform.io/hashicorp/aws",
              "schema_version": 2,
              "values": {
                "cidr_blocks": null,
                "description": "Cluster API to node 4443/tcp webhook",
                "from_port": 4443,
                "ipv6_cidr_blocks": null,
                "prefix_list_ids": [],
                "protocol": "tcp",
                "self": false,
                "timeouts": null,
                "to_port": 4443,
                "type": "ingress"
              },
              "sensitive_values": {
                "prefix_list_ids": []
              }
            },
            {
              "address": "module.eks.aws_security_group_rule.node[\"ingress_cluster_6443_webhook\"]",
              "mode": "managed",
              "type": "aws_security_group_rule",
              "name": "node",
              "index": "ingress_cluster_6443_webhook",
              "provider_name": "registry.terraform.io/hashicorp/aws",
              "schema_version": 2,
              "values": {
                "cidr_blocks": null,
                "description": "Cluster API to node 6443/tcp webhook",
                "from_port": 6443,
                "ipv6_cidr_blocks": null,
                "prefix_list_ids": [],
                "protocol": "tcp",
                "self": false,
                "timeouts": null,
                "to_port": 6443,
                "type": "ingress"
              },
              "sensitive_values": {
                "prefix_list_ids": []
              }
            },
            {
              "address": "module.eks.aws_security_group_rule.node[\"ingress_cluster_8443_webhook\"]",
              "mode": "managed",
              "type": "aws_security_group_rule",
              "name": "node",
              "index": "ingress_cluster_8443_webhook",
              "provider_name": "registry.terraform.io/hashicorp/aws",
              "schema_version": 2,
              "values": {
                "cidr_blocks": null,
                "description": "Cluster API to node 8443/tcp webhook",
                "from_port": 8443,
                "ipv6_cidr_blocks": null,
                "prefix_list_ids": [],
                "protocol": "tcp",
                "self": false,
                "timeouts": null,
                "to_port": 8443,
                "type": "ingress"
              },
              "sensitive_values": {
                "prefix_list_ids": []
              }
            },
            {
              "address": "module.eks.aws_security_group_rule.node[\"ingress_cluster_9443_webhook\"]",
              "mode": "managed",
              "type": "aws_security_group_rule",
              "name": "node",
              "index": "ingress_cluster_9443_webhook",
              "provider_name": "registry.terraform.io/hashicorp/aws",
              "schema_version": 2,
              "values": {
                "cidr_blocks": null,
                "description": "Cluster API to node 9443/tcp webhook",
                "from_port": 9443,
                "ipv6_cidr_blocks": null,
                "prefix_list_ids": [],
                "protocol": "tcp",
                "self": false,
                "timeouts": null,
                "to_port": 9443,
                "type": "ingress"
              },
              "sensitive_values": {
                "prefix_list_ids": []
              }
            },
            {
              "address": "module.eks.aws_security_group_rule.node[\"ingress_cluster_kubelet\"]",
              "mode": "managed",
              "type": "aws_security_group_rule",
              "name": "node",
              "index": "ingress_cluster_kubelet",
              "provider_name": "registry.terraform.io/hashicorp/aws",
              "schema_version": 2,
              "values": {
                "cidr_blocks": null,
                "description": "Cluster API to node kubelets",
                "from_port": 10250,
                "ipv6_cidr_blocks": null,
                "prefix_list_ids": [],
                "protocol": "tcp",
                "self": false,
                "timeouts": null,
                "to_port": 10250,
                "type": "ingress"
              },
              "sensitive_values": {
                "prefix_list_ids": []
              }
            },
            {
              "address": "module.eks.aws_security_group_rule.node[\"ingress_nodes_ephemeral\"]",
              "mode": "managed",
              "type": "aws_security_group_rule",
              "name": "node",
              "index": "ingress_nodes_ephemeral",
              "provider_name": "registry.terraform.io/hashicorp/aws",
              "schema_version": 2,
              "values": {
                "cidr_blocks": null,
                "description": "Node to node ingress on ephemeral ports",
                "from_port": 1025,
                "ipv6_cidr_blocks": null,
                "prefix_list_ids": [],
                "protocol": "tcp",
                "self": true,
                "timeouts": null,
                "to_port": 65535,
                "type": "ingress"
              },
              "sensitive_values": {
                "prefix_list_ids": []
              }
            },
            {
              "address": "module.eks.aws_security_group_rule.node[\"ingress_self_coredns_tcp\"]",
              "mode": "managed",
              "type": "aws_security_group_rule",
              "name": "node",
              "index": "ingress_self_coredns_tcp",
              "provider_name": "registry.terraform.io/hashicorp/aws",
              "schema_version": 2,
              "values": {
                "cidr_blocks": null,
                "description": "Node to node CoreDNS",
                "from_port": 53,
                "ipv6_cidr_blocks": null,
                "prefix_list_ids": [],
                "protocol": "tcp",
                "self": true,
                "timeouts": null,
                "to_port": 53,
                "type": "ingress"
              },
              "sensitive_values": {
                "prefix_list_ids": []
              }
            },
            {
              "address": "module.eks.aws_security_group_rule.node[\"ingress_self_coredns_udp\"]",
              "mode": "managed",
              "type": "aws_security_group_rule",
              "name": "node",
              "index": "ingress_self_coredns_udp",
              "provider_name": "registry.terraform.io/hashicorp/aws",
              "schema_version": 2,
              "values": {
                "cidr_blocks": null,
                "description": "Node to node CoreDNS UDP",
                "from_port": 53,
                "ipv6_cidr_blocks": null,
                "prefix_list_ids": [],
                "protocol": "udp",
                "self": true,
                "timeouts": null,
                "to_port": 53,
                "type": "ingress"
              },
              "sensitive_values": {
                "prefix_list_ids": []
              }
            },
            {
              "address": "module.eks.data.aws_eks_addon_version.this[\"coredns\"]",
              "mode": "data",
              "type": "aws_eks_addon_version",
              "name": "this",
              "index": "coredns",
              "provider_name": "registry.terraform.io/hashicorp/aws",
              "schema_version": 0,
              "values": {
                "addon_name": "coredns",
                "kubernetes_version": "1.27",
                "most_recent": true
              },
              "sensitive_values": {}
            },
            {
              "address": "module.eks.data.aws_eks_addon_version.this[\"kube-proxy\"]",
              "mode": "data",
              "type": "aws_eks_addon_version",
              "name": "this",
              "index": "kube-proxy",
              "provider_name": "registry.terraform.io/hashicorp/aws",
              "schema_version": 0,
              "values": {
                "addon_name": "kube-proxy",
                "kubernetes_version": "1.27",
                "most_recent": true
              },
              "sensitive_values": {}
            },
            {
              "address": "module.eks.data.aws_eks_addon_version.this[\"vpc-cni\"]",
              "mode": "data",
              "type": "aws_eks_addon_version",
              "name": "this",
              "index": "vpc-cni",
              "provider_name": "registry.terraform.io/hashicorp/aws",
              "schema_version": 0,
              "values": {
                "addon_name": "vpc-cni",
                "kubernetes_version": "1.27",
                "most_recent": true
              },
              "sensitive_values": {}
            },
            {
              "address": "module.eks.data.tls_certificate.this[0]",
              "mode": "data",
              "type": "tls_certificate",
              "name": "this",
              "index": 0,
              "provider_name": "registry.terraform.io/hashicorp/tls",
              "schema_version": 0,
              "values": {
                "content": null,
                "verify_chain": null
              },
              "sensitive_values": {
                "certificates": []
              }
            },
            {
              "address": "module.eks.kubernetes_config_map.aws_auth[0]",
              "mode": "managed",
              "type": "kubernetes_config_map",
              "name": "aws_auth",
              "index": 0,
              "provider_name": "registry.terraform.io/hashicorp/kubernetes",
              "schema_version": 0,
              "values": {
                "binary_data": null,
                "immutable": null,
                "metadata": [
                  {
                    "annotations": null,
                    "generate_name": null,
                    "labels": null,
                    "name": "aws-auth",
                    "namespace": "kube-system"
                  }
                ]
              },
              "sensitive_values": {
                "data": {},
                "metadata": [
                  {}
                ]
              }
            },
            {
              "address": "module.eks.kubernetes_config_map_v1_data.aws_auth[0]",
              "mode": "managed",
              "type": "kubernetes_config_map_v1_data",
              "name": "aws_auth",
              "index": 0,
              "provider_name": "registry.terraform.io/hashicorp/kubernetes",
              "schema_version": 0,
              "values": {
                "field_manager": "Terraform",
                "force": true,
                "metadata": [
                  {
                    "name": "aws-auth",
                    "namespace": "kube-system"
                  }
                ]
              },
              "sensitive_values": {
                "data": {},
                "metadata": [
                  {}
                ]
              }
            },
            {
              "address": "module.eks.time_sleep.this[0]",
              "mode": "managed",
              "type": "time_sleep",
              "name": "this",
              "index": 0,
              "provider_name": "registry.terraform.io/hashicorp/time",
              "schema_version": 0,
              "values": {
                "create_duration": "30s",
                "destroy_duration": null,
                "triggers": {
                  "cluster_name": "eks-lz-demo",
                  "cluster_version": "1.27"
                }
              },
              "sensitive_values": {
                "triggers": {}
              }
            }
          ],
          "address": "module.eks",
          "child_modules": [
            {
              "resources": [
                {
                  "address": "module.eks.module.self_managed_node_group[\"self_mg_4\"].aws_autoscaling_group.this[0]",
                  "mode": "managed",
                  "type": "aws_autoscaling_group",
                  "name": "this",
                  "index": 0,
                  "provider_name": "registry.terraform.io/hashicorp/aws",
                  "schema_version": 1,
                  "values": {
                    "capacity_rebalance": null,
                    "context": null,
                    "default_instance_warmup": null,
                    "desired_capacity": 1,
                    "desired_capacity_type": null,
                    "enabled_metrics": null,
                    "force_delete": false,
                    "force_delete_warm_pool": false,
                    "health_check_grace_period": 300,
                    "ignore_failed_scaling_activities": false,
                    "initial_lifecycle_hook": [],
                    "instance_maintenance_policy": [],
                    "instance_refresh": [
                      {
                        "preferences": [
                          {
                            "auto_rollback": null,
                            "checkpoint_delay": null,
                            "checkpoint_percentages": null,
                            "instance_warmup": null,
                            "max_healthy_percentage": 100,
                            "min_healthy_percentage": 66,
                            "scale_in_protected_instances": "Ignore",
                            "skip_matching": false,
                            "standby_instances": "Ignore"
                          }
                        ],
                        "strategy": "Rolling",
                        "triggers": null
                      }
                    ],
                    "launch_configuration": null,
                    "launch_template": [
                      {}
                    ],
                    "max_instance_lifetime": null,
                    "max_size": 3,
                    "metrics_granularity": "1Minute",
                    "min_elb_capacity": null,
                    "min_size": 1,
                    "name_prefix": "self-managed-ondemand-",
                    "placement_group": null,
                    "protect_from_scale_in": false,
                    "suspended_processes": null,
                    "tag": [
                      {
                        "key": "Name",
                        "propagate_at_launch": true,
                        "value": "self-managed-ondemand"
                      },
                      {
                        "key": "k8s.io/cluster/eks-lz-demo",
                        "propagate_at_launch": true,
                        "value": "owned"
                      },
                      {
                        "key": "kubernetes.io/cluster/eks-lz-demo",
                        "propagate_at_launch": true,
                        "value": "owned"
                      }
                    ],
                    "termination_policies": [],
                    "timeouts": {
                      "delete": null,
                      "update": null
                    },
                    "vpc_zone_identifier": [
                      "subnet-01a3bdbaffacd53c2"
                    ],
                    "wait_for_capacity_timeout": "10m",
                    "wait_for_elb_capacity": null,
                    "warm_pool": []
                  },
                  "sensitive_values": {
                    "availability_zones": [],
                    "initial_lifecycle_hook": [],
                    "instance_maintenance_policy": [],
                    "instance_refresh": [
                      {
                        "preferences": [
                          {}
                        ]
                      }
                    ],
                    "launch_template": [
                      {}
                    ],
                    "load_balancers": [],
                    "mixed_instances_policy": [],
                    "tag": [
                      {},
                      {},
                      {}
                    ],
                    "target_group_arns": [],
                    "termination_policies": [],
                    "timeouts": {},
                    "traffic_source": [],
                    "vpc_zone_identifier": [
                      false
                    ],
                    "warm_pool": []
                  }
                },
                {
                  "address": "module.eks.module.self_managed_node_group[\"self_mg_4\"].aws_iam_instance_profile.this[0]",
                  "mode": "managed",
                  "type": "aws_iam_instance_profile",
                  "name": "this",
                  "index": 0,
                  "provider_name": "registry.terraform.io/hashicorp/aws",
                  "schema_version": 0,
                  "values": {
                    "name_prefix": "self-managed-ondemand-node-group-",
                    "path": "/",
                    "tags": null
                  },
                  "sensitive_values": {
                    "tags_all": {}
                  }
                },
                {
                  "address": "module.eks.module.self_managed_node_group[\"self_mg_4\"].aws_iam_role.this[0]",
                  "mode": "managed",
                  "type": "aws_iam_role",
                  "name": "this",
                  "index": 0,
                  "provider_name": "registry.terraform.io/hashicorp/aws",
                  "schema_version": 0,
                  "values": {
                    "assume_role_policy": "{\"Statement\":[{\"Action\":\"sts:AssumeRole\",\"Effect\":\"Allow\",\"Principal\":{\"Service\":\"ec2.amazonaws.com\"},\"Sid\":\"EKSNodeAssumeRole\"}],\"Version\":\"2012-10-17\"}",
                    "description": "Self managed node group IAM role",
                    "force_detach_policies": true,
                    "max_session_duration": 3600,
                    "name_prefix": "self-managed-ondemand-node-group-",
                    "path": "/",
                    "permissions_boundary": null,
                    "tags": null
                  },
                  "sensitive_values": {
                    "inline_policy": [],
                    "managed_policy_arns": [],
                    "tags_all": {}
                  }
                },
                {
                  "address": "module.eks.module.self_managed_node_group[\"self_mg_4\"].aws_iam_role_policy_attachment.this[\"arn:aws:iam::aws:policy/AmazonEC2ContainerRegistryReadOnly\"]",
                  "mode": "managed",
                  "type": "aws_iam_role_policy_attachment",
                  "name": "this",
                  "index": "arn:aws:iam::aws:policy/AmazonEC2ContainerRegistryReadOnly",
                  "provider_name": "registry.terraform.io/hashicorp/aws",
                  "schema_version": 0,
                  "values": {
                    "policy_arn": "arn:aws:iam::aws:policy/AmazonEC2ContainerRegistryReadOnly"
                  },
                  "sensitive_values": {}
                },
                {
                  "address": "module.eks.module.self_managed_node_group[\"self_mg_4\"].aws_iam_role_policy_attachment.this[\"arn:aws:iam::aws:policy/AmazonEKSWorkerNodePolicy\"]",
                  "mode": "managed",
                  "type": "aws_iam_role_policy_attachment",
                  "name": "this",
                  "index": "arn:aws:iam::aws:policy/AmazonEKSWorkerNodePolicy",
                  "provider_name": "registry.terraform.io/hashicorp/aws",
                  "schema_version": 0,
                  "values": {
                    "policy_arn": "arn:aws:iam::aws:policy/AmazonEKSWorkerNodePolicy"
                  },
                  "sensitive_values": {}
                },
                {
                  "address": "module.eks.module.self_managed_node_group[\"self_mg_4\"].aws_iam_role_policy_attachment.this[\"arn:aws:iam::aws:policy/AmazonEKS_CNI_Policy\"]",
                  "mode": "managed",
                  "type": "aws_iam_role_policy_attachment",
                  "name": "this",
                  "index": "arn:aws:iam::aws:policy/AmazonEKS_CNI_Policy",
                  "provider_name": "registry.terraform.io/hashicorp/aws",
                  "schema_version": 0,
                  "values": {
                    "policy_arn": "arn:aws:iam::aws:policy/AmazonEKS_CNI_Policy"
                  },
                  "sensitive_values": {}
                },
                {
                  "address": "module.eks.module.self_managed_node_group[\"self_mg_4\"].aws_launch_template.this[0]",
                  "mode": "managed",
                  "type": "aws_launch_template",
                  "name": "this",
                  "index": 0,
                  "provider_name": "registry.terraform.io/hashicorp/aws",
                  "schema_version": 0,
                  "values": {
                    "block_device_mappings": [
                      {
                        "device_name": "/dev/xvda",
                        "ebs": [],
                        "no_device": null,
                        "virtual_name": null
                      }
                    ],
                    "capacity_reservation_specification": [],
                    "cpu_options": [],
                    "credit_specification": [],
                    "description": "Custom launch template for self-managed-ondemand self managed node group",
                    "disable_api_stop": null,
                    "disable_api_termination": null,
                    "ebs_optimized": null,
                    "elastic_gpu_specifications": [],
                    "elastic_inference_accelerator": [],
                    "enclave_options": [],
                    "hibernation_options": [],
                    "iam_instance_profile": [
                      {
                        "name": null
                      }
                    ],
                    "image_id": "ami-070f54df448b5ba72",
                    "instance_initiated_shutdown_behavior": null,
                    "instance_market_options": [],
                    "instance_requirements": [],
                    "instance_type": "m5.large",
                    "kernel_id": null,
                    "key_name": null,
                    "license_specification": [],
                    "maintenance_options": [],
                    "metadata_options": [
                      {
                        "http_endpoint": "enabled",
                        "http_put_response_hop_limit": 2,
                        "http_tokens": "required"
                      }
                    ],
                    "monitoring": [],
                    "name_prefix": "self_mg_4-",
                    "network_interfaces": [],
                    "placement": [],
                    "private_dns_name_options": [],
                    "ram_disk_id": null,
                    "security_group_names": null,
                    "tag_specifications": [
                      {
                        "resource_type": "instance",
                        "tags": {
                          "Name": "self-managed-ondemand"
                        }
                      },
                      {
                        "resource_type": "network-interface",
                        "tags": {
                          "Name": "self-managed-ondemand"
                        }
                      },
                      {
                        "resource_type": "volume",
                        "tags": {
                          "Name": "self-managed-ondemand"
                        }
                      }
                    ],
                    "tags": null,
                    "update_default_version": true
                  },
                  "sensitive_values": {
                    "block_device_mappings": [
                      {
                        "ebs": []
                      }
                    ],
                    "capacity_reservation_specification": [],
                    "cpu_options": [],
                    "credit_specification": [],
                    "elastic_gpu_specifications": [],
                    "elastic_inference_accelerator": [],
                    "enclave_options": [],
                    "hibernation_options": [],
                    "iam_instance_profile": [
                      {}
                    ],
                    "instance_market_options": [],
                    "instance_requirements": [],
                    "license_specification": [],
                    "maintenance_options": [],
                    "metadata_options": [
                      {}
                    ],
                    "monitoring": [],
                    "network_interfaces": [],
                    "placement": [],
                    "private_dns_name_options": [],
                    "tag_specifications": [
                      {
                        "tags": {}
                      },
                      {
                        "tags": {}
                      },
                      {
                        "tags": {}
                      }
                    ],
                    "tags_all": {},
                    "vpc_security_group_ids": []
                  }
                }
              ],
              "address": "module.eks.module.self_managed_node_group[\"self_mg_4\"]"
            },
            {
              "resources": [
                {
                  "address": "module.eks.module.eks_managed_node_group[\"mg_5\"].aws_eks_node_group.this[0]",
                  "mode": "managed",
                  "type": "aws_eks_node_group",
                  "name": "this",
                  "index": 0,
                  "provider_name": "registry.terraform.io/hashicorp/aws",
                  "schema_version": 0,
                  "values": {
                    "cluster_name": "eks-lz-demo",
                    "force_update_version": null,
                    "instance_types": [
                      "m5.large"
                    ],
                    "labels": null,
                    "launch_template": [
                      {}
                    ],
                    "node_group_name_prefix": "mg_5-",
                    "remote_access": [],
                    "scaling_config": [
                      {
                        "desired_size": 1,
                        "max_size": 3,
                        "min_size": 1
                      }
                    ],
                    "subnet_ids": [
                      "subnet-007b9240ebe22f63d",
                      "subnet-06cbefddadfa46344",
                      "subnet-0e28161738871edf5"
                    ],
                    "tags": {
                      "Name": "mg_5"
                    },
                    "tags_all": {
                      "Name": "mg_5"
                    },
                    "taint": [],
                    "timeouts": {
                      "create": null,
                      "delete": null,
                      "update": null
                    },
                    "update_config": [
                      {
                        "max_unavailable": null,
                        "max_unavailable_percentage": 33
                      }
                    ],
                    "version": "1.27"
                  },
                  "sensitive_values": {
                    "instance_types": [
                      false
                    ],
                    "launch_template": [
                      {}
                    ],
                    "remote_access": [],
                    "resources": [],
                    "scaling_config": [
                      {}
                    ],
                    "subnet_ids": [
                      false,
                      false,
                      false
                    ],
                    "tags": {},
                    "tags_all": {},
                    "taint": [],
                    "timeouts": {},
                    "update_config": [
                      {}
                    ]
                  }
                },
                {
                  "address": "module.eks.module.eks_managed_node_group[\"mg_5\"].aws_iam_role.this[0]",
                  "mode": "managed",
                  "type": "aws_iam_role",
                  "name": "this",
                  "index": 0,
                  "provider_name": "registry.terraform.io/hashicorp/aws",
                  "schema_version": 0,
                  "values": {
                    "assume_role_policy": "{\"Statement\":[{\"Action\":\"sts:AssumeRole\",\"Effect\":\"Allow\",\"Principal\":{\"Service\":\"ec2.amazonaws.com\"},\"Sid\":\"EKSNodeAssumeRole\"}],\"Version\":\"2012-10-17\"}",
                    "description": "EKS managed node group IAM role",
                    "force_detach_policies": true,
                    "max_session_duration": 3600,
                    "name_prefix": "mg_5-eks-node-group-",
                    "path": "/",
                    "permissions_boundary": null,
                    "tags": null
                  },
                  "sensitive_values": {
                    "inline_policy": [],
                    "managed_policy_arns": [],
                    "tags_all": {}
                  }
                },
                {
                  "address": "module.eks.module.eks_managed_node_group[\"mg_5\"].aws_iam_role_policy_attachment.this[\"arn:aws:iam::aws:policy/AmazonEC2ContainerRegistryReadOnly\"]",
                  "mode": "managed",
                  "type": "aws_iam_role_policy_attachment",
                  "name": "this",
                  "index": "arn:aws:iam::aws:policy/AmazonEC2ContainerRegistryReadOnly",
                  "provider_name": "registry.terraform.io/hashicorp/aws",
                  "schema_version": 0,
                  "values": {
                    "policy_arn": "arn:aws:iam::aws:policy/AmazonEC2ContainerRegistryReadOnly"
                  },
                  "sensitive_values": {}
                },
                {
                  "address": "module.eks.module.eks_managed_node_group[\"mg_5\"].aws_iam_role_policy_attachment.this[\"arn:aws:iam::aws:policy/AmazonEKSWorkerNodePolicy\"]",
                  "mode": "managed",
                  "type": "aws_iam_role_policy_attachment",
                  "name": "this",
                  "index": "arn:aws:iam::aws:policy/AmazonEKSWorkerNodePolicy",
                  "provider_name": "registry.terraform.io/hashicorp/aws",
                  "schema_version": 0,
                  "values": {
                    "policy_arn": "arn:aws:iam::aws:policy/AmazonEKSWorkerNodePolicy"
                  },
                  "sensitive_values": {}
                },
                {
                  "address": "module.eks.module.eks_managed_node_group[\"mg_5\"].aws_iam_role_policy_attachment.this[\"arn:aws:iam::aws:policy/AmazonEKS_CNI_Policy\"]",
                  "mode": "managed",
                  "type": "aws_iam_role_policy_attachment",
                  "name": "this",
                  "index": "arn:aws:iam::aws:policy/AmazonEKS_CNI_Policy",
                  "provider_name": "registry.terraform.io/hashicorp/aws",
                  "schema_version": 0,
                  "values": {
                    "policy_arn": "arn:aws:iam::aws:policy/AmazonEKS_CNI_Policy"
                  },
                  "sensitive_values": {}
                },
                {
                  "address": "module.eks.module.eks_managed_node_group[\"mg_5\"].aws_launch_template.this[0]",
                  "mode": "managed",
                  "type": "aws_launch_template",
                  "name": "this",
                  "index": 0,
                  "provider_name": "registry.terraform.io/hashicorp/aws",
                  "schema_version": 0,
                  "values": {
                    "block_device_mappings": [],
                    "capacity_reservation_specification": [],
                    "cpu_options": [],
                    "credit_specification": [],
                    "description": "Custom launch template for mg_5 EKS managed node group",
                    "disable_api_stop": null,
                    "disable_api_termination": null,
                    "ebs_optimized": null,
                    "elastic_gpu_specifications": [],
                    "elastic_inference_accelerator": [],
                    "enclave_options": [],
                    "hibernation_options": [],
                    "iam_instance_profile": [],
                    "image_id": "",
                    "instance_initiated_shutdown_behavior": null,
                    "instance_market_options": [],
                    "instance_requirements": [],
                    "instance_type": null,
                    "kernel_id": null,
                    "key_name": null,
                    "license_specification": [],
                    "maintenance_options": [],
                    "metadata_options": [
                      {
                        "http_endpoint": "enabled",
                        "http_put_response_hop_limit": 2,
                        "http_tokens": "required"
                      }
                    ],
                    "monitoring": [
                      {
                        "enabled": true
                      }
                    ],
                    "name_prefix": "mg_5-",
                    "network_interfaces": [],
                    "placement": [],
                    "private_dns_name_options": [],
                    "ram_disk_id": null,
                    "security_group_names": null,
                    "tag_specifications": [
                      {
                        "resource_type": "instance",
                        "tags": {
                          "Name": "mg_5"
                        }
                      },
                      {
                        "resource_type": "network-interface",
                        "tags": {
                          "Name": "mg_5"
                        }
                      },
                      {
                        "resource_type": "volume",
                        "tags": {
                          "Name": "mg_5"
                        }
                      }
                    ],
                    "tags": null,
                    "update_default_version": true,
                    "user_data": ""
                  },
                  "sensitive_values": {
                    "block_device_mappings": [],
                    "capacity_reservation_specification": [],
                    "cpu_options": [],
                    "credit_specification": [],
                    "elastic_gpu_specifications": [],
                    "elastic_inference_accelerator": [],
                    "enclave_options": [],
                    "hibernation_options": [],
                    "iam_instance_profile": [],
                    "instance_market_options": [],
                    "instance_requirements": [],
                    "license_specification": [],
                    "maintenance_options": [],
                    "metadata_options": [
                      {}
                    ],
                    "monitoring": [
                      {}
                    ],
                    "network_interfaces": [],
                    "placement": [],
                    "private_dns_name_options": [],
                    "tag_specifications": [
                      {
                        "tags": {}
                      },
                      {
                        "tags": {}
                      },
                      {
                        "tags": {}
                      }
                    ],
                    "tags_all": {},
                    "vpc_security_group_ids": []
                  }
                }
              ],
              "address": "module.eks.module.eks_managed_node_group[\"mg_5\"]"
            },
            {
              "resources": [
                {
                  "address": "module.eks.module.kms.aws_kms_alias.this[\"cluster\"]",
                  "mode": "managed",
                  "type": "aws_kms_alias",
                  "name": "this",
                  "index": "cluster",
                  "provider_name": "registry.terraform.io/hashicorp/aws",
                  "schema_version": 0,
                  "values": {
                    "name": "alias/eks/eks-lz-demo"
                  },
                  "sensitive_values": {}
                },
                {
                  "address": "module.eks.module.kms.aws_kms_key.this[0]",
                  "mode": "managed",
                  "type": "aws_kms_key",
                  "name": "this",
                  "index": 0,
                  "provider_name": "registry.terraform.io/hashicorp/aws",
                  "schema_version": 0,
                  "values": {
                    "bypass_policy_lockout_safety_check": false,
                    "custom_key_store_id": null,
                    "customer_master_key_spec": "SYMMETRIC_DEFAULT",
                    "deletion_window_in_days": null,
                    "description": "eks-lz-demo cluster encryption key",
                    "enable_key_rotation": true,
                    "is_enabled": true,
                    "key_usage": "ENCRYPT_DECRYPT",
                    "multi_region": false,
                    "tags": null,
                    "timeouts": null,
                    "xks_key_id": null
                  },
                  "sensitive_values": {
                    "tags_all": {}
                  }
                },
                {
                  "address": "module.eks.module.kms.data.aws_iam_policy_document.this[0]",
                  "mode": "data",
                  "type": "aws_iam_policy_document",
                  "name": "this",
                  "index": 0,
                  "provider_name": "registry.terraform.io/hashicorp/aws",
                  "schema_version": 0,
                  "values": {
                    "override_policy_documents": [],
                    "policy_id": null,
                    "source_policy_documents": [],
                    "statement": [
                      {
                        "actions": [
                          "kms:CancelKeyDeletion",
                          "kms:Create*",
                          "kms:Delete*",
                          "kms:Describe*",
                          "kms:Disable*",
                          "kms:Enable*",
                          "kms:Get*",
                          "kms:ImportKeyMaterial",
                          "kms:List*",
                          "kms:Put*",
                          "kms:ReplicateKey",
                          "kms:Revoke*",
                          "kms:ScheduleKeyDeletion",
                          "kms:TagResource",
                          "kms:UntagResource",
                          "kms:Update*"
                        ],
                        "condition": [],
                        "effect": null,
                        "not_actions": null,
                        "not_principals": [],
                        "not_resources": null,
                        "principals": [
                          {
                            "identifiers": [
                              "arn:aws:iam::302452836259:user/haas-dev-console-user"
                            ],
                            "type": "AWS"
                          }
                        ],
                        "resources": [
                          "*"
                        ],
                        "sid": "KeyAdministration"
                      },
                      {
                        "actions": [
                          "kms:Decrypt",
                          "kms:DescribeKey",
                          "kms:Encrypt",
                          "kms:GenerateDataKey*",
                          "kms:ReEncrypt*"
                        ],
                        "condition": [],
                        "effect": null,
                        "not_actions": null,
                        "not_principals": [],
                        "not_resources": null,
                        "principals": [
                          {
                            "identifiers": [
                              null
                            ],
                            "type": "AWS"
                          }
                        ],
                        "resources": [
                          "*"
                        ],
                        "sid": "KeyUsage"
                      }
                    ],
                    "version": null
                  },
                  "sensitive_values": {
                    "override_policy_documents": [],
                    "source_policy_documents": [],
                    "statement": [
                      {
                        "actions": [
                          false,
                          false,
                          false,
                          false,
                          false,
                          false,
                          false,
                          false,
                          false,
                          false,
                          false,
                          false,
                          false,
                          false,
                          false,
                          false
                        ],
                        "condition": [],
                        "not_principals": [],
                        "principals": [
                          {
                            "identifiers": [
                              false
                            ]
                          }
                        ],
                        "resources": [
                          false
                        ]
                      },
                      {
                        "actions": [
                          false,
                          false,
                          false,
                          false,
                          false
                        ],
                        "condition": [],
                        "not_principals": [],
                        "principals": [
                          {
                            "identifiers": [
                              false
                            ]
                          }
                        ],
                        "resources": [
                          false
                        ]
                      }
                    ]
                  }
                }
              ],
              "address": "module.eks.module.kms"
            }
          ]
        }
      ]
    }
  },
  "resource_changes": [
    {
      "address": "aws_security_group_rule.allow_node_sg_from_cluster_sg",
      "mode": "managed",
      "type": "aws_security_group_rule",
      "name": "allow_node_sg_from_cluster_sg",
      "provider_name": "registry.terraform.io/hashicorp/aws",
      "change": {
        "actions": [
          "create"
        ],
        "before": null,
        "after": {
          "cidr_blocks": null,
          "description": "Cluster API/Managed Nodegroup to Self-Managed Nodegroup all traffic",
          "from_port": 0,
          "ipv6_cidr_blocks": null,
          "prefix_list_ids": null,
          "protocol": "-1",
          "self": false,
          "timeouts": null,
          "to_port": 0,
          "type": "ingress"
        },
        "after_unknown": {
          "id": true,
          "security_group_id": true,
          "security_group_rule_id": true,
          "source_security_group_id": true
        },
        "before_sensitive": false,
        "after_sensitive": {}
      }
    },
    {
      "address": "aws_security_group_rule.allow_node_sg_to_cluster_sg",
      "mode": "managed",
      "type": "aws_security_group_rule",
      "name": "allow_node_sg_to_cluster_sg",
      "provider_name": "registry.terraform.io/hashicorp/aws",
      "change": {
        "actions": [
          "create"
        ],
        "before": null,
        "after": {
          "cidr_blocks": null,
          "description": "Self-managed Nodegroup to Cluster API/Managed Nodegroup all traffic",
          "from_port": 0,
          "ipv6_cidr_blocks": null,
          "prefix_list_ids": null,
          "protocol": "-1",
          "self": false,
          "timeouts": null,
          "to_port": 0,
          "type": "ingress"
        },
        "after_unknown": {
          "id": true,
          "security_group_id": true,
          "security_group_rule_id": true,
          "source_security_group_id": true
        },
        "before_sensitive": false,
        "after_sensitive": {}
      }
    },
    {
      "address": "null_resource.kubeconfig",
      "mode": "managed",
      "type": "null_resource",
      "name": "kubeconfig",
      "provider_name": "registry.terraform.io/hashicorp/null",
      "change": {
        "actions": [
          "create"
        ],
        "before": null,
        "after": {
          "triggers": null
        },
        "after_unknown": {
          "id": true
        },
        "before_sensitive": false,
        "after_sensitive": {}
      }
    },
    {
      "address": "module.eks.data.aws_eks_addon_version.this[\"coredns\"]",
      "module_address": "module.eks",
      "mode": "data",
      "type": "aws_eks_addon_version",
      "name": "this",
      "index": "coredns",
      "provider_name": "registry.terraform.io/hashicorp/aws",
      "change": {
        "actions": [
          "read"
        ],
        "before": null,
        "after": {
          "addon_name": "coredns",
          "kubernetes_version": "1.27",
          "most_recent": true
        },
        "after_unknown": {
          "id": true,
          "version": true
        },
        "before_sensitive": false,
        "after_sensitive": {}
      },
      "action_reason": "read_because_dependency_pending"
    },
    {
      "address": "module.eks.data.aws_eks_addon_version.this[\"kube-proxy\"]",
      "module_address": "module.eks",
      "mode": "data",
      "type": "aws_eks_addon_version",
      "name": "this",
      "index": "kube-proxy",
      "provider_name": "registry.terraform.io/hashicorp/aws",
      "change": {
        "actions": [
          "read"
        ],
        "before": null,
        "after": {
          "addon_name": "kube-proxy",
          "kubernetes_version": "1.27",
          "most_recent": true
        },
        "after_unknown": {
          "id": true,
          "version": true
        },
        "before_sensitive": false,
        "after_sensitive": {}
      },
      "action_reason": "read_because_dependency_pending"
    },
    {
      "address": "module.eks.data.aws_eks_addon_version.this[\"vpc-cni\"]",
      "module_address": "module.eks",
      "mode": "data",
      "type": "aws_eks_addon_version",
      "name": "this",
      "index": "vpc-cni",
      "provider_name": "registry.terraform.io/hashicorp/aws",
      "change": {
        "actions": [
          "read"
        ],
        "before": null,
        "after": {
          "addon_name": "vpc-cni",
          "kubernetes_version": "1.27",
          "most_recent": true
        },
        "after_unknown": {
          "id": true,
          "version": true
        },
        "before_sensitive": false,
        "after_sensitive": {}
      },
      "action_reason": "read_because_dependency_pending"
    },
    {
      "address": "module.eks.data.tls_certificate.this[0]",
      "module_address": "module.eks",
      "mode": "data",
      "type": "tls_certificate",
      "name": "this",
      "index": 0,
      "provider_name": "registry.terraform.io/hashicorp/tls",
      "change": {
        "actions": [
          "read"
        ],
        "before": null,
        "after": {
          "content": null,
          "verify_chain": null
        },
        "after_unknown": {
          "certificates": true,
          "id": true,
          "url": true
        },
        "before_sensitive": false,
        "after_sensitive": {
          "certificates": []
        }
      },
      "action_reason": "read_because_config_unknown"
    },
    {
      "address": "module.eks.aws_cloudwatch_log_group.this[0]",
      "module_address": "module.eks",
      "mode": "managed",
      "type": "aws_cloudwatch_log_group",
      "name": "this",
      "index": 0,
      "provider_name": "registry.terraform.io/hashicorp/aws",
      "change": {
        "actions": [
          "create"
        ],
        "before": null,
        "after": {
          "kms_key_id": null,
          "name": "/aws/eks/eks-lz-demo/cluster",
          "retention_in_days": 90,
          "skip_destroy": false,
          "tags": {
            "Name": "/aws/eks/eks-lz-demo/cluster"
          },
          "tags_all": {
            "Name": "/aws/eks/eks-lz-demo/cluster"
          }
        },
        "after_unknown": {
          "arn": true,
          "id": true,
          "log_group_class": true,
          "name_prefix": true,
          "tags": {},
          "tags_all": {}
        },
        "before_sensitive": false,
        "after_sensitive": {
          "tags": {},
          "tags_all": {}
        }
      }
    },
    {
      "address": "module.eks.aws_eks_addon.this[\"coredns\"]",
      "module_address": "module.eks",
      "mode": "managed",
      "type": "aws_eks_addon",
      "name": "this",
      "index": "coredns",
      "provider_name": "registry.terraform.io/hashicorp/aws",
      "change": {
        "actions": [
          "create"
        ],
        "before": null,
        "after": {
          "addon_name": "coredns",
          "cluster_name": "eks-lz-demo",
          "preserve": null,
          "resolve_conflicts": "OVERWRITE",
          "resolve_conflicts_on_create": null,
          "resolve_conflicts_on_update": null,
          "service_account_role_arn": null,
          "tags": null,
          "timeouts": {
            "create": null,
            "delete": null,
            "update": null
          }
        },
        "after_unknown": {
          "addon_version": true,
          "arn": true,
          "configuration_values": true,
          "created_at": true,
          "id": true,
          "modified_at": true,
          "tags_all": true,
          "timeouts": {}
        },
        "before_sensitive": false,
        "after_sensitive": {
          "tags_all": {},
          "timeouts": {}
        }
      }
    },
    {
      "address": "module.eks.aws_eks_addon.this[\"kube-proxy\"]",
      "module_address": "module.eks",
      "mode": "managed",
      "type": "aws_eks_addon",
      "name": "this",
      "index": "kube-proxy",
      "provider_name": "registry.terraform.io/hashicorp/aws",
      "change": {
        "actions": [
          "create"
        ],
        "before": null,
        "after": {
          "addon_name": "kube-proxy",
          "cluster_name": "eks-lz-demo",
          "preserve": null,
          "resolve_conflicts": "OVERWRITE",
          "resolve_conflicts_on_create": null,
          "resolve_conflicts_on_update": null,
          "service_account_role_arn": null,
          "tags": null,
          "timeouts": {
            "create": null,
            "delete": null,
            "update": null
          }
        },
        "after_unknown": {
          "addon_version": true,
          "arn": true,
          "configuration_values": true,
          "created_at": true,
          "id": true,
          "modified_at": true,
          "tags_all": true,
          "timeouts": {}
        },
        "before_sensitive": false,
        "after_sensitive": {
          "tags_all": {},
          "timeouts": {}
        }
      }
    },
    {
      "address": "module.eks.aws_eks_addon.this[\"vpc-cni\"]",
      "module_address": "module.eks",
      "mode": "managed",
      "type": "aws_eks_addon",
      "name": "this",
      "index": "vpc-cni",
      "provider_name": "registry.terraform.io/hashicorp/aws",
      "change": {
        "actions": [
          "create"
        ],
        "before": null,
        "after": {
          "addon_name": "vpc-cni",
          "cluster_name": "eks-lz-demo",
          "preserve": null,
          "resolve_conflicts": "OVERWRITE",
          "resolve_conflicts_on_create": null,
          "resolve_conflicts_on_update": null,
          "service_account_role_arn": null,
          "tags": null,
          "timeouts": {
            "create": null,
            "delete": null,
            "update": null
          }
        },
        "after_unknown": {
          "addon_version": true,
          "arn": true,
          "configuration_values": true,
          "created_at": true,
          "id": true,
          "modified_at": true,
          "tags_all": true,
          "timeouts": {}
        },
        "before_sensitive": false,
        "after_sensitive": {
          "tags_all": {},
          "timeouts": {}
        }
      }
    },
    {
      "address": "module.eks.aws_eks_cluster.this[0]",
      "module_address": "module.eks",
      "mode": "managed",
      "type": "aws_eks_cluster",
      "name": "this",
      "index": 0,
      "provider_name": "registry.terraform.io/hashicorp/aws",
      "change": {
        "actions": [
          "create"
        ],
        "before": null,
        "after": {
          "enabled_cluster_log_types": [
            "api",
            "audit",
            "authenticator"
          ],
          "encryption_config": [
            {
              "provider": [
                {}
              ],
              "resources": [
                "secrets"
              ]
            }
          ],
          "kubernetes_network_config": [
            {}
          ],
          "name": "eks-lz-demo",
          "outpost_config": [],
          "tags": null,
          "timeouts": {
            "create": null,
            "delete": null,
            "update": null
          },
          "version": "1.27",
          "vpc_config": [
            {
              "endpoint_private_access": true,
              "endpoint_public_access": true,
              "public_access_cidrs": [
                "0.0.0.0/0"
              ],
              "subnet_ids": [
                "subnet-007b9240ebe22f63d",
                "subnet-06cbefddadfa46344",
                "subnet-0e28161738871edf5"
              ]
            }
          ]
        },
        "after_unknown": {
          "access_config": true,
          "arn": true,
          "certificate_authority": true,
          "cluster_id": true,
          "created_at": true,
          "enabled_cluster_log_types": [
            false,
            false,
            false
          ],
          "encryption_config": [
            {
              "provider": [
                {
                  "key_arn": true
                }
              ],
              "resources": [
                false
              ]
            }
          ],
          "endpoint": true,
          "id": true,
          "identity": true,
          "kubernetes_network_config": [
            {
              "ip_family": true,
              "service_ipv4_cidr": true,
              "service_ipv6_cidr": true
            }
          ],
          "outpost_config": [],
          "platform_version": true,
          "role_arn": true,
          "status": true,
          "tags_all": true,
          "timeouts": {},
          "vpc_config": [
            {
              "cluster_security_group_id": true,
              "public_access_cidrs": [
                false
              ],
              "security_group_ids": true,
              "subnet_ids": [
                false,
                false,
                false
              ],
              "vpc_id": true
            }
          ]
        },
        "before_sensitive": false,
        "after_sensitive": {
          "access_config": [],
          "certificate_authority": [],
          "enabled_cluster_log_types": [
            false,
            false,
            false
          ],
          "encryption_config": [
            {
              "provider": [
                {}
              ],
              "resources": [
                false
              ]
            }
          ],
          "identity": [],
          "kubernetes_network_config": [
            {}
          ],
          "outpost_config": [],
          "tags_all": {},
          "timeouts": {},
          "vpc_config": [
            {
              "public_access_cidrs": [
                false
              ],
              "security_group_ids": [],
              "subnet_ids": [
                false,
                false,
                false
              ]
            }
          ]
        }
      }
    },
    {
      "address": "module.eks.aws_iam_openid_connect_provider.oidc_provider[0]",
      "module_address": "module.eks",
      "mode": "managed",
      "type": "aws_iam_openid_connect_provider",
      "name": "oidc_provider",
      "index": 0,
      "provider_name": "registry.terraform.io/hashicorp/aws",
      "change": {
        "actions": [
          "create"
        ],
        "before": null,
        "after": {
          "client_id_list": [
            "sts.amazonaws.com"
          ],
          "tags": {
            "Name": "eks-lz-demo-eks-irsa"
          },
          "tags_all": {
            "Name": "eks-lz-demo-eks-irsa"
          }
        },
        "after_unknown": {
          "arn": true,
          "client_id_list": [
            false
          ],
          "id": true,
          "tags": {},
          "tags_all": {},
          "thumbprint_list": true,
          "url": true
        },
        "before_sensitive": false,
        "after_sensitive": {
          "client_id_list": [
            false
          ],
          "tags": {},
          "tags_all": {},
          "thumbprint_list": []
        }
      }
    },
    {
      "address": "module.eks.aws_iam_policy.cluster_encryption[0]",
      "module_address": "module.eks",
      "mode": "managed",
      "type": "aws_iam_policy",
      "name": "cluster_encryption",
      "index": 0,
      "provider_name": "registry.terraform.io/hashicorp/aws",
      "change": {
        "actions": [
          "create"
        ],
        "before": null,
        "after": {
          "description": "Cluster encryption policy to allow cluster role to utilize CMK provided",
          "name_prefix": "eks-lz-demo-cluster-ClusterEncryption",
          "path": "/",
          "tags": null
        },
        "after_unknown": {
          "arn": true,
          "id": true,
          "name": true,
          "policy": true,
          "policy_id": true,
          "tags_all": true
        },
        "before_sensitive": false,
        "after_sensitive": {
          "tags_all": {}
        }
      }
    },
    {
      "address": "module.eks.aws_iam_role.this[0]",
      "module_address": "module.eks",
      "mode": "managed",
      "type": "aws_iam_role",
      "name": "this",
      "index": 0,
      "provider_name": "registry.terraform.io/hashicorp/aws",
      "change": {
        "actions": [
          "create"
        ],
        "before": null,
        "after": {
          "assume_role_policy": "{\"Statement\":[{\"Action\":\"sts:AssumeRole\",\"Effect\":\"Allow\",\"Principal\":{\"Service\":\"eks.amazonaws.com\"},\"Sid\":\"EKSClusterAssumeRole\"}],\"Version\":\"2012-10-17\"}",
          "description": null,
          "force_detach_policies": true,
          "inline_policy": [
            {
              "name": "eks-lz-demo-cluster",
              "policy": "{\"Version\":\"2012-10-17\",\"Statement\":[{\"Action\":[\"logs:CreateLogGroup\"],\"Effect\":\"Deny\",\"Resource\":\"*\"}]}"
            }
          ],
          "max_session_duration": 3600,
          "name_prefix": "eks-lz-demo-cluster-",
          "path": "/",
          "permissions_boundary": null,
          "tags": null
        },
        "after_unknown": {
          "arn": true,
          "create_date": true,
          "id": true,
          "inline_policy": [
            {}
          ],
          "managed_policy_arns": true,
          "name": true,
          "tags_all": true,
          "unique_id": true
        },
        "before_sensitive": false,
        "after_sensitive": {
          "inline_policy": [
            {}
          ],
          "managed_policy_arns": [],
          "tags_all": {}
        }
      }
    },
    {
      "address": "module.eks.aws_iam_role_policy_attachment.cluster_encryption[0]",
      "module_address": "module.eks",
      "mode": "managed",
      "type": "aws_iam_role_policy_attachment",
      "name": "cluster_encryption",
      "index": 0,
      "provider_name": "registry.terraform.io/hashicorp/aws",
      "change": {
        "actions": [
          "create"
        ],
        "before": null,
        "after": {},
        "after_unknown": {
          "id": true,
          "policy_arn": true,
          "role": true
        },
        "before_sensitive": false,
        "after_sensitive": {}
      }
    },
    {
      "address": "module.eks.aws_iam_role_policy_attachment.this[\"AmazonEKSClusterPolicy\"]",
      "module_address": "module.eks",
      "mode": "managed",
      "type": "aws_iam_role_policy_attachment",
      "name": "this",
      "index": "AmazonEKSClusterPolicy",
      "provider_name": "registry.terraform.io/hashicorp/aws",
      "change": {
        "actions": [
          "create"
        ],
        "before": null,
        "after": {
          "policy_arn": "arn:aws:iam::aws:policy/AmazonEKSClusterPolicy"
        },
        "after_unknown": {
          "id": true,
          "role": true
        },
        "before_sensitive": false,
        "after_sensitive": {}
      }
    },
    {
      "address": "module.eks.aws_iam_role_policy_attachment.this[\"AmazonEKSVPCResourceController\"]",
      "module_address": "module.eks",
      "mode": "managed",
      "type": "aws_iam_role_policy_attachment",
      "name": "this",
      "index": "AmazonEKSVPCResourceController",
      "provider_name": "registry.terraform.io/hashicorp/aws",
      "change": {
        "actions": [
          "create"
        ],
        "before": null,
        "after": {
          "policy_arn": "arn:aws:iam::aws:policy/AmazonEKSVPCResourceController"
        },
        "after_unknown": {
          "id": true,
          "role": true
        },
        "before_sensitive": false,
        "after_sensitive": {}
      }
    },
    {
      "address": "module.eks.aws_security_group.cluster[0]",
      "module_address": "module.eks",
      "mode": "managed",
      "type": "aws_security_group",
      "name": "cluster",
      "index": 0,
      "provider_name": "registry.terraform.io/hashicorp/aws",
      "change": {
        "actions": [
          "create"
        ],
        "before": null,
        "after": {
          "description": "EKS cluster security group",
          "name_prefix": "eks-lz-demo-cluster-",
          "revoke_rules_on_delete": false,
          "tags": {
            "Name": "eks-lz-demo-cluster"
          },
          "tags_all": {
            "Name": "eks-lz-demo-cluster"
          },
          "timeouts": null,
          "vpc_id": "vpc-02893a26b23c58eda"
        },
        "after_unknown": {
          "arn": true,
          "egress": true,
          "id": true,
          "ingress": true,
          "name": true,
          "owner_id": true,
          "tags": {},
          "tags_all": {}
        },
        "before_sensitive": false,
        "after_sensitive": {
          "egress": [],
          "ingress": [],
          "tags": {},
          "tags_all": {}
        }
      }
    },
    {
      "address": "module.eks.aws_security_group.node[0]",
      "module_address": "module.eks",
      "mode": "managed",
      "type": "aws_security_group",
      "name": "node",
      "index": 0,
      "provider_name": "registry.terraform.io/hashicorp/aws",
      "change": {
        "actions": [
          "create"
        ],
        "before": null,
        "after": {
          "description": "EKS node shared security group",
          "name_prefix": "eks-lz-demo-node-",
          "revoke_rules_on_delete": false,
          "tags": {
            "Name": "eks-lz-demo-node",
            "kubernetes.io/cluster/eks-lz-demo": "owned"
          },
          "tags_all": {
            "Name": "eks-lz-demo-node",
            "kubernetes.io/cluster/eks-lz-demo": "owned"
          },
          "timeouts": null,
          "vpc_id": "vpc-02893a26b23c58eda"
        },
        "after_unknown": {
          "arn": true,
          "egress": true,
          "id": true,
          "ingress": true,
          "name": true,
          "owner_id": true,
          "tags": {},
          "tags_all": {}
        },
        "before_sensitive": false,
        "after_sensitive": {
          "egress": [],
          "ingress": [],
          "tags": {},
          "tags_all": {}
        }
      }
    },
    {
      "address": "module.eks.aws_security_group_rule.cluster[\"ingress_nodes_443\"]",
      "module_address": "module.eks",
      "mode": "managed",
      "type": "aws_security_group_rule",
      "name": "cluster",
      "index": "ingress_nodes_443",
      "provider_name": "registry.terraform.io/hashicorp/aws",
      "change": {
        "actions": [
          "create"
        ],
        "before": null,
        "after": {
          "cidr_blocks": null,
          "description": "Node groups to cluster API",
          "from_port": 443,
          "ipv6_cidr_blocks": null,
          "prefix_list_ids": null,
          "protocol": "tcp",
          "self": false,
          "timeouts": null,
          "to_port": 443,
          "type": "ingress"
        },
        "after_unknown": {
          "id": true,
          "security_group_id": true,
          "security_group_rule_id": true,
          "source_security_group_id": true
        },
        "before_sensitive": false,
        "after_sensitive": {}
      }
    },
    {
      "address": "module.eks.aws_security_group_rule.node[\"egress_all\"]",
      "module_address": "module.eks",
      "mode": "managed",
      "type": "aws_security_group_rule",
      "name": "node",
      "index": "egress_all",
      "provider_name": "registry.terraform.io/hashicorp/aws",
      "change": {
        "actions": [
          "create"
        ],
        "before": null,
        "after": {
          "cidr_blocks": [
            "0.0.0.0/0"
          ],
          "description": "Allow all egress",
          "from_port": 0,
          "ipv6_cidr_blocks": null,
          "prefix_list_ids": [],
          "protocol": "-1",
          "self": false,
          "timeouts": null,
          "to_port": 0,
          "type": "egress"
        },
        "after_unknown": {
          "cidr_blocks": [
            false
          ],
          "id": true,
          "prefix_list_ids": [],
          "security_group_id": true,
          "security_group_rule_id": true,
          "source_security_group_id": true
        },
        "before_sensitive": false,
        "after_sensitive": {
          "cidr_blocks": [
            false
          ],
          "prefix_list_ids": []
        }
      }
    },
    {
      "address": "module.eks.aws_security_group_rule.node[\"ingress_cluster_443\"]",
      "module_address": "module.eks",
      "mode": "managed",
      "type": "aws_security_group_rule",
      "name": "node",
      "index": "ingress_cluster_443",
      "provider_name": "registry.terraform.io/hashicorp/aws",
      "change": {
        "actions": [
          "create"
        ],
        "before": null,
        "after": {
          "cidr_blocks": null,
          "description": "Cluster API to node groups",
          "from_port": 443,
          "ipv6_cidr_blocks": null,
          "prefix_list_ids": [],
          "protocol": "tcp",
          "self": false,
          "timeouts": null,
          "to_port": 443,
          "type": "ingress"
        },
        "after_unknown": {
          "id": true,
          "prefix_list_ids": [],
          "security_group_id": true,
          "security_group_rule_id": true,
          "source_security_group_id": true
        },
        "before_sensitive": false,
        "after_sensitive": {
          "prefix_list_ids": []
        }
      }
    },
    {
      "address": "module.eks.aws_security_group_rule.node[\"ingress_cluster_4443_webhook\"]",
      "module_address": "module.eks",
      "mode": "managed",
      "type": "aws_security_group_rule",
      "name": "node",
      "index": "ingress_cluster_4443_webhook",
      "provider_name": "registry.terraform.io/hashicorp/aws",
      "change": {
        "actions": [
          "create"
        ],
        "before": null,
        "after": {
          "cidr_blocks": null,
          "description": "Cluster API to node 4443/tcp webhook",
          "from_port": 4443,
          "ipv6_cidr_blocks": null,
          "prefix_list_ids": [],
          "protocol": "tcp",
          "self": false,
          "timeouts": null,
          "to_port": 4443,
          "type": "ingress"
        },
        "after_unknown": {
          "id": true,
          "prefix_list_ids": [],
          "security_group_id": true,
          "security_group_rule_id": true,
          "source_security_group_id": true
        },
        "before_sensitive": false,
        "after_sensitive": {
          "prefix_list_ids": []
        }
      }
    },
    {
      "address": "module.eks.aws_security_group_rule.node[\"ingress_cluster_6443_webhook\"]",
      "module_address": "module.eks",
      "mode": "managed",
      "type": "aws_security_group_rule",
      "name": "node",
      "index": "ingress_cluster_6443_webhook",
      "provider_name": "registry.terraform.io/hashicorp/aws",
      "change": {
        "actions": [
          "create"
        ],
        "before": null,
        "after": {
          "cidr_blocks": null,
          "description": "Cluster API to node 6443/tcp webhook",
          "from_port": 6443,
          "ipv6_cidr_blocks": null,
          "prefix_list_ids": [],
          "protocol": "tcp",
          "self": false,
          "timeouts": null,
          "to_port": 6443,
          "type": "ingress"
        },
        "after_unknown": {
          "id": true,
          "prefix_list_ids": [],
          "security_group_id": true,
          "security_group_rule_id": true,
          "source_security_group_id": true
        },
        "before_sensitive": false,
        "after_sensitive": {
          "prefix_list_ids": []
        }
      }
    },
    {
      "address": "module.eks.aws_security_group_rule.node[\"ingress_cluster_8443_webhook\"]",
      "module_address": "module.eks",
      "mode": "managed",
      "type": "aws_security_group_rule",
      "name": "node",
      "index": "ingress_cluster_8443_webhook",
      "provider_name": "registry.terraform.io/hashicorp/aws",
      "change": {
        "actions": [
          "create"
        ],
        "before": null,
        "after": {
          "cidr_blocks": null,
          "description": "Cluster API to node 8443/tcp webhook",
          "from_port": 8443,
          "ipv6_cidr_blocks": null,
          "prefix_list_ids": [],
          "protocol": "tcp",
          "self": false,
          "timeouts": null,
          "to_port": 8443,
          "type": "ingress"
        },
        "after_unknown": {
          "id": true,
          "prefix_list_ids": [],
          "security_group_id": true,
          "security_group_rule_id": true,
          "source_security_group_id": true
        },
        "before_sensitive": false,
        "after_sensitive": {
          "prefix_list_ids": []
        }
      }
    },
    {
      "address": "module.eks.aws_security_group_rule.node[\"ingress_cluster_9443_webhook\"]",
      "module_address": "module.eks",
      "mode": "managed",
      "type": "aws_security_group_rule",
      "name": "node",
      "index": "ingress_cluster_9443_webhook",
      "provider_name": "registry.terraform.io/hashicorp/aws",
      "change": {
        "actions": [
          "create"
        ],
        "before": null,
        "after": {
          "cidr_blocks": null,
          "description": "Cluster API to node 9443/tcp webhook",
          "from_port": 9443,
          "ipv6_cidr_blocks": null,
          "prefix_list_ids": [],
          "protocol": "tcp",
          "self": false,
          "timeouts": null,
          "to_port": 9443,
          "type": "ingress"
        },
        "after_unknown": {
          "id": true,
          "prefix_list_ids": [],
          "security_group_id": true,
          "security_group_rule_id": true,
          "source_security_group_id": true
        },
        "before_sensitive": false,
        "after_sensitive": {
          "prefix_list_ids": []
        }
      }
    },
    {
      "address": "module.eks.aws_security_group_rule.node[\"ingress_cluster_kubelet\"]",
      "module_address": "module.eks",
      "mode": "managed",
      "type": "aws_security_group_rule",
      "name": "node",
      "index": "ingress_cluster_kubelet",
      "provider_name": "registry.terraform.io/hashicorp/aws",
      "change": {
        "actions": [
          "create"
        ],
        "before": null,
        "after": {
          "cidr_blocks": null,
          "description": "Cluster API to node kubelets",
          "from_port": 10250,
          "ipv6_cidr_blocks": null,
          "prefix_list_ids": [],
          "protocol": "tcp",
          "self": false,
          "timeouts": null,
          "to_port": 10250,
          "type": "ingress"
        },
        "after_unknown": {
          "id": true,
          "prefix_list_ids": [],
          "security_group_id": true,
          "security_group_rule_id": true,
          "source_security_group_id": true
        },
        "before_sensitive": false,
        "after_sensitive": {
          "prefix_list_ids": []
        }
      }
    },
    {
      "address": "module.eks.aws_security_group_rule.node[\"ingress_nodes_ephemeral\"]",
      "module_address": "module.eks",
      "mode": "managed",
      "type": "aws_security_group_rule",
      "name": "node",
      "index": "ingress_nodes_ephemeral",
      "provider_name": "registry.terraform.io/hashicorp/aws",
      "change": {
        "actions": [
          "create"
        ],
        "before": null,
        "after": {
          "cidr_blocks": null,
          "description": "Node to node ingress on ephemeral ports",
          "from_port": 1025,
          "ipv6_cidr_blocks": null,
          "prefix_list_ids": [],
          "protocol": "tcp",
          "self": true,
          "timeouts": null,
          "to_port": 65535,
          "type": "ingress"
        },
        "after_unknown": {
          "id": true,
          "prefix_list_ids": [],
          "security_group_id": true,
          "security_group_rule_id": true,
          "source_security_group_id": true
        },
        "before_sensitive": false,
        "after_sensitive": {
          "prefix_list_ids": []
        }
      }
    },
    {
      "address": "module.eks.aws_security_group_rule.node[\"ingress_self_coredns_tcp\"]",
      "module_address": "module.eks",
      "mode": "managed",
      "type": "aws_security_group_rule",
      "name": "node",
      "index": "ingress_self_coredns_tcp",
      "provider_name": "registry.terraform.io/hashicorp/aws",
      "change": {
        "actions": [
          "create"
        ],
        "before": null,
        "after": {
          "cidr_blocks": null,
          "description": "Node to node CoreDNS",
          "from_port": 53,
          "ipv6_cidr_blocks": null,
          "prefix_list_ids": [],
          "protocol": "tcp",
          "self": true,
          "timeouts": null,
          "to_port": 53,
          "type": "ingress"
        },
        "after_unknown": {
          "id": true,
          "prefix_list_ids": [],
          "security_group_id": true,
          "security_group_rule_id": true,
          "source_security_group_id": true
        },
        "before_sensitive": false,
        "after_sensitive": {
          "prefix_list_ids": []
        }
      }
    },
    {
      "address": "module.eks.aws_security_group_rule.node[\"ingress_self_coredns_udp\"]",
      "module_address": "module.eks",
      "mode": "managed",
      "type": "aws_security_group_rule",
      "name": "node",
      "index": "ingress_self_coredns_udp",
      "provider_name": "registry.terraform.io/hashicorp/aws",
      "change": {
        "actions": [
          "create"
        ],
        "before": null,
        "after": {
          "cidr_blocks": null,
          "description": "Node to node CoreDNS UDP",
          "from_port": 53,
          "ipv6_cidr_blocks": null,
          "prefix_list_ids": [],
          "protocol": "udp",
          "self": true,
          "timeouts": null,
          "to_port": 53,
          "type": "ingress"
        },
        "after_unknown": {
          "id": true,
          "prefix_list_ids": [],
          "security_group_id": true,
          "security_group_rule_id": true,
          "source_security_group_id": true
        },
        "before_sensitive": false,
        "after_sensitive": {
          "prefix_list_ids": []
        }
      }
    },
    {
      "address": "module.eks.kubernetes_config_map.aws_auth[0]",
      "module_address": "module.eks",
      "mode": "managed",
      "type": "kubernetes_config_map",
      "name": "aws_auth",
      "index": 0,
      "provider_name": "registry.terraform.io/hashicorp/kubernetes",
      "change": {
        "actions": [
          "create"
        ],
        "before": null,
        "after": {
          "binary_data": null,
          "immutable": null,
          "metadata": [
            {
              "annotations": null,
              "generate_name": null,
              "labels": null,
              "name": "aws-auth",
              "namespace": "kube-system"
            }
          ]
        },
        "after_unknown": {
          "data": true,
          "id": true,
          "metadata": [
            {
              "generation": true,
              "resource_version": true,
              "uid": true
            }
          ]
        },
        "before_sensitive": false,
        "after_sensitive": {
          "data": {},
          "metadata": [
            {}
          ]
        }
      }
    },
    {
      "address": "module.eks.kubernetes_config_map_v1_data.aws_auth[0]",
      "module_address": "module.eks",
      "mode": "managed",
      "type": "kubernetes_config_map_v1_data",
      "name": "aws_auth",
      "index": 0,
      "provider_name": "registry.terraform.io/hashicorp/kubernetes",
      "change": {
        "actions": [
          "create"
        ],
        "before": null,
        "after": {
          "field_manager": "Terraform",
          "force": true,
          "metadata": [
            {
              "name": "aws-auth",
              "namespace": "kube-system"
            }
          ]
        },
        "after_unknown": {
          "data": true,
          "id": true,
          "metadata": [
            {}
          ]
        },
        "before_sensitive": false,
        "after_sensitive": {
          "data": {},
          "metadata": [
            {}
          ]
        }
      }
    },
    {
      "address": "module.eks.time_sleep.this[0]",
      "module_address": "module.eks",
      "mode": "managed",
      "type": "time_sleep",
      "name": "this",
      "index": 0,
      "provider_name": "registry.terraform.io/hashicorp/time",
      "change": {
        "actions": [
          "create"
        ],
        "before": null,
        "after": {
          "create_duration": "30s",
          "destroy_duration": null,
          "triggers": {
            "cluster_name": "eks-lz-demo",
            "cluster_version": "1.27"
          }
        },
        "after_unknown": {
          "id": true,
          "triggers": {
            "cluster_certificate_authority_data": true,
            "cluster_endpoint": true
          }
        },
        "before_sensitive": false,
        "after_sensitive": {
          "triggers": {}
        }
      }
    },
    {
      "address": "module.eks.module.eks_managed_node_group[\"mg_5\"].aws_eks_node_group.this[0]",
      "module_address": "module.eks.module.eks_managed_node_group[\"mg_5\"]",
      "mode": "managed",
      "type": "aws_eks_node_group",
      "name": "this",
      "index": 0,
      "provider_name": "registry.terraform.io/hashicorp/aws",
      "change": {
        "actions": [
          "create"
        ],
        "before": null,
        "after": {
          "cluster_name": "eks-lz-demo",
          "force_update_version": null,
          "instance_types": [
            "m5.large"
          ],
          "labels": null,
          "launch_template": [
            {}
          ],
          "node_group_name_prefix": "mg_5-",
          "remote_access": [],
          "scaling_config": [
            {
              "desired_size": 1,
              "max_size": 3,
              "min_size": 1
            }
          ],
          "subnet_ids": [
            "subnet-007b9240ebe22f63d",
            "subnet-06cbefddadfa46344",
            "subnet-0e28161738871edf5"
          ],
          "tags": {
            "Name": "mg_5"
          },
          "tags_all": {
            "Name": "mg_5"
          },
          "taint": [],
          "timeouts": {
            "create": null,
            "delete": null,
            "update": null
          },
          "update_config": [
            {
              "max_unavailable": null,
              "max_unavailable_percentage": 33
            }
          ],
          "version": "1.27"
        },
        "after_unknown": {
          "ami_type": true,
          "arn": true,
          "capacity_type": true,
          "disk_size": true,
          "id": true,
          "instance_types": [
            false
          ],
          "launch_template": [
            {
              "id": true,
              "name": true,
              "version": true
            }
          ],
          "node_group_name": true,
          "node_role_arn": true,
          "release_version": true,
          "remote_access": [],
          "resources": true,
          "scaling_config": [
            {}
          ],
          "status": true,
          "subnet_ids": [
            false,
            false,
            false
          ],
          "tags": {},
          "tags_all": {},
          "taint": [],
          "timeouts": {},
          "update_config": [
            {}
          ]
        },
        "before_sensitive": false,
        "after_sensitive": {
          "instance_types": [
            false
          ],
          "launch_template": [
            {}
          ],
          "remote_access": [],
          "resources": [],
          "scaling_config": [
            {}
          ],
          "subnet_ids": [
            false,
            false,
            false
          ],
          "tags": {},
          "tags_all": {},
          "taint": [],
          "timeouts": {},
          "update_config": [
            {}
          ]
        }
      }
    },
    {
      "address": "module.eks.module.eks_managed_node_group[\"mg_5\"].aws_iam_role.this[0]",
      "module_address": "module.eks.module.eks_managed_node_group[\"mg_5\"]",
      "mode": "managed",
      "type": "aws_iam_role",
      "name": "this",
      "index": 0,
      "provider_name": "registry.terraform.io/hashicorp/aws",
      "change": {
        "actions": [
          "create"
        ],
        "before": null,
        "after": {
          "assume_role_policy": "{\"Statement\":[{\"Action\":\"sts:AssumeRole\",\"Effect\":\"Allow\",\"Principal\":{\"Service\":\"ec2.amazonaws.com\"},\"Sid\":\"EKSNodeAssumeRole\"}],\"Version\":\"2012-10-17\"}",
          "description": "EKS managed node group IAM role",
          "force_detach_policies": true,
          "max_session_duration": 3600,
          "name_prefix": "mg_5-eks-node-group-",
          "path": "/",
          "permissions_boundary": null,
          "tags": null
        },
        "after_unknown": {
          "arn": true,
          "create_date": true,
          "id": true,
          "inline_policy": true,
          "managed_policy_arns": true,
          "name": true,
          "tags_all": true,
          "unique_id": true
        },
        "before_sensitive": false,
        "after_sensitive": {
          "inline_policy": [],
          "managed_policy_arns": [],
          "tags_all": {}
        }
      }
    },
    {
      "address": "module.eks.module.eks_managed_node_group[\"mg_5\"].aws_iam_role_policy_attachment.this[\"arn:aws:iam::aws:policy/AmazonEC2ContainerRegistryReadOnly\"]",
      "module_address": "module.eks.module.eks_managed_node_group[\"mg_5\"]",
      "mode": "managed",
      "type": "aws_iam_role_policy_attachment",
      "name": "this",
      "index": "arn:aws:iam::aws:policy/AmazonEC2ContainerRegistryReadOnly",
      "provider_name": "registry.terraform.io/hashicorp/aws",
      "change": {
        "actions": [
          "create"
        ],
        "before": null,
        "after": {
          "policy_arn": "arn:aws:iam::aws:policy/AmazonEC2ContainerRegistryReadOnly"
        },
        "after_unknown": {
          "id": true,
          "role": true
        },
        "before_sensitive": false,
        "after_sensitive": {}
      }
    },
    {
      "address": "module.eks.module.eks_managed_node_group[\"mg_5\"].aws_iam_role_policy_attachment.this[\"arn:aws:iam::aws:policy/AmazonEKSWorkerNodePolicy\"]",
      "module_address": "module.eks.module.eks_managed_node_group[\"mg_5\"]",
      "mode": "managed",
      "type": "aws_iam_role_policy_attachment",
      "name": "this",
      "index": "arn:aws:iam::aws:policy/AmazonEKSWorkerNodePolicy",
      "provider_name": "registry.terraform.io/hashicorp/aws",
      "change": {
        "actions": [
          "create"
        ],
        "before": null,
        "after": {
          "policy_arn": "arn:aws:iam::aws:policy/AmazonEKSWorkerNodePolicy"
        },
        "after_unknown": {
          "id": true,
          "role": true
        },
        "before_sensitive": false,
        "after_sensitive": {}
      }
    },
    {
      "address": "module.eks.module.eks_managed_node_group[\"mg_5\"].aws_iam_role_policy_attachment.this[\"arn:aws:iam::aws:policy/AmazonEKS_CNI_Policy\"]",
      "module_address": "module.eks.module.eks_managed_node_group[\"mg_5\"]",
      "mode": "managed",
      "type": "aws_iam_role_policy_attachment",
      "name": "this",
      "index": "arn:aws:iam::aws:policy/AmazonEKS_CNI_Policy",
      "provider_name": "registry.terraform.io/hashicorp/aws",
      "change": {
        "actions": [
          "create"
        ],
        "before": null,
        "after": {
          "policy_arn": "arn:aws:iam::aws:policy/AmazonEKS_CNI_Policy"
        },
        "after_unknown": {
          "id": true,
          "role": true
        },
        "before_sensitive": false,
        "after_sensitive": {}
      }
    },
    {
      "address": "module.eks.module.eks_managed_node_group[\"mg_5\"].aws_launch_template.this[0]",
      "module_address": "module.eks.module.eks_managed_node_group[\"mg_5\"]",
      "mode": "managed",
      "type": "aws_launch_template",
      "name": "this",
      "index": 0,
      "provider_name": "registry.terraform.io/hashicorp/aws",
      "change": {
        "actions": [
          "create"
        ],
        "before": null,
        "after": {
          "block_device_mappings": [],
          "capacity_reservation_specification": [],
          "cpu_options": [],
          "credit_specification": [],
          "description": "Custom launch template for mg_5 EKS managed node group",
          "disable_api_stop": null,
          "disable_api_termination": null,
          "ebs_optimized": null,
          "elastic_gpu_specifications": [],
          "elastic_inference_accelerator": [],
          "enclave_options": [],
          "hibernation_options": [],
          "iam_instance_profile": [],
          "image_id": "",
          "instance_initiated_shutdown_behavior": null,
          "instance_market_options": [],
          "instance_requirements": [],
          "instance_type": null,
          "kernel_id": null,
          "key_name": null,
          "license_specification": [],
          "maintenance_options": [],
          "metadata_options": [
            {
              "http_endpoint": "enabled",
              "http_put_response_hop_limit": 2,
              "http_tokens": "required"
            }
          ],
          "monitoring": [
            {
              "enabled": true
            }
          ],
          "name_prefix": "mg_5-",
          "network_interfaces": [],
          "placement": [],
          "private_dns_name_options": [],
          "ram_disk_id": null,
          "security_group_names": null,
          "tag_specifications": [
            {
              "resource_type": "instance",
              "tags": {
                "Name": "mg_5"
              }
            },
            {
              "resource_type": "network-interface",
              "tags": {
                "Name": "mg_5"
              }
            },
            {
              "resource_type": "volume",
              "tags": {
                "Name": "mg_5"
              }
            }
          ],
          "tags": null,
          "update_default_version": true,
          "user_data": ""
        },
        "after_unknown": {
          "arn": true,
          "block_device_mappings": [],
          "capacity_reservation_specification": [],
          "cpu_options": [],
          "credit_specification": [],
          "default_version": true,
          "elastic_gpu_specifications": [],
          "elastic_inference_accelerator": [],
          "enclave_options": [],
          "hibernation_options": [],
          "iam_instance_profile": [],
          "id": true,
          "instance_market_options": [],
          "instance_requirements": [],
          "latest_version": true,
          "license_specification": [],
          "maintenance_options": [],
          "metadata_options": [
            {
              "http_protocol_ipv6": true,
              "instance_metadata_tags": true
            }
          ],
          "monitoring": [
            {}
          ],
          "name": true,
          "network_interfaces": [],
          "placement": [],
          "private_dns_name_options": [],
          "tag_specifications": [
            {
              "tags": {}
            },
            {
              "tags": {}
            },
            {
              "tags": {}
            }
          ],
          "tags_all": true,
          "vpc_security_group_ids": true
        },
        "before_sensitive": false,
        "after_sensitive": {
          "block_device_mappings": [],
          "capacity_reservation_specification": [],
          "cpu_options": [],
          "credit_specification": [],
          "elastic_gpu_specifications": [],
          "elastic_inference_accelerator": [],
          "enclave_options": [],
          "hibernation_options": [],
          "iam_instance_profile": [],
          "instance_market_options": [],
          "instance_requirements": [],
          "license_specification": [],
          "maintenance_options": [],
          "metadata_options": [
            {}
          ],
          "monitoring": [
            {}
          ],
          "network_interfaces": [],
          "placement": [],
          "private_dns_name_options": [],
          "tag_specifications": [
            {
              "tags": {}
            },
            {
              "tags": {}
            },
            {
              "tags": {}
            }
          ],
          "tags_all": {},
          "vpc_security_group_ids": []
        }
      }
    },
    {
      "address": "module.eks.module.kms.data.aws_iam_policy_document.this[0]",
      "module_address": "module.eks.module.kms",
      "mode": "data",
      "type": "aws_iam_policy_document",
      "name": "this",
      "index": 0,
      "provider_name": "registry.terraform.io/hashicorp/aws",
      "change": {
        "actions": [
          "read"
        ],
        "before": null,
        "after": {
          "override_policy_documents": [],
          "policy_id": null,
          "source_policy_documents": [],
          "statement": [
            {
              "actions": [
                "kms:CancelKeyDeletion",
                "kms:Create*",
                "kms:Delete*",
                "kms:Describe*",
                "kms:Disable*",
                "kms:Enable*",
                "kms:Get*",
                "kms:ImportKeyMaterial",
                "kms:List*",
                "kms:Put*",
                "kms:ReplicateKey",
                "kms:Revoke*",
                "kms:ScheduleKeyDeletion",
                "kms:TagResource",
                "kms:UntagResource",
                "kms:Update*"
              ],
              "condition": [],
              "effect": null,
              "not_actions": null,
              "not_principals": [],
              "not_resources": null,
              "principals": [
                {
                  "identifiers": [
                    "arn:aws:iam::302452836259:user/haas-dev-console-user"
                  ],
                  "type": "AWS"
                }
              ],
              "resources": [
                "*"
              ],
              "sid": "KeyAdministration"
            },
            {
              "actions": [
                "kms:Decrypt",
                "kms:DescribeKey",
                "kms:Encrypt",
                "kms:GenerateDataKey*",
                "kms:ReEncrypt*"
              ],
              "condition": [],
              "effect": null,
              "not_actions": null,
              "not_principals": [],
              "not_resources": null,
              "principals": [
                {
                  "identifiers": [
                    null
                  ],
                  "type": "AWS"
                }
              ],
              "resources": [
                "*"
              ],
              "sid": "KeyUsage"
            }
          ],
          "version": null
        },
        "after_unknown": {
          "id": true,
          "json": true,
          "override_policy_documents": [],
          "source_policy_documents": [],
          "statement": [
            {
              "actions": [
                false,
                false,
                false,
                false,
                false,
                false,
                false,
                false,
                false,
                false,
                false,
                false,
                false,
                false,
                false,
                false
              ],
              "condition": [],
              "not_principals": [],
              "principals": [
                {
                  "identifiers": [
                    false
                  ]
                }
              ],
              "resources": [
                false
              ]
            },
            {
              "actions": [
                false,
                false,
                false,
                false,
                false
              ],
              "condition": [],
              "not_principals": [],
              "principals": [
                {
                  "identifiers": [
                    true
                  ]
                }
              ],
              "resources": [
                false
              ]
            }
          ]
        },
        "before_sensitive": false,
        "after_sensitive": {
          "override_policy_documents": [],
          "source_policy_documents": [],
          "statement": [
            {
              "actions": [
                false,
                false,
                false,
                false,
                false,
                false,
                false,
                false,
                false,
                false,
                false,
                false,
                false,
                false,
                false,
                false
              ],
              "condition": [],
              "not_principals": [],
              "principals": [
                {
                  "identifiers": [
                    false
                  ]
                }
              ],
              "resources": [
                false
              ]
            },
            {
              "actions": [
                false,
                false,
                false,
                false,
                false
              ],
              "condition": [],
              "not_principals": [],
              "principals": [
                {
                  "identifiers": [
                    false
                  ]
                }
              ],
              "resources": [
                false
              ]
            }
          ]
        }
      },
      "action_reason": "read_because_config_unknown"
    },
    {
      "address": "module.eks.module.kms.aws_kms_alias.this[\"cluster\"]",
      "module_address": "module.eks.module.kms",
      "mode": "managed",
      "type": "aws_kms_alias",
      "name": "this",
      "index": "cluster",
      "provider_name": "registry.terraform.io/hashicorp/aws",
      "change": {
        "actions": [
          "create"
        ],
        "before": null,
        "after": {
          "name": "alias/eks/eks-lz-demo"
        },
        "after_unknown": {
          "arn": true,
          "id": true,
          "name_prefix": true,
          "target_key_arn": true,
          "target_key_id": true
        },
        "before_sensitive": false,
        "after_sensitive": {}
      }
    },
    {
      "address": "module.eks.module.kms.aws_kms_key.this[0]",
      "module_address": "module.eks.module.kms",
      "mode": "managed",
      "type": "aws_kms_key",
      "name": "this",
      "index": 0,
      "provider_name": "registry.terraform.io/hashicorp/aws",
      "change": {
        "actions": [
          "create"
        ],
        "before": null,
        "after": {
          "bypass_policy_lockout_safety_check": false,
          "custom_key_store_id": null,
          "customer_master_key_spec": "SYMMETRIC_DEFAULT",
          "deletion_window_in_days": null,
          "description": "eks-lz-demo cluster encryption key",
          "enable_key_rotation": true,
          "is_enabled": true,
          "key_usage": "ENCRYPT_DECRYPT",
          "multi_region": false,
          "tags": null,
          "timeouts": null,
          "xks_key_id": null
        },
        "after_unknown": {
          "arn": true,
          "id": true,
          "key_id": true,
          "policy": true,
          "tags_all": true
        },
        "before_sensitive": false,
        "after_sensitive": {
          "tags_all": {}
        }
      }
    },
    {
      "address": "module.eks.module.self_managed_node_group[\"self_mg_4\"].aws_autoscaling_group.this[0]",
      "module_address": "module.eks.module.self_managed_node_group[\"self_mg_4\"]",
      "mode": "managed",
      "type": "aws_autoscaling_group",
      "name": "this",
      "index": 0,
      "provider_name": "registry.terraform.io/hashicorp/aws",
      "change": {
        "actions": [
          "create"
        ],
        "before": null,
        "after": {
          "capacity_rebalance": null,
          "context": null,
          "default_instance_warmup": null,
          "desired_capacity": 1,
          "desired_capacity_type": null,
          "enabled_metrics": null,
          "force_delete": false,
          "force_delete_warm_pool": false,
          "health_check_grace_period": 300,
          "ignore_failed_scaling_activities": false,
          "initial_lifecycle_hook": [],
          "instance_maintenance_policy": [],
          "instance_refresh": [
            {
              "preferences": [
                {
                  "auto_rollback": null,
                  "checkpoint_delay": null,
                  "checkpoint_percentages": null,
                  "instance_warmup": null,
                  "max_healthy_percentage": 100,
                  "min_healthy_percentage": 66,
                  "scale_in_protected_instances": "Ignore",
                  "skip_matching": false,
                  "standby_instances": "Ignore"
                }
              ],
              "strategy": "Rolling",
              "triggers": null
            }
          ],
          "launch_configuration": null,
          "launch_template": [
            {}
          ],
          "max_instance_lifetime": null,
          "max_size": 3,
          "metrics_granularity": "1Minute",
          "min_elb_capacity": null,
          "min_size": 1,
          "name_prefix": "self-managed-ondemand-",
          "placement_group": null,
          "protect_from_scale_in": false,
          "suspended_processes": null,
          "tag": [
            {
              "key": "Name",
              "propagate_at_launch": true,
              "value": "self-managed-ondemand"
            },
            {
              "key": "k8s.io/cluster/eks-lz-demo",
              "propagate_at_launch": true,
              "value": "owned"
            },
            {
              "key": "kubernetes.io/cluster/eks-lz-demo",
              "propagate_at_launch": true,
              "value": "owned"
            }
          ],
          "termination_policies": [],
          "timeouts": {
            "delete": null,
            "update": null
          },
          "vpc_zone_identifier": [
            "subnet-01a3bdbaffacd53c2"
          ],
          "wait_for_capacity_timeout": "10m",
          "wait_for_elb_capacity": null,
          "warm_pool": []
        },
        "after_unknown": {
          "arn": true,
          "availability_zones": true,
          "default_cooldown": true,
          "health_check_type": true,
          "id": true,
          "initial_lifecycle_hook": [],
          "instance_maintenance_policy": [],
          "instance_refresh": [
            {
              "preferences": [
                {}
              ]
            }
          ],
          "launch_template": [
            {
              "id": true,
              "name": true,
              "version": true
            }
          ],
          "load_balancers": true,
          "mixed_instances_policy": true,
          "name": true,
          "predicted_capacity": true,
          "service_linked_role_arn": true,
          "tag": [
            {},
            {},
            {}
          ],
          "target_group_arns": true,
          "termination_policies": [],
          "timeouts": {},
          "traffic_source": true,
          "vpc_zone_identifier": [
            false
          ],
          "warm_pool": [],
          "warm_pool_size": true
        },
        "before_sensitive": false,
        "after_sensitive": {
          "availability_zones": [],
          "initial_lifecycle_hook": [],
          "instance_maintenance_policy": [],
          "instance_refresh": [
            {
              "preferences": [
                {}
              ]
            }
          ],
          "launch_template": [
            {}
          ],
          "load_balancers": [],
          "mixed_instances_policy": [],
          "tag": [
            {},
            {},
            {}
          ],
          "target_group_arns": [],
          "termination_policies": [],
          "timeouts": {},
          "traffic_source": [],
          "vpc_zone_identifier": [
            false
          ],
          "warm_pool": []
        }
      }
    },
    {
      "address": "module.eks.module.self_managed_node_group[\"self_mg_4\"].aws_iam_instance_profile.this[0]",
      "module_address": "module.eks.module.self_managed_node_group[\"self_mg_4\"]",
      "mode": "managed",
      "type": "aws_iam_instance_profile",
      "name": "this",
      "index": 0,
      "provider_name": "registry.terraform.io/hashicorp/aws",
      "change": {
        "actions": [
          "create"
        ],
        "before": null,
        "after": {
          "name_prefix": "self-managed-ondemand-node-group-",
          "path": "/",
          "tags": null
        },
        "after_unknown": {
          "arn": true,
          "create_date": true,
          "id": true,
          "name": true,
          "role": true,
          "tags_all": true,
          "unique_id": true
        },
        "before_sensitive": false,
        "after_sensitive": {
          "tags_all": {}
        }
      }
    },
    {
      "address": "module.eks.module.self_managed_node_group[\"self_mg_4\"].aws_iam_role.this[0]",
      "module_address": "module.eks.module.self_managed_node_group[\"self_mg_4\"]",
      "mode": "managed",
      "type": "aws_iam_role",
      "name": "this",
      "index": 0,
      "provider_name": "registry.terraform.io/hashicorp/aws",
      "change": {
        "actions": [
          "create"
        ],
        "before": null,
        "after": {
          "assume_role_policy": "{\"Statement\":[{\"Action\":\"sts:AssumeRole\",\"Effect\":\"Allow\",\"Principal\":{\"Service\":\"ec2.amazonaws.com\"},\"Sid\":\"EKSNodeAssumeRole\"}],\"Version\":\"2012-10-17\"}",
          "description": "Self managed node group IAM role",
          "force_detach_policies": true,
          "max_session_duration": 3600,
          "name_prefix": "self-managed-ondemand-node-group-",
          "path": "/",
          "permissions_boundary": null,
          "tags": null
        },
        "after_unknown": {
          "arn": true,
          "create_date": true,
          "id": true,
          "inline_policy": true,
          "managed_policy_arns": true,
          "name": true,
          "tags_all": true,
          "unique_id": true
        },
        "before_sensitive": false,
        "after_sensitive": {
          "inline_policy": [],
          "managed_policy_arns": [],
          "tags_all": {}
        }
      }
    },
    {
      "address": "module.eks.module.self_managed_node_group[\"self_mg_4\"].aws_iam_role_policy_attachment.this[\"arn:aws:iam::aws:policy/AmazonEC2ContainerRegistryReadOnly\"]",
      "module_address": "module.eks.module.self_managed_node_group[\"self_mg_4\"]",
      "mode": "managed",
      "type": "aws_iam_role_policy_attachment",
      "name": "this",
      "index": "arn:aws:iam::aws:policy/AmazonEC2ContainerRegistryReadOnly",
      "provider_name": "registry.terraform.io/hashicorp/aws",
      "change": {
        "actions": [
          "create"
        ],
        "before": null,
        "after": {
          "policy_arn": "arn:aws:iam::aws:policy/AmazonEC2ContainerRegistryReadOnly"
        },
        "after_unknown": {
          "id": true,
          "role": true
        },
        "before_sensitive": false,
        "after_sensitive": {}
      }
    },
    {
      "address": "module.eks.module.self_managed_node_group[\"self_mg_4\"].aws_iam_role_policy_attachment.this[\"arn:aws:iam::aws:policy/AmazonEKSWorkerNodePolicy\"]",
      "module_address": "module.eks.module.self_managed_node_group[\"self_mg_4\"]",
      "mode": "managed",
      "type": "aws_iam_role_policy_attachment",
      "name": "this",
      "index": "arn:aws:iam::aws:policy/AmazonEKSWorkerNodePolicy",
      "provider_name": "registry.terraform.io/hashicorp/aws",
      "change": {
        "actions": [
          "create"
        ],
        "before": null,
        "after": {
          "policy_arn": "arn:aws:iam::aws:policy/AmazonEKSWorkerNodePolicy"
        },
        "after_unknown": {
          "id": true,
          "role": true
        },
        "before_sensitive": false,
        "after_sensitive": {}
      }
    },
    {
      "address": "module.eks.module.self_managed_node_group[\"self_mg_4\"].aws_iam_role_policy_attachment.this[\"arn:aws:iam::aws:policy/AmazonEKS_CNI_Policy\"]",
      "module_address": "module.eks.module.self_managed_node_group[\"self_mg_4\"]",
      "mode": "managed",
      "type": "aws_iam_role_policy_attachment",
      "name": "this",
      "index": "arn:aws:iam::aws:policy/AmazonEKS_CNI_Policy",
      "provider_name": "registry.terraform.io/hashicorp/aws",
      "change": {
        "actions": [
          "create"
        ],
        "before": null,
        "after": {
          "policy_arn": "arn:aws:iam::aws:policy/AmazonEKS_CNI_Policy"
        },
        "after_unknown": {
          "id": true,
          "role": true
        },
        "before_sensitive": false,
        "after_sensitive": {}
      }
    },
    {
      "address": "module.eks.module.self_managed_node_group[\"self_mg_4\"].aws_launch_template.this[0]",
      "module_address": "module.eks.module.self_managed_node_group[\"self_mg_4\"]",
      "mode": "managed",
      "type": "aws_launch_template",
      "name": "this",
      "index": 0,
      "provider_name": "registry.terraform.io/hashicorp/aws",
      "change": {
        "actions": [
          "create"
        ],
        "before": null,
        "after": {
          "block_device_mappings": [
            {
              "device_name": "/dev/xvda",
              "ebs": [],
              "no_device": null,
              "virtual_name": null
            }
          ],
          "capacity_reservation_specification": [],
          "cpu_options": [],
          "credit_specification": [],
          "description": "Custom launch template for self-managed-ondemand self managed node group",
          "disable_api_stop": null,
          "disable_api_termination": null,
          "ebs_optimized": null,
          "elastic_gpu_specifications": [],
          "elastic_inference_accelerator": [],
          "enclave_options": [],
          "hibernation_options": [],
          "iam_instance_profile": [
            {
              "name": null
            }
          ],
          "image_id": "ami-070f54df448b5ba72",
          "instance_initiated_shutdown_behavior": null,
          "instance_market_options": [],
          "instance_requirements": [],
          "instance_type": "m5.large",
          "kernel_id": null,
          "key_name": null,
          "license_specification": [],
          "maintenance_options": [],
          "metadata_options": [
            {
              "http_endpoint": "enabled",
              "http_put_response_hop_limit": 2,
              "http_tokens": "required"
            }
          ],
          "monitoring": [],
          "name_prefix": "self_mg_4-",
          "network_interfaces": [],
          "placement": [],
          "private_dns_name_options": [],
          "ram_disk_id": null,
          "security_group_names": null,
          "tag_specifications": [
            {
              "resource_type": "instance",
              "tags": {
                "Name": "self-managed-ondemand"
              }
            },
            {
              "resource_type": "network-interface",
              "tags": {
                "Name": "self-managed-ondemand"
              }
            },
            {
              "resource_type": "volume",
              "tags": {
                "Name": "self-managed-ondemand"
              }
            }
          ],
          "tags": null,
          "update_default_version": true
        },
        "after_unknown": {
          "arn": true,
          "block_device_mappings": [
            {
              "ebs": []
            }
          ],
          "capacity_reservation_specification": [],
          "cpu_options": [],
          "credit_specification": [],
          "default_version": true,
          "elastic_gpu_specifications": [],
          "elastic_inference_accelerator": [],
          "enclave_options": [],
          "hibernation_options": [],
          "iam_instance_profile": [
            {
              "arn": true
            }
          ],
          "id": true,
          "instance_market_options": [],
          "instance_requirements": [],
          "latest_version": true,
          "license_specification": [],
          "maintenance_options": [],
          "metadata_options": [
            {
              "http_protocol_ipv6": true,
              "instance_metadata_tags": true
            }
          ],
          "monitoring": [],
          "name": true,
          "network_interfaces": [],
          "placement": [],
          "private_dns_name_options": [],
          "tag_specifications": [
            {
              "tags": {}
            },
            {
              "tags": {}
            },
            {
              "tags": {}
            }
          ],
          "tags_all": true,
          "user_data": true,
          "vpc_security_group_ids": true
        },
        "before_sensitive": false,
        "after_sensitive": {
          "block_device_mappings": [
            {
              "ebs": []
            }
          ],
          "capacity_reservation_specification": [],
          "cpu_options": [],
          "credit_specification": [],
          "elastic_gpu_specifications": [],
          "elastic_inference_accelerator": [],
          "enclave_options": [],
          "hibernation_options": [],
          "iam_instance_profile": [
            {}
          ],
          "instance_market_options": [],
          "instance_requirements": [],
          "license_specification": [],
          "maintenance_options": [],
          "metadata_options": [
            {}
          ],
          "monitoring": [],
          "network_interfaces": [],
          "placement": [],
          "private_dns_name_options": [],
          "tag_specifications": [
            {
              "tags": {}
            },
            {
              "tags": {}
            },
            {
              "tags": {}
            }
          ],
          "tags_all": {},
          "vpc_security_group_ids": []
        }
      }
    }
  ],
  "output_changes": {
    "eks_cluster_id": {
      "actions": [
        "create"
      ],
      "before": null,
      "after_unknown": true,
      "before_sensitive": false,
      "after_sensitive": false
    }
  },
  "prior_state": {
    "format_version": "1.0",
    "terraform_version": "1.7.2",
    "values": {
      "root_module": {
        "child_modules": [
          {
            "resources": [
              {
                "address": "module.eks.data.aws_caller_identity.current",
                "mode": "data",
                "type": "aws_caller_identity",
                "name": "current",
                "provider_name": "registry.terraform.io/hashicorp/aws",
                "schema_version": 0,
                "values": {
                  "account_id": "302452836259",
                  "arn": "arn:aws:iam::302452836259:user/haas-dev-console-user",
                  "id": "302452836259",
                  "user_id": "AIDAUM24YA6RSCA75HHZD"
                },
                "sensitive_values": {}
              },
              {
                "address": "module.eks.data.aws_iam_policy_document.assume_role_policy[0]",
                "mode": "data",
                "type": "aws_iam_policy_document",
                "name": "assume_role_policy",
                "index": 0,
                "provider_name": "registry.terraform.io/hashicorp/aws",
                "schema_version": 0,
                "values": {
                  "id": "2764486067",
                  "json": "{\n  \"Version\": \"2012-10-17\",\n  \"Statement\": [\n    {\n      \"Sid\": \"EKSClusterAssumeRole\",\n      \"Effect\": \"Allow\",\n      \"Action\": \"sts:AssumeRole\",\n      \"Principal\": {\n        \"Service\": \"eks.amazonaws.com\"\n      }\n    }\n  ]\n}",
                  "override_policy_documents": null,
                  "policy_id": null,
                  "source_policy_documents": null,
                  "statement": [
                    {
                      "actions": [
                        "sts:AssumeRole"
                      ],
                      "condition": [],
                      "effect": "Allow",
                      "not_actions": [],
                      "not_principals": [],
                      "not_resources": [],
                      "principals": [
                        {
                          "identifiers": [
                            "eks.amazonaws.com"
                          ],
                          "type": "Service"
                        }
                      ],
                      "resources": [],
                      "sid": "EKSClusterAssumeRole"
                    }
                  ],
                  "version": "2012-10-17"
                },
                "sensitive_values": {
                  "statement": [
                    {
                      "actions": [
                        false
                      ],
                      "condition": [],
                      "not_actions": [],
                      "not_principals": [],
                      "not_resources": [],
                      "principals": [
                        {
                          "identifiers": [
                            false
                          ]
                        }
                      ],
                      "resources": []
                    }
                  ]
                }
              },
              {
                "address": "module.eks.data.aws_iam_session_context.current",
                "mode": "data",
                "type": "aws_iam_session_context",
                "name": "current",
                "provider_name": "registry.terraform.io/hashicorp/aws",
                "schema_version": 0,
                "values": {
                  "arn": "arn:aws:iam::302452836259:user/haas-dev-console-user",
                  "id": "arn:aws:iam::302452836259:user/haas-dev-console-user",
                  "issuer_arn": "arn:aws:iam::302452836259:user/haas-dev-console-user",
                  "issuer_id": "",
                  "issuer_name": "",
                  "session_name": ""
                },
                "sensitive_values": {}
              },
              {
                "address": "module.eks.data.aws_partition.current",
                "mode": "data",
                "type": "aws_partition",
                "name": "current",
                "provider_name": "registry.terraform.io/hashicorp/aws",
                "schema_version": 0,
                "values": {
                  "dns_suffix": "amazonaws.com",
                  "id": "aws",
                  "partition": "aws",
                  "reverse_dns_prefix": "com.amazonaws"
                },
                "sensitive_values": {}
              }
            ],
            "address": "module.eks",
            "child_modules": [
              {
                "resources": [
                  {
                    "address": "module.eks.module.eks_managed_node_group[\"mg_5\"].data.aws_caller_identity.current",
                    "mode": "data",
                    "type": "aws_caller_identity",
                    "name": "current",
                    "provider_name": "registry.terraform.io/hashicorp/aws",
                    "schema_version": 0,
                    "values": {
                      "account_id": "302452836259",
                      "arn": "arn:aws:iam::302452836259:user/haas-dev-console-user",
                      "id": "302452836259",
                      "user_id": "AIDAUM24YA6RSCA75HHZD"
                    },
                    "sensitive_values": {}
                  },
                  {
                    "address": "module.eks.module.eks_managed_node_group[\"mg_5\"].data.aws_iam_policy_document.assume_role_policy[0]",
                    "mode": "data",
                    "type": "aws_iam_policy_document",
                    "name": "assume_role_policy",
                    "index": 0,
                    "provider_name": "registry.terraform.io/hashicorp/aws",
                    "schema_version": 0,
                    "values": {
                      "id": "2560088296",
                      "json": "{\n  \"Version\": \"2012-10-17\",\n  \"Statement\": [\n    {\n      \"Sid\": \"EKSNodeAssumeRole\",\n      \"Effect\": \"Allow\",\n      \"Action\": \"sts:AssumeRole\",\n      \"Principal\": {\n        \"Service\": \"ec2.amazonaws.com\"\n      }\n    }\n  ]\n}",
                      "override_policy_documents": null,
                      "policy_id": null,
                      "source_policy_documents": null,
                      "statement": [
                        {
                          "actions": [
                            "sts:AssumeRole"
                          ],
                          "condition": [],
                          "effect": "Allow",
                          "not_actions": [],
                          "not_principals": [],
                          "not_resources": [],
                          "principals": [
                            {
                              "identifiers": [
                                "ec2.amazonaws.com"
                              ],
                              "type": "Service"
                            }
                          ],
                          "resources": [],
                          "sid": "EKSNodeAssumeRole"
                        }
                      ],
                      "version": "2012-10-17"
                    },
                    "sensitive_values": {
                      "statement": [
                        {
                          "actions": [
                            false
                          ],
                          "condition": [],
                          "not_actions": [],
                          "not_principals": [],
                          "not_resources": [],
                          "principals": [
                            {
                              "identifiers": [
                                false
                              ]
                            }
                          ],
                          "resources": []
                        }
                      ]
                    }
                  },
                  {
                    "address": "module.eks.module.eks_managed_node_group[\"mg_5\"].data.aws_partition.current",
                    "mode": "data",
                    "type": "aws_partition",
                    "name": "current",
                    "provider_name": "registry.terraform.io/hashicorp/aws",
                    "schema_version": 0,
                    "values": {
                      "dns_suffix": "amazonaws.com",
                      "id": "aws",
                      "partition": "aws",
                      "reverse_dns_prefix": "com.amazonaws"
                    },
                    "sensitive_values": {}
                  }
                ],
                "address": "module.eks.module.eks_managed_node_group[\"mg_5\"]"
              },
              {
                "resources": [
                  {
                    "address": "module.eks.module.kms.data.aws_caller_identity.current[0]",
                    "mode": "data",
                    "type": "aws_caller_identity",
                    "name": "current",
                    "index": 0,
                    "provider_name": "registry.terraform.io/hashicorp/aws",
                    "schema_version": 0,
                    "values": {
                      "account_id": "302452836259",
                      "arn": "arn:aws:iam::302452836259:user/haas-dev-console-user",
                      "id": "302452836259",
                      "user_id": "AIDAUM24YA6RSCA75HHZD"
                    },
                    "sensitive_values": {}
                  },
                  {
                    "address": "module.eks.module.kms.data.aws_partition.current[0]",
                    "mode": "data",
                    "type": "aws_partition",
                    "name": "current",
                    "index": 0,
                    "provider_name": "registry.terraform.io/hashicorp/aws",
                    "schema_version": 0,
                    "values": {
                      "dns_suffix": "amazonaws.com",
                      "id": "aws",
                      "partition": "aws",
                      "reverse_dns_prefix": "com.amazonaws"
                    },
                    "sensitive_values": {}
                  }
                ],
                "address": "module.eks.module.kms"
              },
              {
                "resources": [
                  {
                    "address": "module.eks.module.self_managed_node_group[\"self_mg_4\"].data.aws_ami.eks_default[0]",
                    "mode": "data",
                    "type": "aws_ami",
                    "name": "eks_default",
                    "index": 0,
                    "provider_name": "registry.terraform.io/hashicorp/aws",
                    "schema_version": 0,
                    "values": {
                      "architecture": "x86_64",
                      "arn": "arn:aws:ec2:us-east-1::image/ami-09ba62eec22467683",
                      "block_device_mappings": [
                        {
                          "device_name": "/dev/xvda",
                          "ebs": {
                            "delete_on_termination": "true",
                            "encrypted": "false",
                            "iops": "0",
                            "snapshot_id": "snap-0cec98d68ae07011f",
                            "throughput": "0",
                            "volume_size": "20",
                            "volume_type": "gp2"
                          },
                          "no_device": "",
                          "virtual_name": ""
                        }
                      ],
                      "boot_mode": "",
                      "creation_date": "2024-01-30T18:26:05.000Z",
                      "deprecation_time": "2026-01-30T18:26:05.000Z",
                      "description": "EKS Kubernetes Worker AMI with AmazonLinux2 image, (k8s: 1.27.9, containerd: 1.7.*)",
                      "ena_support": true,
                      "executable_users": null,
                      "filter": [
                        {
                          "name": "name",
                          "values": [
                            "amazon-eks-node-1.27-v*"
                          ]
                        }
                      ],
                      "hypervisor": "xen",
                      "id": "ami-09ba62eec22467683",
                      "image_id": "ami-09ba62eec22467683",
                      "image_location": "amazon/amazon-eks-node-1.27-v20240129",
                      "image_owner_alias": "amazon",
                      "image_type": "machine",
                      "imds_support": "",
                      "include_deprecated": false,
                      "kernel_id": "",
                      "most_recent": true,
                      "name": "amazon-eks-node-1.27-v20240129",
                      "name_regex": null,
                      "owner_id": "602401143452",
                      "owners": [
                        "amazon"
                      ],
                      "platform": "",
                      "platform_details": "Linux/UNIX",
                      "product_codes": [],
                      "public": true,
                      "ramdisk_id": "",
                      "root_device_name": "/dev/xvda",
                      "root_device_type": "ebs",
                      "root_snapshot_id": "snap-0cec98d68ae07011f",
                      "sriov_net_support": "simple",
                      "state": "available",
                      "state_reason": {
                        "code": "UNSET",
                        "message": "UNSET"
                      },
                      "tags": {},
                      "timeouts": null,
                      "tpm_support": "",
                      "usage_operation": "RunInstances",
                      "virtualization_type": "hvm"
                    },
                    "sensitive_values": {
                      "block_device_mappings": [
                        {
                          "ebs": {}
                        }
                      ],
                      "filter": [
                        {
                          "values": [
                            false
                          ]
                        }
                      ],
                      "owners": [
                        false
                      ],
                      "product_codes": [],
                      "state_reason": {},
                      "tags": {}
                    }
                  },
                  {
                    "address": "module.eks.module.self_managed_node_group[\"self_mg_4\"].data.aws_caller_identity.current",
                    "mode": "data",
                    "type": "aws_caller_identity",
                    "name": "current",
                    "provider_name": "registry.terraform.io/hashicorp/aws",
                    "schema_version": 0,
                    "values": {
                      "account_id": "302452836259",
                      "arn": "arn:aws:iam::302452836259:user/haas-dev-console-user",
                      "id": "302452836259",
                      "user_id": "AIDAUM24YA6RSCA75HHZD"
                    },
                    "sensitive_values": {}
                  },
                  {
                    "address": "module.eks.module.self_managed_node_group[\"self_mg_4\"].data.aws_iam_policy_document.assume_role_policy[0]",
                    "mode": "data",
                    "type": "aws_iam_policy_document",
                    "name": "assume_role_policy",
                    "index": 0,
                    "provider_name": "registry.terraform.io/hashicorp/aws",
                    "schema_version": 0,
                    "values": {
                      "id": "2560088296",
                      "json": "{\n  \"Version\": \"2012-10-17\",\n  \"Statement\": [\n    {\n      \"Sid\": \"EKSNodeAssumeRole\",\n      \"Effect\": \"Allow\",\n      \"Action\": \"sts:AssumeRole\",\n      \"Principal\": {\n        \"Service\": \"ec2.amazonaws.com\"\n      }\n    }\n  ]\n}",
                      "override_policy_documents": null,
                      "policy_id": null,
                      "source_policy_documents": null,
                      "statement": [
                        {
                          "actions": [
                            "sts:AssumeRole"
                          ],
                          "condition": [],
                          "effect": "Allow",
                          "not_actions": [],
                          "not_principals": [],
                          "not_resources": [],
                          "principals": [
                            {
                              "identifiers": [
                                "ec2.amazonaws.com"
                              ],
                              "type": "Service"
                            }
                          ],
                          "resources": [],
                          "sid": "EKSNodeAssumeRole"
                        }
                      ],
                      "version": "2012-10-17"
                    },
                    "sensitive_values": {
                      "statement": [
                        {
                          "actions": [
                            false
                          ],
                          "condition": [],
                          "not_actions": [],
                          "not_principals": [],
                          "not_resources": [],
                          "principals": [
                            {
                              "identifiers": [
                                false
                              ]
                            }
                          ],
                          "resources": []
                        }
                      ]
                    }
                  },
                  {
                    "address": "module.eks.module.self_managed_node_group[\"self_mg_4\"].data.aws_partition.current",
                    "mode": "data",
                    "type": "aws_partition",
                    "name": "current",
                    "provider_name": "registry.terraform.io/hashicorp/aws",
                    "schema_version": 0,
                    "values": {
                      "dns_suffix": "amazonaws.com",
                      "id": "aws",
                      "partition": "aws",
                      "reverse_dns_prefix": "com.amazonaws"
                    },
                    "sensitive_values": {}
                  }
                ],
                "address": "module.eks.module.self_managed_node_group[\"self_mg_4\"]"
              }
            ]
          }
        ]
      }
    }
  },
  "configuration": {
    "provider_config": {
      "aws": {
        "name": "aws",
        "full_name": "registry.terraform.io/hashicorp/aws",
        "expressions": {
          "region": {
            "constant_value": "us-east-1"
          }
        }
      },
      "helm": {
        "name": "helm",
        "full_name": "registry.terraform.io/hashicorp/helm",
        "expressions": {
          "kubernetes": [
            {
              "cluster_ca_certificate": {
                "references": [
                  "module.eks.cluster_certificate_authority_data",
                  "module.eks"
                ]
              },
              "exec": [
                {
                  "api_version": {
                    "constant_value": "client.authentication.k8s.io/v1beta1"
                  },
                  "args": {
                    "references": [
                      "module.eks.cluster_id",
                      "module.eks"
                    ]
                  },
                  "command": {
                    "constant_value": "aws"
                  }
                }
              ],
              "host": {
                "references": [
                  "module.eks.cluster_endpoint",
                  "module.eks"
                ]
              }
            }
          ]
        }
      },
      "kubernetes": {
        "name": "kubernetes",
        "full_name": "registry.terraform.io/hashicorp/kubernetes",
        "expressions": {
          "cluster_ca_certificate": {
            "references": [
              "module.eks.cluster_certificate_authority_data",
              "module.eks"
            ]
          },
          "exec": [
            {
              "api_version": {
                "constant_value": "client.authentication.k8s.io/v1beta1"
              },
              "args": {
                "references": [
                  "module.eks.cluster_id",
                  "module.eks"
                ]
              },
              "command": {
                "constant_value": "aws"
              }
            }
          ],
          "host": {
            "references": [
              "module.eks.cluster_endpoint",
              "module.eks"
            ]
          }
        }
      },
      "module.eks.module.eks_managed_node_group.module.user_data:cloudinit": {
        "name": "cloudinit",
        "full_name": "registry.terraform.io/hashicorp/cloudinit",
        "version_constraint": ">= 2.0.0",
        "module_address": "module.eks.module.eks_managed_node_group.module.user_data"
      },
      "module.eks.module.self_managed_node_group.module.user_data:cloudinit": {
        "name": "cloudinit",
        "full_name": "registry.terraform.io/hashicorp/cloudinit",
        "version_constraint": ">= 2.0.0",
        "module_address": "module.eks.module.self_managed_node_group.module.user_data"
      },
      "module.eks:time": {
        "name": "time",
        "full_name": "registry.terraform.io/hashicorp/time",
        "version_constraint": ">= 0.9.0",
        "module_address": "module.eks"
      },
      "module.eks:tls": {
        "name": "tls",
        "full_name": "registry.terraform.io/hashicorp/tls",
        "version_constraint": ">= 3.0.0",
        "module_address": "module.eks"
      },
      "null": {
        "name": "null",
        "full_name": "registry.terraform.io/hashicorp/null"
      }
    },
    "root_module": {
      "outputs": {
        "eks_cluster_id": {
          "expression": {
            "references": [
              "module.eks.cluster_id",
              "module.eks"
            ]
          }
        }
      },
      "resources": [
        {
          "address": "aws_security_group_rule.allow_node_sg_from_cluster_sg",
          "mode": "managed",
          "type": "aws_security_group_rule",
          "name": "allow_node_sg_from_cluster_sg",
          "provider_config_key": "aws",
          "expressions": {
            "description": {
              "constant_value": "Cluster API/Managed Nodegroup to Self-Managed Nodegroup all traffic"
            },
            "from_port": {
              "constant_value": 0
            },
            "protocol": {
              "constant_value": "-1"
            },
            "security_group_id": {
              "references": [
                "module.eks.node_security_group_id",
                "module.eks"
              ]
            },
            "source_security_group_id": {
              "references": [
                "module.eks.cluster_primary_security_group_id",
                "module.eks"
              ]
            },
            "to_port": {
              "constant_value": 0
            },
            "type": {
              "constant_value": "ingress"
            }
          },
          "schema_version": 2,
          "depends_on": [
            "module.eks"
          ]
        },
        {
          "address": "aws_security_group_rule.allow_node_sg_to_cluster_sg",
          "mode": "managed",
          "type": "aws_security_group_rule",
          "name": "allow_node_sg_to_cluster_sg",
          "provider_config_key": "aws",
          "expressions": {
            "description": {
              "constant_value": "Self-managed Nodegroup to Cluster API/Managed Nodegroup all traffic"
            },
            "from_port": {
              "constant_value": 0
            },
            "protocol": {
              "constant_value": "-1"
            },
            "security_group_id": {
              "references": [
                "module.eks.cluster_primary_security_group_id",
                "module.eks"
              ]
            },
            "source_security_group_id": {
              "references": [
                "module.eks.node_security_group_id",
                "module.eks"
              ]
            },
            "to_port": {
              "constant_value": 0
            },
            "type": {
              "constant_value": "ingress"
            }
          },
          "schema_version": 2,
          "depends_on": [
            "module.eks"
          ]
        },
        {
          "address": "null_resource.kubeconfig",
          "mode": "managed",
          "type": "null_resource",
          "name": "kubeconfig",
          "provider_config_key": "null",
          "provisioners": [
            {
              "type": "local-exec",
              "expressions": {
                "command": {
                  "references": [
                    "local.region",
                    "module.eks.cluster_id",
                    "module.eks"
                  ]
                }
              }
            }
          ],
          "schema_version": 0,
          "depends_on": [
            "module.eks"
          ]
        }
      ],
      "module_calls": {
        "eks": {
          "source": "terraform-aws-modules/eks/aws",
          "expressions": {
            "cluster_addons": {
              "constant_value": {
                "coredns": {
                  "most_recent": true
                },
                "kube-proxy": {
                  "most_recent": true
                },
                "vpc-cni": {
                  "most_recent": true
                }
              }
            },
            "cluster_endpoint_public_access": {
              "constant_value": true
            },
            "cluster_name": {
              "references": [
                "var.cluster_name"
              ]
            },
            "cluster_version": {
              "constant_value": "1.27"
            },
            "create_aws_auth_configmap": {
              "constant_value": true
            },
            "eks_managed_node_groups": {
              "references": [
                "var.private_subnets"
              ]
            },
            "manage_aws_auth_configmap": {
              "constant_value": true
            },
            "self_managed_node_groups": {
              "references": [
                "var.private_subnets_local_zone"
              ]
            },
            "subnet_ids": {
              "references": [
                "var.private_subnets"
              ]
            },
            "vpc_id": {
              "references": [
                "var.vpc_id"
              ]
            }
          },
          "module": {
            "outputs": {
              "aws_auth_configmap_yaml": {
                "expression": {
                  "references": [
                    "path.module",
                    "module.eks_managed_node_group",
                    "module.self_managed_node_group",
                    "module.self_managed_node_group",
                    "module.fargate_profile"
                  ]
                },
                "description": "[DEPRECATED - use `var.manage_aws_auth_configmap`] Formatted yaml output for base aws-auth configmap containing roles used in cluster node groups/fargate profiles"
              },
              "cloudwatch_log_group_arn": {
                "expression": {
                  "references": [
                    "aws_cloudwatch_log_group.this[0].arn",
                    "aws_cloudwatch_log_group.this[0]",
                    "aws_cloudwatch_log_group.this"
                  ]
                },
                "description": "Arn of cloudwatch log group created"
              },
              "cloudwatch_log_group_name": {
                "expression": {
                  "references": [
                    "aws_cloudwatch_log_group.this[0].name",
                    "aws_cloudwatch_log_group.this[0]",
                    "aws_cloudwatch_log_group.this"
                  ]
                },
                "description": "Name of cloudwatch log group created"
              },
              "cluster_addons": {
                "expression": {
                  "references": [
                    "aws_eks_addon.this",
                    "aws_eks_addon.before_compute"
                  ]
                },
                "description": "Map of attribute maps for all EKS cluster addons enabled"
              },
              "cluster_arn": {
                "expression": {
                  "references": [
                    "aws_eks_cluster.this[0].arn",
                    "aws_eks_cluster.this[0]",
                    "aws_eks_cluster.this"
                  ]
                },
                "description": "The Amazon Resource Name (ARN) of the cluster"
              },
              "cluster_certificate_authority_data": {
                "expression": {
                  "references": [
                    "aws_eks_cluster.this[0].certificate_authority[0].data",
                    "aws_eks_cluster.this[0].certificate_authority[0]",
                    "aws_eks_cluster.this[0].certificate_authority",
                    "aws_eks_cluster.this[0]",
                    "aws_eks_cluster.this"
                  ]
                },
                "description": "Base64 encoded certificate data required to communicate with the cluster"
              },
              "cluster_endpoint": {
                "expression": {
                  "references": [
                    "aws_eks_cluster.this[0].endpoint",
                    "aws_eks_cluster.this[0]",
                    "aws_eks_cluster.this"
                  ]
                },
                "description": "Endpoint for your Kubernetes API server"
              },
              "cluster_iam_role_arn": {
                "expression": {
                  "references": [
                    "aws_iam_role.this[0].arn",
                    "aws_iam_role.this[0]",
                    "aws_iam_role.this"
                  ]
                },
                "description": "IAM role ARN of the EKS cluster"
              },
              "cluster_iam_role_name": {
                "expression": {
                  "references": [
                    "aws_iam_role.this[0].name",
                    "aws_iam_role.this[0]",
                    "aws_iam_role.this"
                  ]
                },
                "description": "IAM role name of the EKS cluster"
              },
              "cluster_iam_role_unique_id": {
                "expression": {
                  "references": [
                    "aws_iam_role.this[0].unique_id",
                    "aws_iam_role.this[0]",
                    "aws_iam_role.this"
                  ]
                },
                "description": "Stable and unique string identifying the IAM role"
              },
              "cluster_id": {
                "expression": {
                  "references": [
                    "aws_eks_cluster.this[0].cluster_id",
                    "aws_eks_cluster.this[0]",
                    "aws_eks_cluster.this"
                  ]
                },
                "description": "The ID of the EKS cluster. Note: currently a value is returned only for local EKS clusters created on Outposts"
              },
              "cluster_identity_providers": {
                "expression": {
                  "references": [
                    "aws_eks_identity_provider_config.this"
                  ]
                },
                "description": "Map of attribute maps for all EKS identity providers enabled"
              },
              "cluster_name": {
                "expression": {
                  "references": [
                    "aws_eks_cluster.this[0].name",
                    "aws_eks_cluster.this[0]",
                    "aws_eks_cluster.this"
                  ]
                },
                "description": "The name of the EKS cluster"
              },
              "cluster_oidc_issuer_url": {
                "expression": {
                  "references": [
                    "aws_eks_cluster.this[0].identity[0].oidc[0].issuer",
                    "aws_eks_cluster.this[0].identity[0].oidc[0]",
                    "aws_eks_cluster.this[0].identity[0].oidc",
                    "aws_eks_cluster.this[0].identity[0]",
                    "aws_eks_cluster.this[0].identity",
                    "aws_eks_cluster.this[0]",
                    "aws_eks_cluster.this"
                  ]
                },
                "description": "The URL on the EKS cluster for the OpenID Connect identity provider"
              },
              "cluster_platform_version": {
                "expression": {
                  "references": [
                    "aws_eks_cluster.this[0].platform_version",
                    "aws_eks_cluster.this[0]",
                    "aws_eks_cluster.this"
                  ]
                },
                "description": "Platform version for the cluster"
              },
              "cluster_primary_security_group_id": {
                "expression": {
                  "references": [
                    "aws_eks_cluster.this[0].vpc_config[0].cluster_security_group_id",
                    "aws_eks_cluster.this[0].vpc_config[0]",
                    "aws_eks_cluster.this[0].vpc_config",
                    "aws_eks_cluster.this[0]",
                    "aws_eks_cluster.this"
                  ]
                },
                "description": "Cluster security group that was created by Amazon EKS for the cluster. Managed node groups use this security group for control-plane-to-data-plane communication. Referred to as 'Cluster security group' in the EKS console"
              },
              "cluster_security_group_arn": {
                "expression": {
                  "references": [
                    "aws_security_group.cluster[0].arn",
                    "aws_security_group.cluster[0]",
                    "aws_security_group.cluster"
                  ]
                },
                "description": "Amazon Resource Name (ARN) of the cluster security group"
              },
              "cluster_security_group_id": {
                "expression": {
                  "references": [
                    "aws_security_group.cluster[0].id",
                    "aws_security_group.cluster[0]",
                    "aws_security_group.cluster"
                  ]
                },
                "description": "ID of the cluster security group"
              },
              "cluster_status": {
                "expression": {
                  "references": [
                    "aws_eks_cluster.this[0].status",
                    "aws_eks_cluster.this[0]",
                    "aws_eks_cluster.this"
                  ]
                },
                "description": "Status of the EKS cluster. One of `CREATING`, `ACTIVE`, `DELETING`, `FAILED`"
              },
              "cluster_tls_certificate_sha1_fingerprint": {
                "expression": {
                  "references": [
                    "data.tls_certificate.this[0].certificates[0].sha1_fingerprint",
                    "data.tls_certificate.this[0].certificates[0]",
                    "data.tls_certificate.this[0].certificates",
                    "data.tls_certificate.this[0]",
                    "data.tls_certificate.this"
                  ]
                },
                "description": "The SHA1 fingerprint of the public key of the cluster's certificate"
              },
              "cluster_version": {
                "expression": {
                  "references": [
                    "aws_eks_cluster.this[0].version",
                    "aws_eks_cluster.this[0]",
                    "aws_eks_cluster.this"
                  ]
                },
                "description": "The Kubernetes version for the cluster"
              },
              "eks_managed_node_groups": {
                "expression": {
                  "references": [
                    "module.eks_managed_node_group"
                  ]
                },
                "description": "Map of attribute maps for all EKS managed node groups created"
              },
              "eks_managed_node_groups_autoscaling_group_names": {
                "expression": {
                  "references": [
                    "module.eks_managed_node_group"
                  ]
                },
                "description": "List of the autoscaling group names created by EKS managed node groups"
              },
              "fargate_profiles": {
                "expression": {
                  "references": [
                    "module.fargate_profile"
                  ]
                },
                "description": "Map of attribute maps for all EKS Fargate Profiles created"
              },
              "kms_key_arn": {
                "expression": {
                  "references": [
                    "module.kms.key_arn",
                    "module.kms"
                  ]
                },
                "description": "The Amazon Resource Name (ARN) of the key"
              },
              "kms_key_id": {
                "expression": {
                  "references": [
                    "module.kms.key_id",
                    "module.kms"
                  ]
                },
                "description": "The globally unique identifier for the key"
              },
              "kms_key_policy": {
                "expression": {
                  "references": [
                    "module.kms.key_policy",
                    "module.kms"
                  ]
                },
                "description": "The IAM resource policy set on the key"
              },
              "node_security_group_arn": {
                "expression": {
                  "references": [
                    "aws_security_group.node[0].arn",
                    "aws_security_group.node[0]",
                    "aws_security_group.node"
                  ]
                },
                "description": "Amazon Resource Name (ARN) of the node shared security group"
              },
              "node_security_group_id": {
                "expression": {
                  "references": [
                    "aws_security_group.node[0].id",
                    "aws_security_group.node[0]",
                    "aws_security_group.node"
                  ]
                },
                "description": "ID of the node shared security group"
              },
              "oidc_provider": {
                "expression": {
                  "references": [
                    "aws_eks_cluster.this[0].identity[0].oidc[0].issuer",
                    "aws_eks_cluster.this[0].identity[0].oidc[0]",
                    "aws_eks_cluster.this[0].identity[0].oidc",
                    "aws_eks_cluster.this[0].identity[0]",
                    "aws_eks_cluster.this[0].identity",
                    "aws_eks_cluster.this[0]",
                    "aws_eks_cluster.this"
                  ]
                },
                "description": "The OpenID Connect identity provider (issuer URL without leading `https://`)"
              },
              "oidc_provider_arn": {
                "expression": {
                  "references": [
                    "aws_iam_openid_connect_provider.oidc_provider[0].arn",
                    "aws_iam_openid_connect_provider.oidc_provider[0]",
                    "aws_iam_openid_connect_provider.oidc_provider"
                  ]
                },
                "description": "The ARN of the OIDC Provider if `enable_irsa = true`"
              },
              "self_managed_node_groups": {
                "expression": {
                  "references": [
                    "module.self_managed_node_group"
                  ]
                },
                "description": "Map of attribute maps for all self managed node groups created"
              },
              "self_managed_node_groups_autoscaling_group_names": {
                "expression": {
                  "references": [
                    "module.self_managed_node_group"
                  ]
                },
                "description": "List of the autoscaling group names created by self-managed node groups"
              }
            },
            "resources": [
              {
                "address": "aws_cloudwatch_log_group.this",
                "mode": "managed",
                "type": "aws_cloudwatch_log_group",
                "name": "this",
                "provider_config_key": "aws",
                "expressions": {
                  "kms_key_id": {
                    "references": [
                      "var.cloudwatch_log_group_kms_key_id"
                    ]
                  },
                  "name": {
                    "references": [
                      "var.cluster_name"
                    ]
                  },
                  "retention_in_days": {
                    "references": [
                      "var.cloudwatch_log_group_retention_in_days"
                    ]
                  },
                  "tags": {
                    "references": [
                      "var.tags",
                      "var.cloudwatch_log_group_tags",
                      "var.cluster_name"
                    ]
                  }
                },
                "schema_version": 0,
                "count_expression": {
                  "references": [
                    "local.create",
                    "var.create_cloudwatch_log_group"
                  ]
                }
              },
              {
                "address": "aws_ec2_tag.cluster_primary_security_group",
                "mode": "managed",
                "type": "aws_ec2_tag",
                "name": "cluster_primary_security_group",
                "provider_config_key": "aws",
                "expressions": {
                  "key": {
                    "references": [
                      "each.key"
                    ]
                  },
                  "resource_id": {
                    "references": [
                      "aws_eks_cluster.this[0].vpc_config[0].cluster_security_group_id",
                      "aws_eks_cluster.this[0].vpc_config[0]",
                      "aws_eks_cluster.this[0].vpc_config",
                      "aws_eks_cluster.this[0]",
                      "aws_eks_cluster.this"
                    ]
                  },
                  "value": {
                    "references": [
                      "each.value"
                    ]
                  }
                },
                "schema_version": 0,
                "for_each_expression": {
                  "references": [
                    "var.tags",
                    "var.cluster_tags",
                    "local.create",
                    "var.create_cluster_primary_security_group_tags"
                  ]
                }
              },
              {
                "address": "aws_eks_addon.before_compute",
                "mode": "managed",
                "type": "aws_eks_addon",
                "name": "before_compute",
                "provider_config_key": "aws",
                "expressions": {
                  "addon_name": {
                    "references": [
                      "each.value.name",
                      "each.value",
                      "each.key"
                    ]
                  },
                  "addon_version": {
                    "references": [
                      "each.value.addon_version",
                      "each.value",
                      "data.aws_eks_addon_version.this",
                      "each.key"
                    ]
                  },
                  "cluster_name": {
                    "references": [
                      "aws_eks_cluster.this[0].name",
                      "aws_eks_cluster.this[0]",
                      "aws_eks_cluster.this"
                    ]
                  },
                  "configuration_values": {
                    "references": [
                      "each.value.configuration_values",
                      "each.value"
                    ]
                  },
                  "preserve": {
                    "references": [
                      "each.value.preserve",
                      "each.value"
                    ]
                  },
                  "resolve_conflicts": {
                    "references": [
                      "each.value.resolve_conflicts",
                      "each.value"
                    ]
                  },
                  "service_account_role_arn": {
                    "references": [
                      "each.value.service_account_role_arn",
                      "each.value"
                    ]
                  },
                  "tags": {
                    "references": [
                      "var.tags"
                    ]
                  },
                  "timeouts": {
                    "create": {
                      "references": [
                        "each.value.timeouts.create",
                        "each.value.timeouts",
                        "each.value",
                        "var.cluster_addons_timeouts.create",
                        "var.cluster_addons_timeouts"
                      ]
                    },
                    "delete": {
                      "references": [
                        "each.value.timeouts.delete",
                        "each.value.timeouts",
                        "each.value",
                        "var.cluster_addons_timeouts.delete",
                        "var.cluster_addons_timeouts"
                      ]
                    },
                    "update": {
                      "references": [
                        "each.value.timeouts.update",
                        "each.value.timeouts",
                        "each.value",
                        "var.cluster_addons_timeouts.update",
                        "var.cluster_addons_timeouts"
                      ]
                    }
                  }
                },
                "schema_version": 0,
                "for_each_expression": {
                  "references": [
                    "var.cluster_addons",
                    "local.create",
                    "local.create_outposts_local_cluster"
                  ]
                }
              },
              {
                "address": "aws_eks_addon.this",
                "mode": "managed",
                "type": "aws_eks_addon",
                "name": "this",
                "provider_config_key": "aws",
                "expressions": {
                  "addon_name": {
                    "references": [
                      "each.value.name",
                      "each.value",
                      "each.key"
                    ]
                  },
                  "addon_version": {
                    "references": [
                      "each.value.addon_version",
                      "each.value",
                      "data.aws_eks_addon_version.this",
                      "each.key"
                    ]
                  },
                  "cluster_name": {
                    "references": [
                      "aws_eks_cluster.this[0].name",
                      "aws_eks_cluster.this[0]",
                      "aws_eks_cluster.this"
                    ]
                  },
                  "configuration_values": {
                    "references": [
                      "each.value.configuration_values",
                      "each.value"
                    ]
                  },
                  "preserve": {
                    "references": [
                      "each.value.preserve",
                      "each.value"
                    ]
                  },
                  "resolve_conflicts": {
                    "references": [
                      "each.value.resolve_conflicts",
                      "each.value"
                    ]
                  },
                  "service_account_role_arn": {
                    "references": [
                      "each.value.service_account_role_arn",
                      "each.value"
                    ]
                  },
                  "tags": {
                    "references": [
                      "var.tags"
                    ]
                  },
                  "timeouts": {
                    "create": {
                      "references": [
                        "each.value.timeouts.create",
                        "each.value.timeouts",
                        "each.value",
                        "var.cluster_addons_timeouts.create",
                        "var.cluster_addons_timeouts"
                      ]
                    },
                    "delete": {
                      "references": [
                        "each.value.timeouts.delete",
                        "each.value.timeouts",
                        "each.value",
                        "var.cluster_addons_timeouts.delete",
                        "var.cluster_addons_timeouts"
                      ]
                    },
                    "update": {
                      "references": [
                        "each.value.timeouts.update",
                        "each.value.timeouts",
                        "each.value",
                        "var.cluster_addons_timeouts.update",
                        "var.cluster_addons_timeouts"
                      ]
                    }
                  }
                },
                "schema_version": 0,
                "for_each_expression": {
                  "references": [
                    "var.cluster_addons",
                    "local.create",
                    "local.create_outposts_local_cluster"
                  ]
                },
                "depends_on": [
                  "module.fargate_profile",
                  "module.eks_managed_node_group",
                  "module.self_managed_node_group"
                ]
              },
              {
                "address": "aws_eks_cluster.this",
                "mode": "managed",
                "type": "aws_eks_cluster",
                "name": "this",
                "provider_config_key": "aws",
                "expressions": {
                  "enabled_cluster_log_types": {
                    "references": [
                      "var.cluster_enabled_log_types"
                    ]
                  },
                  "name": {
                    "references": [
                      "var.cluster_name"
                    ]
                  },
                  "role_arn": {
                    "references": [
                      "local.cluster_role"
                    ]
                  },
                  "tags": {
                    "references": [
                      "var.tags",
                      "var.cluster_tags"
                    ]
                  },
                  "timeouts": {
                    "create": {
                      "references": [
                        "var.cluster_timeouts"
                      ]
                    },
                    "delete": {
                      "references": [
                        "var.cluster_timeouts"
                      ]
                    },
                    "update": {
                      "references": [
                        "var.cluster_timeouts"
                      ]
                    }
                  },
                  "version": {
                    "references": [
                      "var.cluster_version"
                    ]
                  },
                  "vpc_config": [
                    {
                      "endpoint_private_access": {
                        "references": [
                          "var.cluster_endpoint_private_access"
                        ]
                      },
                      "endpoint_public_access": {
                        "references": [
                          "var.cluster_endpoint_public_access"
                        ]
                      },
                      "public_access_cidrs": {
                        "references": [
                          "var.cluster_endpoint_public_access_cidrs"
                        ]
                      },
                      "security_group_ids": {
                        "references": [
                          "var.cluster_additional_security_group_ids",
                          "local.cluster_security_group_id"
                        ]
                      },
                      "subnet_ids": {
                        "references": [
                          "var.control_plane_subnet_ids",
                          "var.subnet_ids"
                        ]
                      }
                    }
                  ]
                },
                "schema_version": 0,
                "count_expression": {
                  "references": [
                    "local.create"
                  ]
                },
                "depends_on": [
                  "aws_iam_role_policy_attachment.this",
                  "aws_security_group_rule.cluster",
                  "aws_security_group_rule.node",
                  "aws_cloudwatch_log_group.this",
                  "aws_iam_policy.cni_ipv6_policy"
                ]
              },
              {
                "address": "aws_eks_identity_provider_config.this",
                "mode": "managed",
                "type": "aws_eks_identity_provider_config",
                "name": "this",
                "provider_config_key": "aws",
                "expressions": {
                  "cluster_name": {
                    "references": [
                      "aws_eks_cluster.this[0].name",
                      "aws_eks_cluster.this[0]",
                      "aws_eks_cluster.this"
                    ]
                  },
                  "oidc": [
                    {
                      "client_id": {
                        "references": [
                          "each.value.client_id",
                          "each.value"
                        ]
                      },
                      "groups_claim": {
                        "references": [
                          "each.value"
                        ]
                      },
                      "groups_prefix": {
                        "references": [
                          "each.value"
                        ]
                      },
                      "identity_provider_config_name": {
                        "references": [
                          "each.value.identity_provider_config_name",
                          "each.value",
                          "each.key"
                        ]
                      },
                      "issuer_url": {
                        "references": [
                          "each.value.issuer_url",
                          "each.value",
                          "aws_eks_cluster.this[0].identity[0].oidc[0].issuer",
                          "aws_eks_cluster.this[0].identity[0].oidc[0]",
                          "aws_eks_cluster.this[0].identity[0].oidc",
                          "aws_eks_cluster.this[0].identity[0]",
                          "aws_eks_cluster.this[0].identity",
                          "aws_eks_cluster.this[0]",
                          "aws_eks_cluster.this"
                        ]
                      },
                      "required_claims": {
                        "references": [
                          "each.value"
                        ]
                      },
                      "username_claim": {
                        "references": [
                          "each.value"
                        ]
                      },
                      "username_prefix": {
                        "references": [
                          "each.value"
                        ]
                      }
                    }
                  ],
                  "tags": {
                    "references": [
                      "var.tags"
                    ]
                  }
                },
                "schema_version": 0,
                "for_each_expression": {
                  "references": [
                    "var.cluster_identity_providers",
                    "local.create",
                    "local.create_outposts_local_cluster"
                  ]
                }
              },
              {
                "address": "aws_iam_openid_connect_provider.oidc_provider",
                "mode": "managed",
                "type": "aws_iam_openid_connect_provider",
                "name": "oidc_provider",
                "provider_config_key": "aws",
                "expressions": {
                  "client_id_list": {
                    "references": [
                      "local.dns_suffix",
                      "var.openid_connect_audiences"
                    ]
                  },
                  "tags": {
                    "references": [
                      "var.cluster_name",
                      "var.tags"
                    ]
                  },
                  "thumbprint_list": {
                    "references": [
                      "local.oidc_root_ca_thumbprint",
                      "var.custom_oidc_thumbprints"
                    ]
                  },
                  "url": {
                    "references": [
                      "aws_eks_cluster.this[0].identity[0].oidc[0].issuer",
                      "aws_eks_cluster.this[0].identity[0].oidc[0]",
                      "aws_eks_cluster.this[0].identity[0].oidc",
                      "aws_eks_cluster.this[0].identity[0]",
                      "aws_eks_cluster.this[0].identity",
                      "aws_eks_cluster.this[0]",
                      "aws_eks_cluster.this"
                    ]
                  }
                },
                "schema_version": 0,
                "count_expression": {
                  "references": [
                    "local.create_oidc_provider"
                  ]
                }
              },
              {
                "address": "aws_iam_policy.cluster_encryption",
                "mode": "managed",
                "type": "aws_iam_policy",
                "name": "cluster_encryption",
                "provider_config_key": "aws",
                "expressions": {
                  "description": {
                    "references": [
                      "var.cluster_encryption_policy_description"
                    ]
                  },
                  "name": {
                    "references": [
                      "var.cluster_encryption_policy_use_name_prefix",
                      "local.cluster_encryption_policy_name"
                    ]
                  },
                  "name_prefix": {
                    "references": [
                      "var.cluster_encryption_policy_use_name_prefix",
                      "local.cluster_encryption_policy_name"
                    ]
                  },
                  "path": {
                    "references": [
                      "var.cluster_encryption_policy_path"
                    ]
                  },
                  "policy": {
                    "references": [
                      "var.create_kms_key",
                      "module.kms.key_arn",
                      "module.kms",
                      "var.cluster_encryption_config.provider_key_arn",
                      "var.cluster_encryption_config"
                    ]
                  },
                  "tags": {
                    "references": [
                      "var.tags",
                      "var.cluster_encryption_policy_tags"
                    ]
                  }
                },
                "schema_version": 0,
                "count_expression": {
                  "references": [
                    "local.create_iam_role",
                    "var.attach_cluster_encryption_policy",
                    "local.enable_cluster_encryption_config"
                  ]
                }
              },
              {
                "address": "aws_iam_policy.cni_ipv6_policy",
                "mode": "managed",
                "type": "aws_iam_policy",
                "name": "cni_ipv6_policy",
                "provider_config_key": "aws",
                "expressions": {
                  "description": {
                    "constant_value": "IAM policy for EKS CNI to assign IPV6 addresses"
                  },
                  "name": {
                    "constant_value": "AmazonEKS_CNI_IPv6_Policy"
                  },
                  "policy": {
                    "references": [
                      "data.aws_iam_policy_document.cni_ipv6_policy[0].json",
                      "data.aws_iam_policy_document.cni_ipv6_policy[0]",
                      "data.aws_iam_policy_document.cni_ipv6_policy"
                    ]
                  },
                  "tags": {
                    "references": [
                      "var.tags"
                    ]
                  }
                },
                "schema_version": 0,
                "count_expression": {
                  "references": [
                    "var.create",
                    "var.create_cni_ipv6_iam_policy"
                  ]
                }
              },
              {
                "address": "aws_iam_role.this",
                "mode": "managed",
                "type": "aws_iam_role",
                "name": "this",
                "provider_config_key": "aws",
                "expressions": {
                  "assume_role_policy": {
                    "references": [
                      "data.aws_iam_policy_document.assume_role_policy[0].json",
                      "data.aws_iam_policy_document.assume_role_policy[0]",
                      "data.aws_iam_policy_document.assume_role_policy"
                    ]
                  },
                  "description": {
                    "references": [
                      "var.iam_role_description"
                    ]
                  },
                  "force_detach_policies": {
                    "constant_value": true
                  },
                  "name": {
                    "references": [
                      "var.iam_role_use_name_prefix",
                      "local.iam_role_name"
                    ]
                  },
                  "name_prefix": {
                    "references": [
                      "var.iam_role_use_name_prefix",
                      "local.iam_role_name",
                      "var.prefix_separator"
                    ]
                  },
                  "path": {
                    "references": [
                      "var.iam_role_path"
                    ]
                  },
                  "permissions_boundary": {
                    "references": [
                      "var.iam_role_permissions_boundary"
                    ]
                  },
                  "tags": {
                    "references": [
                      "var.tags",
                      "var.iam_role_tags"
                    ]
                  }
                },
                "schema_version": 0,
                "count_expression": {
                  "references": [
                    "local.create_iam_role"
                  ]
                }
              },
              {
                "address": "aws_iam_role_policy_attachment.additional",
                "mode": "managed",
                "type": "aws_iam_role_policy_attachment",
                "name": "additional",
                "provider_config_key": "aws",
                "expressions": {
                  "policy_arn": {
                    "references": [
                      "each.value"
                    ]
                  },
                  "role": {
                    "references": [
                      "aws_iam_role.this[0].name",
                      "aws_iam_role.this[0]",
                      "aws_iam_role.this"
                    ]
                  }
                },
                "schema_version": 0,
                "for_each_expression": {
                  "references": [
                    "var.iam_role_additional_policies",
                    "local.create_iam_role"
                  ]
                }
              },
              {
                "address": "aws_iam_role_policy_attachment.cluster_encryption",
                "mode": "managed",
                "type": "aws_iam_role_policy_attachment",
                "name": "cluster_encryption",
                "provider_config_key": "aws",
                "expressions": {
                  "policy_arn": {
                    "references": [
                      "aws_iam_policy.cluster_encryption[0].arn",
                      "aws_iam_policy.cluster_encryption[0]",
                      "aws_iam_policy.cluster_encryption"
                    ]
                  },
                  "role": {
                    "references": [
                      "aws_iam_role.this[0].name",
                      "aws_iam_role.this[0]",
                      "aws_iam_role.this"
                    ]
                  }
                },
                "schema_version": 0,
                "count_expression": {
                  "references": [
                    "local.create_iam_role",
                    "var.attach_cluster_encryption_policy",
                    "local.enable_cluster_encryption_config"
                  ]
                }
              },
              {
                "address": "aws_iam_role_policy_attachment.this",
                "mode": "managed",
                "type": "aws_iam_role_policy_attachment",
                "name": "this",
                "provider_config_key": "aws",
                "expressions": {
                  "policy_arn": {
                    "references": [
                      "each.value"
                    ]
                  },
                  "role": {
                    "references": [
                      "aws_iam_role.this[0].name",
                      "aws_iam_role.this[0]",
                      "aws_iam_role.this"
                    ]
                  }
                },
                "schema_version": 0,
                "for_each_expression": {
                  "references": [
                    "local.create_outposts_local_cluster",
                    "local.iam_role_policy_prefix",
                    "local.iam_role_policy_prefix",
                    "local.iam_role_policy_prefix",
                    "local.create_iam_role"
                  ]
                }
              },
              {
                "address": "aws_security_group.cluster",
                "mode": "managed",
                "type": "aws_security_group",
                "name": "cluster",
                "provider_config_key": "aws",
                "expressions": {
                  "description": {
                    "references": [
                      "var.cluster_security_group_description"
                    ]
                  },
                  "name": {
                    "references": [
                      "var.cluster_security_group_use_name_prefix",
                      "local.cluster_sg_name"
                    ]
                  },
                  "name_prefix": {
                    "references": [
                      "var.cluster_security_group_use_name_prefix",
                      "local.cluster_sg_name",
                      "var.prefix_separator"
                    ]
                  },
                  "tags": {
                    "references": [
                      "var.tags",
                      "local.cluster_sg_name",
                      "var.cluster_security_group_tags"
                    ]
                  },
                  "vpc_id": {
                    "references": [
                      "var.vpc_id"
                    ]
                  }
                },
                "schema_version": 1,
                "count_expression": {
                  "references": [
                    "local.create_cluster_sg"
                  ]
                }
              },
              {
                "address": "aws_security_group.node",
                "mode": "managed",
                "type": "aws_security_group",
                "name": "node",
                "provider_config_key": "aws",
                "expressions": {
                  "description": {
                    "references": [
                      "var.node_security_group_description"
                    ]
                  },
                  "name": {
                    "references": [
                      "var.node_security_group_use_name_prefix",
                      "local.node_sg_name"
                    ]
                  },
                  "name_prefix": {
                    "references": [
                      "var.node_security_group_use_name_prefix",
                      "local.node_sg_name",
                      "var.prefix_separator"
                    ]
                  },
                  "tags": {
                    "references": [
                      "var.tags",
                      "local.node_sg_name",
                      "var.cluster_name",
                      "var.node_security_group_tags"
                    ]
                  },
                  "vpc_id": {
                    "references": [
                      "var.vpc_id"
                    ]
                  }
                },
                "schema_version": 1,
                "count_expression": {
                  "references": [
                    "local.create_node_sg"
                  ]
                }
              },
              {
                "address": "aws_security_group_rule.cluster",
                "mode": "managed",
                "type": "aws_security_group_rule",
                "name": "cluster",
                "provider_config_key": "aws",
                "expressions": {
                  "cidr_blocks": {
                    "references": [
                      "each.value"
                    ]
                  },
                  "description": {
                    "references": [
                      "each.value"
                    ]
                  },
                  "from_port": {
                    "references": [
                      "each.value.from_port",
                      "each.value"
                    ]
                  },
                  "ipv6_cidr_blocks": {
                    "references": [
                      "each.value"
                    ]
                  },
                  "prefix_list_ids": {
                    "references": [
                      "each.value"
                    ]
                  },
                  "protocol": {
                    "references": [
                      "each.value.protocol",
                      "each.value"
                    ]
                  },
                  "security_group_id": {
                    "references": [
                      "aws_security_group.cluster[0].id",
                      "aws_security_group.cluster[0]",
                      "aws_security_group.cluster"
                    ]
                  },
                  "self": {
                    "references": [
                      "each.value"
                    ]
                  },
                  "source_security_group_id": {
                    "references": [
                      "each.value.source_node_security_group",
                      "each.value",
                      "local.node_security_group_id",
                      "each.value"
                    ]
                  },
                  "to_port": {
                    "references": [
                      "each.value.to_port",
                      "each.value"
                    ]
                  },
                  "type": {
                    "references": [
                      "each.value.type",
                      "each.value"
                    ]
                  }
                },
                "schema_version": 2,
                "for_each_expression": {
                  "references": [
                    "local.cluster_security_group_rules",
                    "var.cluster_security_group_additional_rules",
                    "local.create_cluster_sg"
                  ]
                }
              },
              {
                "address": "aws_security_group_rule.node",
                "mode": "managed",
                "type": "aws_security_group_rule",
                "name": "node",
                "provider_config_key": "aws",
                "expressions": {
                  "cidr_blocks": {
                    "references": [
                      "each.value"
                    ]
                  },
                  "description": {
                    "references": [
                      "each.value"
                    ]
                  },
                  "from_port": {
                    "references": [
                      "each.value.from_port",
                      "each.value"
                    ]
                  },
                  "ipv6_cidr_blocks": {
                    "references": [
                      "each.value"
                    ]
                  },
                  "prefix_list_ids": {
                    "references": [
                      "each.value"
                    ]
                  },
                  "protocol": {
                    "references": [
                      "each.value.protocol",
                      "each.value"
                    ]
                  },
                  "security_group_id": {
                    "references": [
                      "aws_security_group.node[0].id",
                      "aws_security_group.node[0]",
                      "aws_security_group.node"
                    ]
                  },
                  "self": {
                    "references": [
                      "each.value"
                    ]
                  },
                  "source_security_group_id": {
                    "references": [
                      "each.value.source_cluster_security_group",
                      "each.value",
                      "local.cluster_security_group_id",
                      "each.value"
                    ]
                  },
                  "to_port": {
                    "references": [
                      "each.value.to_port",
                      "each.value"
                    ]
                  },
                  "type": {
                    "references": [
                      "each.value.type",
                      "each.value"
                    ]
                  }
                },
                "schema_version": 2,
                "for_each_expression": {
                  "references": [
                    "local.node_security_group_rules",
                    "local.node_security_group_recommended_rules",
                    "var.node_security_group_additional_rules",
                    "local.create_node_sg"
                  ]
                }
              },
              {
                "address": "kubernetes_config_map.aws_auth",
                "mode": "managed",
                "type": "kubernetes_config_map",
                "name": "aws_auth",
                "provider_config_key": "kubernetes",
                "expressions": {
                  "data": {
                    "references": [
                      "local.aws_auth_configmap_data"
                    ]
                  },
                  "metadata": [
                    {
                      "name": {
                        "constant_value": "aws-auth"
                      },
                      "namespace": {
                        "constant_value": "kube-system"
                      }
                    }
                  ]
                },
                "schema_version": 0,
                "count_expression": {
                  "references": [
                    "var.create",
                    "var.create_aws_auth_configmap"
                  ]
                }
              },
              {
                "address": "kubernetes_config_map_v1_data.aws_auth",
                "mode": "managed",
                "type": "kubernetes_config_map_v1_data",
                "name": "aws_auth",
                "provider_config_key": "kubernetes",
                "expressions": {
                  "data": {
                    "references": [
                      "local.aws_auth_configmap_data"
                    ]
                  },
                  "force": {
                    "constant_value": true
                  },
                  "metadata": [
                    {
                      "name": {
                        "constant_value": "aws-auth"
                      },
                      "namespace": {
                        "constant_value": "kube-system"
                      }
                    }
                  ]
                },
                "schema_version": 0,
                "count_expression": {
                  "references": [
                    "var.create",
                    "var.manage_aws_auth_configmap"
                  ]
                },
                "depends_on": [
                  "kubernetes_config_map.aws_auth"
                ]
              },
              {
                "address": "time_sleep.this",
                "mode": "managed",
                "type": "time_sleep",
                "name": "this",
                "provider_config_key": "module.eks:time",
                "expressions": {
                  "create_duration": {
                    "references": [
                      "var.dataplane_wait_duration"
                    ]
                  },
                  "triggers": {
                    "references": [
                      "aws_eks_cluster.this[0].name",
                      "aws_eks_cluster.this[0]",
                      "aws_eks_cluster.this",
                      "aws_eks_cluster.this[0].endpoint",
                      "aws_eks_cluster.this[0]",
                      "aws_eks_cluster.this",
                      "aws_eks_cluster.this[0].version",
                      "aws_eks_cluster.this[0]",
                      "aws_eks_cluster.this",
                      "aws_eks_cluster.this[0].certificate_authority[0].data",
                      "aws_eks_cluster.this[0].certificate_authority[0]",
                      "aws_eks_cluster.this[0].certificate_authority",
                      "aws_eks_cluster.this[0]",
                      "aws_eks_cluster.this"
                    ]
                  }
                },
                "schema_version": 0,
                "count_expression": {
                  "references": [
                    "var.create"
                  ]
                }
              },
              {
                "address": "data.aws_caller_identity.current",
                "mode": "data",
                "type": "aws_caller_identity",
                "name": "current",
                "provider_config_key": "aws",
                "schema_version": 0
              },
              {
                "address": "data.aws_eks_addon_version.this",
                "mode": "data",
                "type": "aws_eks_addon_version",
                "name": "this",
                "provider_config_key": "aws",
                "expressions": {
                  "addon_name": {
                    "references": [
                      "each.value.name",
                      "each.value",
                      "each.key"
                    ]
                  },
                  "kubernetes_version": {
                    "references": [
                      "var.cluster_version",
                      "aws_eks_cluster.this[0].version",
                      "aws_eks_cluster.this[0]",
                      "aws_eks_cluster.this"
                    ]
                  },
                  "most_recent": {
                    "references": [
                      "each.value.most_recent",
                      "each.value"
                    ]
                  }
                },
                "schema_version": 0,
                "for_each_expression": {
                  "references": [
                    "var.cluster_addons",
                    "local.create",
                    "local.create_outposts_local_cluster"
                  ]
                }
              },
              {
                "address": "data.aws_iam_policy_document.assume_role_policy",
                "mode": "data",
                "type": "aws_iam_policy_document",
                "name": "assume_role_policy",
                "provider_config_key": "aws",
                "expressions": {
                  "statement": [
                    {
                      "actions": {
                        "constant_value": [
                          "sts:AssumeRole"
                        ]
                      },
                      "principals": [
                        {
                          "identifiers": {
                            "references": [
                              "local.dns_suffix"
                            ]
                          },
                          "type": {
                            "constant_value": "Service"
                          }
                        }
                      ],
                      "sid": {
                        "constant_value": "EKSClusterAssumeRole"
                      }
                    }
                  ]
                },
                "schema_version": 0,
                "count_expression": {
                  "references": [
                    "local.create",
                    "var.create_iam_role"
                  ]
                }
              },
              {
                "address": "data.aws_iam_policy_document.cni_ipv6_policy",
                "mode": "data",
                "type": "aws_iam_policy_document",
                "name": "cni_ipv6_policy",
                "provider_config_key": "aws",
                "expressions": {
                  "statement": [
                    {
                      "actions": {
                        "constant_value": [
                          "ec2:AssignIpv6Addresses",
                          "ec2:DescribeInstances",
                          "ec2:DescribeTags",
                          "ec2:DescribeNetworkInterfaces",
                          "ec2:DescribeInstanceTypes"
                        ]
                      },
                      "resources": {
                        "constant_value": [
                          "*"
                        ]
                      },
                      "sid": {
                        "constant_value": "AssignDescribe"
                      }
                    },
                    {
                      "actions": {
                        "constant_value": [
                          "ec2:CreateTags"
                        ]
                      },
                      "resources": {
                        "references": [
                          "data.aws_partition.current.partition",
                          "data.aws_partition.current"
                        ]
                      },
                      "sid": {
                        "constant_value": "CreateTags"
                      }
                    }
                  ]
                },
                "schema_version": 0,
                "count_expression": {
                  "references": [
                    "var.create",
                    "var.create_cni_ipv6_iam_policy"
                  ]
                }
              },
              {
                "address": "data.aws_iam_session_context.current",
                "mode": "data",
                "type": "aws_iam_session_context",
                "name": "current",
                "provider_config_key": "aws",
                "expressions": {
                  "arn": {
                    "references": [
                      "data.aws_caller_identity.current.arn",
                      "data.aws_caller_identity.current"
                    ]
                  }
                },
                "schema_version": 0
              },
              {
                "address": "data.aws_partition.current",
                "mode": "data",
                "type": "aws_partition",
                "name": "current",
                "provider_config_key": "aws",
                "schema_version": 0
              },
              {
                "address": "data.tls_certificate.this",
                "mode": "data",
                "type": "tls_certificate",
                "name": "this",
                "provider_config_key": "module.eks:tls",
                "expressions": {
                  "url": {
                    "references": [
                      "aws_eks_cluster.this[0].identity[0].oidc[0].issuer",
                      "aws_eks_cluster.this[0].identity[0].oidc[0]",
                      "aws_eks_cluster.this[0].identity[0].oidc",
                      "aws_eks_cluster.this[0].identity[0]",
                      "aws_eks_cluster.this[0].identity",
                      "aws_eks_cluster.this[0]",
                      "aws_eks_cluster.this"
                    ]
                  }
                },
                "schema_version": 0,
                "count_expression": {
                  "references": [
                    "local.create_oidc_provider",
                    "var.include_oidc_root_ca_thumbprint"
                  ]
                }
              }
            ],
            "module_calls": {
              "eks_managed_node_group": {
                "source": "./modules/eks-managed-node-group",
                "expressions": {
                  "ami_id": {
                    "references": [
                      "each.value.ami_id",
                      "each.value",
                      "var.eks_managed_node_group_defaults.ami_id",
                      "var.eks_managed_node_group_defaults"
                    ]
                  },
                  "ami_release_version": {
                    "references": [
                      "each.value.ami_release_version",
                      "each.value",
                      "var.eks_managed_node_group_defaults.ami_release_version",
                      "var.eks_managed_node_group_defaults"
                    ]
                  },
                  "ami_type": {
                    "references": [
                      "each.value.ami_type",
                      "each.value",
                      "var.eks_managed_node_group_defaults.ami_type",
                      "var.eks_managed_node_group_defaults"
                    ]
                  },
                  "block_device_mappings": {
                    "references": [
                      "each.value.block_device_mappings",
                      "each.value",
                      "var.eks_managed_node_group_defaults.block_device_mappings",
                      "var.eks_managed_node_group_defaults"
                    ]
                  },
                  "bootstrap_extra_args": {
                    "references": [
                      "each.value.bootstrap_extra_args",
                      "each.value",
                      "var.eks_managed_node_group_defaults.bootstrap_extra_args",
                      "var.eks_managed_node_group_defaults"
                    ]
                  },
                  "capacity_reservation_specification": {
                    "references": [
                      "each.value.capacity_reservation_specification",
                      "each.value",
                      "var.eks_managed_node_group_defaults.capacity_reservation_specification",
                      "var.eks_managed_node_group_defaults"
                    ]
                  },
                  "capacity_type": {
                    "references": [
                      "each.value.capacity_type",
                      "each.value",
                      "var.eks_managed_node_group_defaults.capacity_type",
                      "var.eks_managed_node_group_defaults"
                    ]
                  },
                  "cluster_auth_base64": {
                    "references": [
                      "time_sleep.this[0].triggers[\"cluster_certificate_authority_data\"]",
                      "time_sleep.this[0].triggers",
                      "time_sleep.this[0]",
                      "time_sleep.this"
                    ]
                  },
                  "cluster_endpoint": {
                    "references": [
                      "time_sleep.this[0].triggers[\"cluster_endpoint\"]",
                      "time_sleep.this[0].triggers",
                      "time_sleep.this[0]",
                      "time_sleep.this"
                    ]
                  },
                  "cluster_ip_family": {
                    "references": [
                      "var.cluster_ip_family"
                    ]
                  },
                  "cluster_name": {
                    "references": [
                      "time_sleep.this[0].triggers[\"cluster_name\"]",
                      "time_sleep.this[0].triggers",
                      "time_sleep.this[0]",
                      "time_sleep.this"
                    ]
                  },
                  "cluster_primary_security_group_id": {
                    "references": [
                      "each.value.attach_cluster_primary_security_group",
                      "each.value",
                      "var.eks_managed_node_group_defaults.attach_cluster_primary_security_group",
                      "var.eks_managed_node_group_defaults",
                      "aws_eks_cluster.this[0].vpc_config[0].cluster_security_group_id",
                      "aws_eks_cluster.this[0].vpc_config[0]",
                      "aws_eks_cluster.this[0].vpc_config",
                      "aws_eks_cluster.this[0]",
                      "aws_eks_cluster.this"
                    ]
                  },
                  "cluster_service_ipv4_cidr": {
                    "references": [
                      "var.cluster_service_ipv4_cidr"
                    ]
                  },
                  "cluster_version": {
                    "references": [
                      "each.value.cluster_version",
                      "each.value",
                      "var.eks_managed_node_group_defaults.cluster_version",
                      "var.eks_managed_node_group_defaults",
                      "time_sleep.this[0].triggers[\"cluster_version\"]",
                      "time_sleep.this[0].triggers",
                      "time_sleep.this[0]",
                      "time_sleep.this"
                    ]
                  },
                  "cpu_options": {
                    "references": [
                      "each.value.cpu_options",
                      "each.value",
                      "var.eks_managed_node_group_defaults.cpu_options",
                      "var.eks_managed_node_group_defaults"
                    ]
                  },
                  "create": {
                    "references": [
                      "each.value.create",
                      "each.value"
                    ]
                  },
                  "create_iam_role": {
                    "references": [
                      "each.value.create_iam_role",
                      "each.value",
                      "var.eks_managed_node_group_defaults.create_iam_role",
                      "var.eks_managed_node_group_defaults"
                    ]
                  },
                  "create_launch_template": {
                    "references": [
                      "each.value.create_launch_template",
                      "each.value",
                      "var.eks_managed_node_group_defaults.create_launch_template",
                      "var.eks_managed_node_group_defaults"
                    ]
                  },
                  "create_schedule": {
                    "references": [
                      "each.value.create_schedule",
                      "each.value",
                      "var.eks_managed_node_group_defaults.create_schedule",
                      "var.eks_managed_node_group_defaults"
                    ]
                  },
                  "credit_specification": {
                    "references": [
                      "each.value.credit_specification",
                      "each.value",
                      "var.eks_managed_node_group_defaults.credit_specification",
                      "var.eks_managed_node_group_defaults"
                    ]
                  },
                  "desired_size": {
                    "references": [
                      "each.value.desired_size",
                      "each.value",
                      "var.eks_managed_node_group_defaults.desired_size",
                      "var.eks_managed_node_group_defaults"
                    ]
                  },
                  "disable_api_termination": {
                    "references": [
                      "each.value.disable_api_termination",
                      "each.value",
                      "var.eks_managed_node_group_defaults.disable_api_termination",
                      "var.eks_managed_node_group_defaults"
                    ]
                  },
                  "disk_size": {
                    "references": [
                      "each.value.disk_size",
                      "each.value",
                      "var.eks_managed_node_group_defaults.disk_size",
                      "var.eks_managed_node_group_defaults"
                    ]
                  },
                  "ebs_optimized": {
                    "references": [
                      "each.value.ebs_optimized",
                      "each.value",
                      "var.eks_managed_node_group_defaults.ebs_optimized",
                      "var.eks_managed_node_group_defaults"
                    ]
                  },
                  "elastic_gpu_specifications": {
                    "references": [
                      "each.value.elastic_gpu_specifications",
                      "each.value",
                      "var.eks_managed_node_group_defaults.elastic_gpu_specifications",
                      "var.eks_managed_node_group_defaults"
                    ]
                  },
                  "elastic_inference_accelerator": {
                    "references": [
                      "each.value.elastic_inference_accelerator",
                      "each.value",
                      "var.eks_managed_node_group_defaults.elastic_inference_accelerator",
                      "var.eks_managed_node_group_defaults"
                    ]
                  },
                  "enable_bootstrap_user_data": {
                    "references": [
                      "each.value.enable_bootstrap_user_data",
                      "each.value",
                      "var.eks_managed_node_group_defaults.enable_bootstrap_user_data",
                      "var.eks_managed_node_group_defaults"
                    ]
                  },
                  "enable_monitoring": {
                    "references": [
                      "each.value.enable_monitoring",
                      "each.value",
                      "var.eks_managed_node_group_defaults.enable_monitoring",
                      "var.eks_managed_node_group_defaults"
                    ]
                  },
                  "enclave_options": {
                    "references": [
                      "each.value.enclave_options",
                      "each.value",
                      "var.eks_managed_node_group_defaults.enclave_options",
                      "var.eks_managed_node_group_defaults"
                    ]
                  },
                  "force_update_version": {
                    "references": [
                      "each.value.force_update_version",
                      "each.value",
                      "var.eks_managed_node_group_defaults.force_update_version",
                      "var.eks_managed_node_group_defaults"
                    ]
                  },
                  "iam_role_additional_policies": {
                    "references": [
                      "each.value",
                      "var.eks_managed_node_group_defaults"
                    ]
                  },
                  "iam_role_arn": {
                    "references": [
                      "each.value.iam_role_arn",
                      "each.value",
                      "var.eks_managed_node_group_defaults.iam_role_arn",
                      "var.eks_managed_node_group_defaults"
                    ]
                  },
                  "iam_role_attach_cni_policy": {
                    "references": [
                      "each.value.iam_role_attach_cni_policy",
                      "each.value",
                      "var.eks_managed_node_group_defaults.iam_role_attach_cni_policy",
                      "var.eks_managed_node_group_defaults"
                    ]
                  },
                  "iam_role_description": {
                    "references": [
                      "each.value.iam_role_description",
                      "each.value",
                      "var.eks_managed_node_group_defaults.iam_role_description",
                      "var.eks_managed_node_group_defaults"
                    ]
                  },
                  "iam_role_name": {
                    "references": [
                      "each.value.iam_role_name",
                      "each.value",
                      "var.eks_managed_node_group_defaults.iam_role_name",
                      "var.eks_managed_node_group_defaults"
                    ]
                  },
                  "iam_role_path": {
                    "references": [
                      "each.value.iam_role_path",
                      "each.value",
                      "var.eks_managed_node_group_defaults.iam_role_path",
                      "var.eks_managed_node_group_defaults"
                    ]
                  },
                  "iam_role_permissions_boundary": {
                    "references": [
                      "each.value.iam_role_permissions_boundary",
                      "each.value",
                      "var.eks_managed_node_group_defaults.iam_role_permissions_boundary",
                      "var.eks_managed_node_group_defaults"
                    ]
                  },
                  "iam_role_tags": {
                    "references": [
                      "each.value.iam_role_tags",
                      "each.value",
                      "var.eks_managed_node_group_defaults.iam_role_tags",
                      "var.eks_managed_node_group_defaults"
                    ]
                  },
                  "iam_role_use_name_prefix": {
                    "references": [
                      "each.value.iam_role_use_name_prefix",
                      "each.value",
                      "var.eks_managed_node_group_defaults.iam_role_use_name_prefix",
                      "var.eks_managed_node_group_defaults"
                    ]
                  },
                  "instance_market_options": {
                    "references": [
                      "each.value.instance_market_options",
                      "each.value",
                      "var.eks_managed_node_group_defaults.instance_market_options",
                      "var.eks_managed_node_group_defaults"
                    ]
                  },
                  "instance_types": {
                    "references": [
                      "each.value.instance_types",
                      "each.value",
                      "var.eks_managed_node_group_defaults.instance_types",
                      "var.eks_managed_node_group_defaults"
                    ]
                  },
                  "kernel_id": {
                    "references": [
                      "each.value.kernel_id",
                      "each.value",
                      "var.eks_managed_node_group_defaults.kernel_id",
                      "var.eks_managed_node_group_defaults"
                    ]
                  },
                  "key_name": {
                    "references": [
                      "each.value.key_name",
                      "each.value",
                      "var.eks_managed_node_group_defaults.key_name",
                      "var.eks_managed_node_group_defaults"
                    ]
                  },
                  "labels": {
                    "references": [
                      "each.value.labels",
                      "each.value",
                      "var.eks_managed_node_group_defaults.labels",
                      "var.eks_managed_node_group_defaults"
                    ]
                  },
                  "launch_template_default_version": {
                    "references": [
                      "each.value.launch_template_default_version",
                      "each.value",
                      "var.eks_managed_node_group_defaults.launch_template_default_version",
                      "var.eks_managed_node_group_defaults"
                    ]
                  },
                  "launch_template_description": {
                    "references": [
                      "each.value.launch_template_description",
                      "each.value",
                      "var.eks_managed_node_group_defaults.launch_template_description",
                      "var.eks_managed_node_group_defaults",
                      "each.value.name",
                      "each.value",
                      "each.key"
                    ]
                  },
                  "launch_template_id": {
                    "references": [
                      "each.value.launch_template_id",
                      "each.value",
                      "var.eks_managed_node_group_defaults.launch_template_id",
                      "var.eks_managed_node_group_defaults"
                    ]
                  },
                  "launch_template_name": {
                    "references": [
                      "each.value.launch_template_name",
                      "each.value",
                      "var.eks_managed_node_group_defaults.launch_template_name",
                      "var.eks_managed_node_group_defaults",
                      "each.key"
                    ]
                  },
                  "launch_template_tags": {
                    "references": [
                      "each.value.launch_template_tags",
                      "each.value",
                      "var.eks_managed_node_group_defaults.launch_template_tags",
                      "var.eks_managed_node_group_defaults"
                    ]
                  },
                  "launch_template_use_name_prefix": {
                    "references": [
                      "each.value.launch_template_use_name_prefix",
                      "each.value",
                      "var.eks_managed_node_group_defaults.launch_template_use_name_prefix",
                      "var.eks_managed_node_group_defaults"
                    ]
                  },
                  "launch_template_version": {
                    "references": [
                      "each.value.launch_template_version",
                      "each.value",
                      "var.eks_managed_node_group_defaults.launch_template_version",
                      "var.eks_managed_node_group_defaults"
                    ]
                  },
                  "license_specifications": {
                    "references": [
                      "each.value.license_specifications",
                      "each.value",
                      "var.eks_managed_node_group_defaults.license_specifications",
                      "var.eks_managed_node_group_defaults"
                    ]
                  },
                  "maintenance_options": {
                    "references": [
                      "each.value.maintenance_options",
                      "each.value",
                      "var.eks_managed_node_group_defaults.maintenance_options",
                      "var.eks_managed_node_group_defaults"
                    ]
                  },
                  "max_size": {
                    "references": [
                      "each.value.max_size",
                      "each.value",
                      "var.eks_managed_node_group_defaults.max_size",
                      "var.eks_managed_node_group_defaults"
                    ]
                  },
                  "metadata_options": {
                    "references": [
                      "each.value.metadata_options",
                      "each.value",
                      "var.eks_managed_node_group_defaults.metadata_options",
                      "var.eks_managed_node_group_defaults",
                      "local.metadata_options"
                    ]
                  },
                  "min_size": {
                    "references": [
                      "each.value.min_size",
                      "each.value",
                      "var.eks_managed_node_group_defaults.min_size",
                      "var.eks_managed_node_group_defaults"
                    ]
                  },
                  "name": {
                    "references": [
                      "each.value.name",
                      "each.value",
                      "each.key"
                    ]
                  },
                  "network_interfaces": {
                    "references": [
                      "each.value.network_interfaces",
                      "each.value",
                      "var.eks_managed_node_group_defaults.network_interfaces",
                      "var.eks_managed_node_group_defaults"
                    ]
                  },
                  "placement": {
                    "references": [
                      "each.value.placement",
                      "each.value",
                      "var.eks_managed_node_group_defaults.placement",
                      "var.eks_managed_node_group_defaults"
                    ]
                  },
                  "platform": {
                    "references": [
                      "each.value.platform",
                      "each.value",
                      "var.eks_managed_node_group_defaults.platform",
                      "var.eks_managed_node_group_defaults"
                    ]
                  },
                  "post_bootstrap_user_data": {
                    "references": [
                      "each.value.post_bootstrap_user_data",
                      "each.value",
                      "var.eks_managed_node_group_defaults.post_bootstrap_user_data",
                      "var.eks_managed_node_group_defaults"
                    ]
                  },
                  "pre_bootstrap_user_data": {
                    "references": [
                      "each.value.pre_bootstrap_user_data",
                      "each.value",
                      "var.eks_managed_node_group_defaults.pre_bootstrap_user_data",
                      "var.eks_managed_node_group_defaults"
                    ]
                  },
                  "private_dns_name_options": {
                    "references": [
                      "each.value.private_dns_name_options",
                      "each.value",
                      "var.eks_managed_node_group_defaults.private_dns_name_options",
                      "var.eks_managed_node_group_defaults"
                    ]
                  },
                  "ram_disk_id": {
                    "references": [
                      "each.value.ram_disk_id",
                      "each.value",
                      "var.eks_managed_node_group_defaults.ram_disk_id",
                      "var.eks_managed_node_group_defaults"
                    ]
                  },
                  "remote_access": {
                    "references": [
                      "each.value.remote_access",
                      "each.value",
                      "var.eks_managed_node_group_defaults.remote_access",
                      "var.eks_managed_node_group_defaults"
                    ]
                  },
                  "schedules": {
                    "references": [
                      "each.value.schedules",
                      "each.value",
                      "var.eks_managed_node_group_defaults.schedules",
                      "var.eks_managed_node_group_defaults"
                    ]
                  },
                  "subnet_ids": {
                    "references": [
                      "each.value.subnet_ids",
                      "each.value",
                      "var.eks_managed_node_group_defaults.subnet_ids",
                      "var.eks_managed_node_group_defaults",
                      "var.subnet_ids"
                    ]
                  },
                  "tag_specifications": {
                    "references": [
                      "each.value.tag_specifications",
                      "each.value",
                      "var.eks_managed_node_group_defaults.tag_specifications",
                      "var.eks_managed_node_group_defaults"
                    ]
                  },
                  "tags": {
                    "references": [
                      "var.tags",
                      "each.value.tags",
                      "each.value",
                      "var.eks_managed_node_group_defaults.tags",
                      "var.eks_managed_node_group_defaults"
                    ]
                  },
                  "taints": {
                    "references": [
                      "each.value.taints",
                      "each.value",
                      "var.eks_managed_node_group_defaults.taints",
                      "var.eks_managed_node_group_defaults"
                    ]
                  },
                  "timeouts": {
                    "references": [
                      "each.value.timeouts",
                      "each.value",
                      "var.eks_managed_node_group_defaults.timeouts",
                      "var.eks_managed_node_group_defaults"
                    ]
                  },
                  "update_config": {
                    "references": [
                      "each.value.update_config",
                      "each.value",
                      "var.eks_managed_node_group_defaults.update_config",
                      "var.eks_managed_node_group_defaults",
                      "local.default_update_config"
                    ]
                  },
                  "update_launch_template_default_version": {
                    "references": [
                      "each.value.update_launch_template_default_version",
                      "each.value",
                      "var.eks_managed_node_group_defaults.update_launch_template_default_version",
                      "var.eks_managed_node_group_defaults"
                    ]
                  },
                  "use_custom_launch_template": {
                    "references": [
                      "each.value.use_custom_launch_template",
                      "each.value",
                      "var.eks_managed_node_group_defaults.use_custom_launch_template",
                      "var.eks_managed_node_group_defaults"
                    ]
                  },
                  "use_name_prefix": {
                    "references": [
                      "each.value.use_name_prefix",
                      "each.value",
                      "var.eks_managed_node_group_defaults.use_name_prefix",
                      "var.eks_managed_node_group_defaults"
                    ]
                  },
                  "user_data_template_path": {
                    "references": [
                      "each.value.user_data_template_path",
                      "each.value",
                      "var.eks_managed_node_group_defaults.user_data_template_path",
                      "var.eks_managed_node_group_defaults"
                    ]
                  },
                  "vpc_security_group_ids": {
                    "references": [
                      "local.node_security_group_id",
                      "each.value.vpc_security_group_ids",
                      "each.value",
                      "var.eks_managed_node_group_defaults.vpc_security_group_ids",
                      "var.eks_managed_node_group_defaults"
                    ]
                  }
                },
                "for_each_expression": {
                  "references": [
                    "var.eks_managed_node_groups",
                    "var.create",
                    "local.create_outposts_local_cluster"
                  ]
                },
                "module": {
                  "outputs": {
                    "autoscaling_group_schedule_arns": {
                      "expression": {
                        "references": [
                          "aws_autoscaling_schedule.this"
                        ]
                      },
                      "description": "ARNs of autoscaling group schedules"
                    },
                    "iam_role_arn": {
                      "expression": {
                        "references": [
                          "aws_iam_role.this[0].arn",
                          "aws_iam_role.this[0]",
                          "aws_iam_role.this",
                          "var.iam_role_arn"
                        ]
                      },
                      "description": "The Amazon Resource Name (ARN) specifying the IAM role"
                    },
                    "iam_role_name": {
                      "expression": {
                        "references": [
                          "aws_iam_role.this[0].name",
                          "aws_iam_role.this[0]",
                          "aws_iam_role.this"
                        ]
                      },
                      "description": "The name of the IAM role"
                    },
                    "iam_role_unique_id": {
                      "expression": {
                        "references": [
                          "aws_iam_role.this[0].unique_id",
                          "aws_iam_role.this[0]",
                          "aws_iam_role.this"
                        ]
                      },
                      "description": "Stable and unique string identifying the IAM role"
                    },
                    "launch_template_arn": {
                      "expression": {
                        "references": [
                          "aws_launch_template.this[0].arn",
                          "aws_launch_template.this[0]",
                          "aws_launch_template.this"
                        ]
                      },
                      "description": "The ARN of the launch template"
                    },
                    "launch_template_id": {
                      "expression": {
                        "references": [
                          "aws_launch_template.this[0].id",
                          "aws_launch_template.this[0]",
                          "aws_launch_template.this"
                        ]
                      },
                      "description": "The ID of the launch template"
                    },
                    "launch_template_latest_version": {
                      "expression": {
                        "references": [
                          "aws_launch_template.this[0].latest_version",
                          "aws_launch_template.this[0]",
                          "aws_launch_template.this"
                        ]
                      },
                      "description": "The latest version of the launch template"
                    },
                    "launch_template_name": {
                      "expression": {
                        "references": [
                          "aws_launch_template.this[0].name",
                          "aws_launch_template.this[0]",
                          "aws_launch_template.this"
                        ]
                      },
                      "description": "The name of the launch template"
                    },
                    "node_group_arn": {
                      "expression": {
                        "references": [
                          "aws_eks_node_group.this[0].arn",
                          "aws_eks_node_group.this[0]",
                          "aws_eks_node_group.this"
                        ]
                      },
                      "description": "Amazon Resource Name (ARN) of the EKS Node Group"
                    },
                    "node_group_autoscaling_group_names": {
                      "expression": {
                        "references": [
                          "aws_eks_node_group.this[0].resources",
                          "aws_eks_node_group.this[0]",
                          "aws_eks_node_group.this"
                        ]
                      },
                      "description": "List of the autoscaling group names"
                    },
                    "node_group_id": {
                      "expression": {
                        "references": [
                          "aws_eks_node_group.this[0].id",
                          "aws_eks_node_group.this[0]",
                          "aws_eks_node_group.this"
                        ]
                      },
                      "description": "EKS Cluster name and EKS Node Group name separated by a colon (`:`)"
                    },
                    "node_group_labels": {
                      "expression": {
                        "references": [
                          "aws_eks_node_group.this[0].labels",
                          "aws_eks_node_group.this[0]",
                          "aws_eks_node_group.this"
                        ]
                      },
                      "description": "Map of labels applied to the node group"
                    },
                    "node_group_resources": {
                      "expression": {
                        "references": [
                          "aws_eks_node_group.this[0].resources",
                          "aws_eks_node_group.this[0]",
                          "aws_eks_node_group.this"
                        ]
                      },
                      "description": "List of objects containing information about underlying resources"
                    },
                    "node_group_status": {
                      "expression": {
                        "references": [
                          "aws_eks_node_group.this[0].status",
                          "aws_eks_node_group.this[0]",
                          "aws_eks_node_group.this"
                        ]
                      },
                      "description": "Status of the EKS Node Group"
                    },
                    "node_group_taints": {
                      "expression": {
                        "references": [
                          "aws_eks_node_group.this[0].taint",
                          "aws_eks_node_group.this[0]",
                          "aws_eks_node_group.this"
                        ]
                      },
                      "description": "List of objects containing information about taints applied to the node group"
                    },
                    "platform": {
                      "expression": {
                        "references": [
                          "var.platform"
                        ]
                      },
                      "description": "Identifies if the OS platform is `bottlerocket`, `linux`, or `windows` based"
                    }
                  },
                  "resources": [
                    {
                      "address": "aws_autoscaling_schedule.this",
                      "mode": "managed",
                      "type": "aws_autoscaling_schedule",
                      "name": "this",
                      "provider_config_key": "aws",
                      "expressions": {
                        "autoscaling_group_name": {
                          "references": [
                            "aws_eks_node_group.this[0].resources[0].autoscaling_groups[0].name",
                            "aws_eks_node_group.this[0].resources[0].autoscaling_groups[0]",
                            "aws_eks_node_group.this[0].resources[0].autoscaling_groups",
                            "aws_eks_node_group.this[0].resources[0]",
                            "aws_eks_node_group.this[0].resources",
                            "aws_eks_node_group.this[0]",
                            "aws_eks_node_group.this"
                          ]
                        },
                        "desired_capacity": {
                          "references": [
                            "each.value.desired_size",
                            "each.value"
                          ]
                        },
                        "end_time": {
                          "references": [
                            "each.value.end_time",
                            "each.value"
                          ]
                        },
                        "max_size": {
                          "references": [
                            "each.value.max_size",
                            "each.value"
                          ]
                        },
                        "min_size": {
                          "references": [
                            "each.value.min_size",
                            "each.value"
                          ]
                        },
                        "recurrence": {
                          "references": [
                            "each.value.recurrence",
                            "each.value"
                          ]
                        },
                        "scheduled_action_name": {
                          "references": [
                            "each.key"
                          ]
                        },
                        "start_time": {
                          "references": [
                            "each.value.start_time",
                            "each.value"
                          ]
                        },
                        "time_zone": {
                          "references": [
                            "each.value.time_zone",
                            "each.value"
                          ]
                        }
                      },
                      "schema_version": 0,
                      "for_each_expression": {
                        "references": [
                          "var.schedules",
                          "var.create",
                          "var.create_schedule"
                        ]
                      }
                    },
                    {
                      "address": "aws_eks_node_group.this",
                      "mode": "managed",
                      "type": "aws_eks_node_group",
                      "name": "this",
                      "provider_config_key": "aws",
                      "expressions": {
                        "ami_type": {
                          "references": [
                            "var.ami_id",
                            "var.ami_type"
                          ]
                        },
                        "capacity_type": {
                          "references": [
                            "var.capacity_type"
                          ]
                        },
                        "cluster_name": {
                          "references": [
                            "var.cluster_name"
                          ]
                        },
                        "disk_size": {
                          "references": [
                            "var.use_custom_launch_template",
                            "var.disk_size"
                          ]
                        },
                        "force_update_version": {
                          "references": [
                            "var.force_update_version"
                          ]
                        },
                        "instance_types": {
                          "references": [
                            "var.instance_types"
                          ]
                        },
                        "labels": {
                          "references": [
                            "var.labels"
                          ]
                        },
                        "node_group_name": {
                          "references": [
                            "var.use_name_prefix",
                            "var.name"
                          ]
                        },
                        "node_group_name_prefix": {
                          "references": [
                            "var.use_name_prefix",
                            "var.name"
                          ]
                        },
                        "node_role_arn": {
                          "references": [
                            "var.create_iam_role",
                            "aws_iam_role.this[0].arn",
                            "aws_iam_role.this[0]",
                            "aws_iam_role.this",
                            "var.iam_role_arn"
                          ]
                        },
                        "release_version": {
                          "references": [
                            "var.ami_id",
                            "var.ami_release_version"
                          ]
                        },
                        "scaling_config": [
                          {
                            "desired_size": {
                              "references": [
                                "var.desired_size"
                              ]
                            },
                            "max_size": {
                              "references": [
                                "var.max_size"
                              ]
                            },
                            "min_size": {
                              "references": [
                                "var.min_size"
                              ]
                            }
                          }
                        ],
                        "subnet_ids": {
                          "references": [
                            "var.subnet_ids"
                          ]
                        },
                        "tags": {
                          "references": [
                            "var.tags",
                            "var.name"
                          ]
                        },
                        "timeouts": {
                          "create": {
                            "references": [
                              "var.timeouts"
                            ]
                          },
                          "delete": {
                            "references": [
                              "var.timeouts"
                            ]
                          },
                          "update": {
                            "references": [
                              "var.timeouts"
                            ]
                          }
                        },
                        "version": {
                          "references": [
                            "var.ami_id",
                            "var.cluster_version"
                          ]
                        }
                      },
                      "schema_version": 0,
                      "count_expression": {
                        "references": [
                          "var.create"
                        ]
                      }
                    },
                    {
                      "address": "aws_iam_role.this",
                      "mode": "managed",
                      "type": "aws_iam_role",
                      "name": "this",
                      "provider_config_key": "aws",
                      "expressions": {
                        "assume_role_policy": {
                          "references": [
                            "data.aws_iam_policy_document.assume_role_policy[0].json",
                            "data.aws_iam_policy_document.assume_role_policy[0]",
                            "data.aws_iam_policy_document.assume_role_policy"
                          ]
                        },
                        "description": {
                          "references": [
                            "var.iam_role_description"
                          ]
                        },
                        "force_detach_policies": {
                          "constant_value": true
                        },
                        "name": {
                          "references": [
                            "var.iam_role_use_name_prefix",
                            "local.iam_role_name"
                          ]
                        },
                        "name_prefix": {
                          "references": [
                            "var.iam_role_use_name_prefix",
                            "local.iam_role_name"
                          ]
                        },
                        "path": {
                          "references": [
                            "var.iam_role_path"
                          ]
                        },
                        "permissions_boundary": {
                          "references": [
                            "var.iam_role_permissions_boundary"
                          ]
                        },
                        "tags": {
                          "references": [
                            "var.tags",
                            "var.iam_role_tags"
                          ]
                        }
                      },
                      "schema_version": 0,
                      "count_expression": {
                        "references": [
                          "var.create",
                          "var.create_iam_role"
                        ]
                      }
                    },
                    {
                      "address": "aws_iam_role_policy_attachment.additional",
                      "mode": "managed",
                      "type": "aws_iam_role_policy_attachment",
                      "name": "additional",
                      "provider_config_key": "aws",
                      "expressions": {
                        "policy_arn": {
                          "references": [
                            "each.value"
                          ]
                        },
                        "role": {
                          "references": [
                            "aws_iam_role.this[0].name",
                            "aws_iam_role.this[0]",
                            "aws_iam_role.this"
                          ]
                        }
                      },
                      "schema_version": 0,
                      "for_each_expression": {
                        "references": [
                          "var.iam_role_additional_policies",
                          "var.create",
                          "var.create_iam_role"
                        ]
                      }
                    },
                    {
                      "address": "aws_iam_role_policy_attachment.this",
                      "mode": "managed",
                      "type": "aws_iam_role_policy_attachment",
                      "name": "this",
                      "provider_config_key": "aws",
                      "expressions": {
                        "policy_arn": {
                          "references": [
                            "each.value"
                          ]
                        },
                        "role": {
                          "references": [
                            "aws_iam_role.this[0].name",
                            "aws_iam_role.this[0]",
                            "aws_iam_role.this"
                          ]
                        }
                      },
                      "schema_version": 0,
                      "for_each_expression": {
                        "references": [
                          "local.iam_role_policy_prefix",
                          "local.iam_role_policy_prefix",
                          "var.iam_role_attach_cni_policy",
                          "local.cni_policy",
                          "var.create",
                          "var.create_iam_role"
                        ]
                      }
                    },
                    {
                      "address": "aws_launch_template.this",
                      "mode": "managed",
                      "type": "aws_launch_template",
                      "name": "this",
                      "provider_config_key": "aws",
                      "expressions": {
                        "default_version": {
                          "references": [
                            "var.launch_template_default_version"
                          ]
                        },
                        "description": {
                          "references": [
                            "var.launch_template_description"
                          ]
                        },
                        "disable_api_termination": {
                          "references": [
                            "var.disable_api_termination"
                          ]
                        },
                        "ebs_optimized": {
                          "references": [
                            "var.ebs_optimized"
                          ]
                        },
                        "image_id": {
                          "references": [
                            "var.ami_id"
                          ]
                        },
                        "kernel_id": {
                          "references": [
                            "var.kernel_id"
                          ]
                        },
                        "key_name": {
                          "references": [
                            "var.key_name"
                          ]
                        },
                        "name": {
                          "references": [
                            "var.launch_template_use_name_prefix",
                            "local.launch_template_name"
                          ]
                        },
                        "name_prefix": {
                          "references": [
                            "var.launch_template_use_name_prefix",
                            "local.launch_template_name"
                          ]
                        },
                        "ram_disk_id": {
                          "references": [
                            "var.ram_disk_id"
                          ]
                        },
                        "tags": {
                          "references": [
                            "var.tags"
                          ]
                        },
                        "update_default_version": {
                          "references": [
                            "var.update_launch_template_default_version"
                          ]
                        },
                        "user_data": {
                          "references": [
                            "module.user_data.user_data",
                            "module.user_data"
                          ]
                        },
                        "vpc_security_group_ids": {
                          "references": [
                            "var.network_interfaces",
                            "local.security_group_ids"
                          ]
                        }
                      },
                      "schema_version": 0,
                      "count_expression": {
                        "references": [
                          "var.create",
                          "var.create_launch_template",
                          "var.use_custom_launch_template"
                        ]
                      },
                      "depends_on": [
                        "aws_iam_role_policy_attachment.this"
                      ]
                    },
                    {
                      "address": "data.aws_caller_identity.current",
                      "mode": "data",
                      "type": "aws_caller_identity",
                      "name": "current",
                      "provider_config_key": "aws",
                      "schema_version": 0
                    },
                    {
                      "address": "data.aws_iam_policy_document.assume_role_policy",
                      "mode": "data",
                      "type": "aws_iam_policy_document",
                      "name": "assume_role_policy",
                      "provider_config_key": "aws",
                      "expressions": {
                        "statement": [
                          {
                            "actions": {
                              "constant_value": [
                                "sts:AssumeRole"
                              ]
                            },
                            "principals": [
                              {
                                "identifiers": {
                                  "references": [
                                    "data.aws_partition.current.dns_suffix",
                                    "data.aws_partition.current"
                                  ]
                                },
                                "type": {
                                  "constant_value": "Service"
                                }
                              }
                            ],
                            "sid": {
                              "constant_value": "EKSNodeAssumeRole"
                            }
                          }
                        ]
                      },
                      "schema_version": 0,
                      "count_expression": {
                        "references": [
                          "var.create",
                          "var.create_iam_role"
                        ]
                      }
                    },
                    {
                      "address": "data.aws_partition.current",
                      "mode": "data",
                      "type": "aws_partition",
                      "name": "current",
                      "provider_config_key": "aws",
                      "schema_version": 0
                    }
                  ],
                  "module_calls": {
                    "user_data": {
                      "source": "../_user_data",
                      "expressions": {
                        "bootstrap_extra_args": {
                          "references": [
                            "var.bootstrap_extra_args"
                          ]
                        },
                        "cluster_auth_base64": {
                          "references": [
                            "var.cluster_auth_base64"
                          ]
                        },
                        "cluster_endpoint": {
                          "references": [
                            "var.cluster_endpoint"
                          ]
                        },
                        "cluster_name": {
                          "references": [
                            "var.cluster_name"
                          ]
                        },
                        "cluster_service_ipv4_cidr": {
                          "references": [
                            "var.cluster_service_ipv4_cidr"
                          ]
                        },
                        "create": {
                          "references": [
                            "var.create"
                          ]
                        },
                        "enable_bootstrap_user_data": {
                          "references": [
                            "var.enable_bootstrap_user_data"
                          ]
                        },
                        "platform": {
                          "references": [
                            "var.platform"
                          ]
                        },
                        "post_bootstrap_user_data": {
                          "references": [
                            "var.post_bootstrap_user_data"
                          ]
                        },
                        "pre_bootstrap_user_data": {
                          "references": [
                            "var.pre_bootstrap_user_data"
                          ]
                        },
                        "user_data_template_path": {
                          "references": [
                            "var.user_data_template_path"
                          ]
                        }
                      },
                      "module": {
                        "outputs": {
                          "user_data": {
                            "expression": {
                              "references": [
                                "local.platform",
                                "var.platform"
                              ]
                            },
                            "description": "Base64 encoded user data rendered for the provided inputs"
                          }
                        },
                        "resources": [
                          {
                            "address": "data.cloudinit_config.linux_eks_managed_node_group",
                            "mode": "data",
                            "type": "cloudinit_config",
                            "name": "linux_eks_managed_node_group",
                            "provider_config_key": "module.eks.module.eks_managed_node_group.module.user_data:cloudinit",
                            "expressions": {
                              "base64_encode": {
                                "constant_value": true
                              },
                              "boundary": {
                                "constant_value": "//"
                              },
                              "gzip": {
                                "constant_value": false
                              },
                              "part": [
                                {
                                  "content": {
                                    "references": [
                                      "var.pre_bootstrap_user_data"
                                    ]
                                  },
                                  "content_type": {
                                    "constant_value": "text/x-shellscript"
                                  }
                                }
                              ]
                            },
                            "schema_version": 0,
                            "count_expression": {
                              "references": [
                                "var.create",
                                "var.platform",
                                "var.is_eks_managed_node_group",
                                "var.enable_bootstrap_user_data",
                                "var.pre_bootstrap_user_data",
                                "var.user_data_template_path"
                              ]
                            }
                          }
                        ],
                        "variables": {
                          "bootstrap_extra_args": {
                            "default": "",
                            "description": "Additional arguments passed to the bootstrap script. When `platform` = `bottlerocket`; these are additional [settings](https://github.com/bottlerocket-os/bottlerocket#settings) that are provided to the Bottlerocket user data"
                          },
                          "cluster_auth_base64": {
                            "default": "",
                            "description": "Base64 encoded CA of associated EKS cluster"
                          },
                          "cluster_endpoint": {
                            "default": "",
                            "description": "Endpoint of associated EKS cluster"
                          },
                          "cluster_name": {
                            "default": "",
                            "description": "Name of the EKS cluster"
                          },
                          "cluster_service_ipv4_cidr": {
                            "default": null,
                            "description": "The CIDR block to assign Kubernetes service IP addresses from. If you don't specify a block, Kubernetes assigns addresses from either the 10.100.0.0/16 or 172.20.0.0/16 CIDR blocks"
                          },
                          "create": {
                            "default": true,
                            "description": "Determines whether to create user-data or not"
                          },
                          "enable_bootstrap_user_data": {
                            "default": false,
                            "description": "Determines whether the bootstrap configurations are populated within the user data template"
                          },
                          "is_eks_managed_node_group": {
                            "default": true,
                            "description": "Determines whether the user data is used on nodes in an EKS managed node group. Used to determine if user data will be appended or not"
                          },
                          "platform": {
                            "default": "linux",
                            "description": "Identifies if the OS platform is `bottlerocket`, `linux`, or `windows` based"
                          },
                          "post_bootstrap_user_data": {
                            "default": "",
                            "description": "User data that is appended to the user data script after of the EKS bootstrap script. Not used when `platform` = `bottlerocket`"
                          },
                          "pre_bootstrap_user_data": {
                            "default": "",
                            "description": "User data that is injected into the user data script ahead of the EKS bootstrap script. Not used when `platform` = `bottlerocket`"
                          },
                          "user_data_template_path": {
                            "default": "",
                            "description": "Path to a local, custom user data template file to use when rendering user data"
                          }
                        }
                      }
                    }
                  },
                  "variables": {
                    "ami_id": {
                      "default": "",
                      "description": "The AMI from which to launch the instance. If not supplied, EKS will use its own default image"
                    },
                    "ami_release_version": {
                      "default": null,
                      "description": "AMI version of the EKS Node Group. Defaults to latest version for Kubernetes version"
                    },
                    "ami_type": {
                      "default": null,
                      "description": "Type of Amazon Machine Image (AMI) associated with the EKS Node Group. Valid values are `AL2_x86_64`, `AL2_x86_64_GPU`, `AL2_ARM_64`, `CUSTOM`, `BOTTLEROCKET_ARM_64`, `BOTTLEROCKET_x86_64`"
                    },
                    "block_device_mappings": {
                      "default": {},
                      "description": "Specify volumes to attach to the instance besides the volumes specified by the AMI"
                    },
                    "bootstrap_extra_args": {
                      "default": "",
                      "description": "Additional arguments passed to the bootstrap script. When `platform` = `bottlerocket`; these are additional [settings](https://github.com/bottlerocket-os/bottlerocket#settings) that are provided to the Bottlerocket user data"
                    },
                    "capacity_reservation_specification": {
                      "default": {},
                      "description": "Targeting for EC2 capacity reservations"
                    },
                    "capacity_type": {
                      "default": "ON_DEMAND",
                      "description": "Type of capacity associated with the EKS Node Group. Valid values: `ON_DEMAND`, `SPOT`"
                    },
                    "cluster_auth_base64": {
                      "default": "",
                      "description": "Base64 encoded CA of associated EKS cluster"
                    },
                    "cluster_endpoint": {
                      "default": "",
                      "description": "Endpoint of associated EKS cluster"
                    },
                    "cluster_ip_family": {
                      "default": null,
                      "description": "The IP family used to assign Kubernetes pod and service addresses. Valid values are `ipv4` (default) and `ipv6`"
                    },
                    "cluster_name": {
                      "default": null,
                      "description": "Name of associated EKS cluster"
                    },
                    "cluster_primary_security_group_id": {
                      "default": null,
                      "description": "The ID of the EKS cluster primary security group to associate with the instance(s). This is the security group that is automatically created by the EKS service"
                    },
                    "cluster_service_ipv4_cidr": {
                      "default": null,
                      "description": "The CIDR block to assign Kubernetes service IP addresses from. If you don't specify a block, Kubernetes assigns addresses from either the 10.100.0.0/16 or 172.20.0.0/16 CIDR blocks"
                    },
                    "cluster_version": {
                      "default": null,
                      "description": "Kubernetes version. Defaults to EKS Cluster Kubernetes version"
                    },
                    "cpu_options": {
                      "default": {},
                      "description": "The CPU options for the instance"
                    },
                    "create": {
                      "default": true,
                      "description": "Determines whether to create EKS managed node group or not"
                    },
                    "create_iam_role": {
                      "default": true,
                      "description": "Determines whether an IAM role is created or to use an existing IAM role"
                    },
                    "create_launch_template": {
                      "default": true,
                      "description": "Determines whether to create a launch template or not. If set to `false`, EKS will use its own default launch template"
                    },
                    "create_schedule": {
                      "default": true,
                      "description": "Determines whether to create autoscaling group schedule or not"
                    },
                    "credit_specification": {
                      "default": {},
                      "description": "Customize the credit specification of the instance"
                    },
                    "desired_size": {
                      "default": 1,
                      "description": "Desired number of instances/nodes"
                    },
                    "disable_api_termination": {
                      "default": null,
                      "description": "If true, enables EC2 instance termination protection"
                    },
                    "disk_size": {
                      "default": null,
                      "description": "Disk size in GiB for nodes. Defaults to `20`. Only valid when `use_custom_launch_template` = `false`"
                    },
                    "ebs_optimized": {
                      "default": null,
                      "description": "If true, the launched EC2 instance(s) will be EBS-optimized"
                    },
                    "elastic_gpu_specifications": {
                      "default": {},
                      "description": "The elastic GPU to attach to the instance"
                    },
                    "elastic_inference_accelerator": {
                      "default": {},
                      "description": "Configuration block containing an Elastic Inference Accelerator to attach to the instance"
                    },
                    "enable_bootstrap_user_data": {
                      "default": false,
                      "description": "Determines whether the bootstrap configurations are populated within the user data template. Only valid when using a custom AMI via `ami_id`"
                    },
                    "enable_monitoring": {
                      "default": true,
                      "description": "Enables/disables detailed monitoring"
                    },
                    "enclave_options": {
                      "default": {},
                      "description": "Enable Nitro Enclaves on launched instances"
                    },
                    "force_update_version": {
                      "default": null,
                      "description": "Force version update if existing pods are unable to be drained due to a pod disruption budget issue"
                    },
                    "iam_role_additional_policies": {
                      "default": {},
                      "description": "Additional policies to be added to the IAM role"
                    },
                    "iam_role_arn": {
                      "default": null,
                      "description": "Existing IAM role ARN for the node group. Required if `create_iam_role` is set to `false`"
                    },
                    "iam_role_attach_cni_policy": {
                      "default": true,
                      "description": "Whether to attach the `AmazonEKS_CNI_Policy`/`AmazonEKS_CNI_IPv6_Policy` IAM policy to the IAM IAM role. WARNING: If set `false` the permissions must be assigned to the `aws-node` DaemonSet pods via another method or nodes will not be able to join the cluster"
                    },
                    "iam_role_description": {
                      "default": null,
                      "description": "Description of the role"
                    },
                    "iam_role_name": {
                      "default": null,
                      "description": "Name to use on IAM role created"
                    },
                    "iam_role_path": {
                      "default": null,
                      "description": "IAM role path"
                    },
                    "iam_role_permissions_boundary": {
                      "default": null,
                      "description": "ARN of the policy that is used to set the permissions boundary for the IAM role"
                    },
                    "iam_role_tags": {
                      "default": {},
                      "description": "A map of additional tags to add to the IAM role created"
                    },
                    "iam_role_use_name_prefix": {
                      "default": true,
                      "description": "Determines whether the IAM role name (`iam_role_name`) is used as a prefix"
                    },
                    "instance_market_options": {
                      "default": {},
                      "description": "The market (purchasing) option for the instance"
                    },
                    "instance_types": {
                      "default": null,
                      "description": "Set of instance types associated with the EKS Node Group. Defaults to `[\"t3.medium\"]`"
                    },
                    "kernel_id": {
                      "default": null,
                      "description": "The kernel ID"
                    },
                    "key_name": {
                      "default": null,
                      "description": "The key name that should be used for the instance(s)"
                    },
                    "labels": {
                      "default": null,
                      "description": "Key-value map of Kubernetes labels. Only labels that are applied with the EKS API are managed by this argument. Other Kubernetes labels applied to the EKS Node Group will not be managed"
                    },
                    "launch_template_default_version": {
                      "default": null,
                      "description": "Default version of the launch template"
                    },
                    "launch_template_description": {
                      "default": null,
                      "description": "Description of the launch template"
                    },
                    "launch_template_id": {
                      "default": "",
                      "description": "The ID of an existing launch template to use. Required when `create_launch_template` = `false` and `use_custom_launch_template` = `true`"
                    },
                    "launch_template_name": {
                      "default": null,
                      "description": "Name of launch template to be created"
                    },
                    "launch_template_tags": {
                      "default": {},
                      "description": "A map of additional tags to add to the tag_specifications of launch template created"
                    },
                    "launch_template_use_name_prefix": {
                      "default": true,
                      "description": "Determines whether to use `launch_template_name` as is or create a unique name beginning with the `launch_template_name` as the prefix"
                    },
                    "launch_template_version": {
                      "default": null,
                      "description": "Launch template version number. The default is `$Default`"
                    },
                    "license_specifications": {
                      "default": {},
                      "description": "A map of license specifications to associate with"
                    },
                    "maintenance_options": {
                      "default": {},
                      "description": "The maintenance options for the instance"
                    },
                    "max_size": {
                      "default": 3,
                      "description": "Maximum number of instances/nodes"
                    },
                    "metadata_options": {
                      "default": {
                        "http_endpoint": "enabled",
                        "http_put_response_hop_limit": "2",
                        "http_tokens": "required"
                      },
                      "description": "Customize the metadata options for the instance"
                    },
                    "min_size": {
                      "default": 0,
                      "description": "Minimum number of instances/nodes"
                    },
                    "name": {
                      "default": "",
                      "description": "Name of the EKS managed node group"
                    },
                    "network_interfaces": {
                      "default": [],
                      "description": "Customize network interfaces to be attached at instance boot time"
                    },
                    "placement": {
                      "default": {},
                      "description": "The placement of the instance"
                    },
                    "platform": {
                      "default": "linux",
                      "description": "Identifies if the OS platform is `bottlerocket` or `linux` based; `windows` is not supported"
                    },
                    "post_bootstrap_user_data": {
                      "default": "",
                      "description": "User data that is appended to the user data script after of the EKS bootstrap script. Not used when `platform` = `bottlerocket`"
                    },
                    "pre_bootstrap_user_data": {
                      "default": "",
                      "description": "User data that is injected into the user data script ahead of the EKS bootstrap script. Not used when `platform` = `bottlerocket`"
                    },
                    "private_dns_name_options": {
                      "default": {},
                      "description": "The options for the instance hostname. The default values are inherited from the subnet"
                    },
                    "ram_disk_id": {
                      "default": null,
                      "description": "The ID of the ram disk"
                    },
                    "remote_access": {
                      "default": {},
                      "description": "Configuration block with remote access settings. Only valid when `use_custom_launch_template` = `false`"
                    },
                    "schedules": {
                      "default": {},
                      "description": "Map of autoscaling group schedule to create"
                    },
                    "subnet_ids": {
                      "default": null,
                      "description": "Identifiers of EC2 Subnets to associate with the EKS Node Group. These subnets must have the following resource tag: `kubernetes.io/cluster/CLUSTER_NAME`"
                    },
                    "tag_specifications": {
                      "default": [
                        "instance",
                        "volume",
                        "network-interface"
                      ],
                      "description": "The tags to apply to the resources during launch"
                    },
                    "tags": {
                      "default": {},
                      "description": "A map of tags to add to all resources"
                    },
                    "taints": {
                      "default": {},
                      "description": "The Kubernetes taints to be applied to the nodes in the node group. Maximum of 50 taints per node group"
                    },
                    "timeouts": {
                      "default": {},
                      "description": "Create, update, and delete timeout configurations for the node group"
                    },
                    "update_config": {
                      "default": {
                        "max_unavailable_percentage": "33"
                      },
                      "description": "Configuration block of settings for max unavailable resources during node group updates"
                    },
                    "update_launch_template_default_version": {
                      "default": true,
                      "description": "Whether to update the launch templates default version on each update. Conflicts with `launch_template_default_version`"
                    },
                    "use_custom_launch_template": {
                      "default": true,
                      "description": "Determines whether to use a custom launch template or not. If set to `false`, EKS will use its own default launch template"
                    },
                    "use_name_prefix": {
                      "default": true,
                      "description": "Determines whether to use `name` as is or create a unique name beginning with the `name` as the prefix"
                    },
                    "user_data_template_path": {
                      "default": "",
                      "description": "Path to a local, custom user data template file to use when rendering user data"
                    },
                    "vpc_security_group_ids": {
                      "default": [],
                      "description": "A list of security group IDs to associate"
                    }
                  }
                }
              },
              "fargate_profile": {
                "source": "./modules/fargate-profile",
                "expressions": {
                  "cluster_ip_family": {
                    "references": [
                      "var.cluster_ip_family"
                    ]
                  },
                  "cluster_name": {
                    "references": [
                      "time_sleep.this[0].triggers[\"cluster_name\"]",
                      "time_sleep.this[0].triggers",
                      "time_sleep.this[0]",
                      "time_sleep.this"
                    ]
                  },
                  "create": {
                    "references": [
                      "each.value.create",
                      "each.value"
                    ]
                  },
                  "create_iam_role": {
                    "references": [
                      "each.value.create_iam_role",
                      "each.value",
                      "var.fargate_profile_defaults.create_iam_role",
                      "var.fargate_profile_defaults"
                    ]
                  },
                  "iam_role_additional_policies": {
                    "references": [
                      "each.value",
                      "var.fargate_profile_defaults"
                    ]
                  },
                  "iam_role_arn": {
                    "references": [
                      "each.value.iam_role_arn",
                      "each.value",
                      "var.fargate_profile_defaults.iam_role_arn",
                      "var.fargate_profile_defaults"
                    ]
                  },
                  "iam_role_attach_cni_policy": {
                    "references": [
                      "each.value.iam_role_attach_cni_policy",
                      "each.value",
                      "var.fargate_profile_defaults.iam_role_attach_cni_policy",
                      "var.fargate_profile_defaults"
                    ]
                  },
                  "iam_role_description": {
                    "references": [
                      "each.value.iam_role_description",
                      "each.value",
                      "var.fargate_profile_defaults.iam_role_description",
                      "var.fargate_profile_defaults"
                    ]
                  },
                  "iam_role_name": {
                    "references": [
                      "each.value.iam_role_name",
                      "each.value",
                      "var.fargate_profile_defaults.iam_role_name",
                      "var.fargate_profile_defaults"
                    ]
                  },
                  "iam_role_path": {
                    "references": [
                      "each.value.iam_role_path",
                      "each.value",
                      "var.fargate_profile_defaults.iam_role_path",
                      "var.fargate_profile_defaults"
                    ]
                  },
                  "iam_role_permissions_boundary": {
                    "references": [
                      "each.value.iam_role_permissions_boundary",
                      "each.value",
                      "var.fargate_profile_defaults.iam_role_permissions_boundary",
                      "var.fargate_profile_defaults"
                    ]
                  },
                  "iam_role_tags": {
                    "references": [
                      "each.value.iam_role_tags",
                      "each.value",
                      "var.fargate_profile_defaults.iam_role_tags",
                      "var.fargate_profile_defaults"
                    ]
                  },
                  "iam_role_use_name_prefix": {
                    "references": [
                      "each.value.iam_role_use_name_prefix",
                      "each.value",
                      "var.fargate_profile_defaults.iam_role_use_name_prefix",
                      "var.fargate_profile_defaults"
                    ]
                  },
                  "name": {
                    "references": [
                      "each.value.name",
                      "each.value",
                      "each.key"
                    ]
                  },
                  "selectors": {
                    "references": [
                      "each.value.selectors",
                      "each.value",
                      "var.fargate_profile_defaults.selectors",
                      "var.fargate_profile_defaults"
                    ]
                  },
                  "subnet_ids": {
                    "references": [
                      "each.value.subnet_ids",
                      "each.value",
                      "var.fargate_profile_defaults.subnet_ids",
                      "var.fargate_profile_defaults",
                      "var.subnet_ids"
                    ]
                  },
                  "tags": {
                    "references": [
                      "var.tags",
                      "each.value.tags",
                      "each.value",
                      "var.fargate_profile_defaults.tags",
                      "var.fargate_profile_defaults"
                    ]
                  },
                  "timeouts": {
                    "references": [
                      "each.value.timeouts",
                      "each.value",
                      "var.fargate_profile_defaults.timeouts",
                      "var.fargate_profile_defaults"
                    ]
                  }
                },
                "for_each_expression": {
                  "references": [
                    "var.fargate_profiles",
                    "var.create",
                    "local.create_outposts_local_cluster"
                  ]
                },
                "module": {
                  "outputs": {
                    "fargate_profile_arn": {
                      "expression": {
                        "references": [
                          "aws_eks_fargate_profile.this[0].arn",
                          "aws_eks_fargate_profile.this[0]",
                          "aws_eks_fargate_profile.this"
                        ]
                      },
                      "description": "Amazon Resource Name (ARN) of the EKS Fargate Profile"
                    },
                    "fargate_profile_id": {
                      "expression": {
                        "references": [
                          "aws_eks_fargate_profile.this[0].id",
                          "aws_eks_fargate_profile.this[0]",
                          "aws_eks_fargate_profile.this"
                        ]
                      },
                      "description": "EKS Cluster name and EKS Fargate Profile name separated by a colon (`:`)"
                    },
                    "fargate_profile_pod_execution_role_arn": {
                      "expression": {
                        "references": [
                          "aws_eks_fargate_profile.this[0].pod_execution_role_arn",
                          "aws_eks_fargate_profile.this[0]",
                          "aws_eks_fargate_profile.this"
                        ]
                      },
                      "description": "Amazon Resource Name (ARN) of the EKS Fargate Profile Pod execution role ARN"
                    },
                    "fargate_profile_status": {
                      "expression": {
                        "references": [
                          "aws_eks_fargate_profile.this[0].status",
                          "aws_eks_fargate_profile.this[0]",
                          "aws_eks_fargate_profile.this"
                        ]
                      },
                      "description": "Status of the EKS Fargate Profile"
                    },
                    "iam_role_arn": {
                      "expression": {
                        "references": [
                          "aws_iam_role.this[0].arn",
                          "aws_iam_role.this[0]",
                          "aws_iam_role.this",
                          "var.iam_role_arn"
                        ]
                      },
                      "description": "The Amazon Resource Name (ARN) specifying the IAM role"
                    },
                    "iam_role_name": {
                      "expression": {
                        "references": [
                          "aws_iam_role.this[0].name",
                          "aws_iam_role.this[0]",
                          "aws_iam_role.this"
                        ]
                      },
                      "description": "The name of the IAM role"
                    },
                    "iam_role_unique_id": {
                      "expression": {
                        "references": [
                          "aws_iam_role.this[0].unique_id",
                          "aws_iam_role.this[0]",
                          "aws_iam_role.this"
                        ]
                      },
                      "description": "Stable and unique string identifying the IAM role"
                    }
                  },
                  "resources": [
                    {
                      "address": "aws_eks_fargate_profile.this",
                      "mode": "managed",
                      "type": "aws_eks_fargate_profile",
                      "name": "this",
                      "provider_config_key": "aws",
                      "expressions": {
                        "cluster_name": {
                          "references": [
                            "var.cluster_name"
                          ]
                        },
                        "fargate_profile_name": {
                          "references": [
                            "var.name"
                          ]
                        },
                        "pod_execution_role_arn": {
                          "references": [
                            "var.create_iam_role",
                            "aws_iam_role.this[0].arn",
                            "aws_iam_role.this[0]",
                            "aws_iam_role.this",
                            "var.iam_role_arn"
                          ]
                        },
                        "subnet_ids": {
                          "references": [
                            "var.subnet_ids"
                          ]
                        },
                        "tags": {
                          "references": [
                            "var.tags"
                          ]
                        }
                      },
                      "schema_version": 0,
                      "count_expression": {
                        "references": [
                          "var.create"
                        ]
                      }
                    },
                    {
                      "address": "aws_iam_role.this",
                      "mode": "managed",
                      "type": "aws_iam_role",
                      "name": "this",
                      "provider_config_key": "aws",
                      "expressions": {
                        "assume_role_policy": {
                          "references": [
                            "data.aws_iam_policy_document.assume_role_policy[0].json",
                            "data.aws_iam_policy_document.assume_role_policy[0]",
                            "data.aws_iam_policy_document.assume_role_policy"
                          ]
                        },
                        "description": {
                          "references": [
                            "var.iam_role_description"
                          ]
                        },
                        "force_detach_policies": {
                          "constant_value": true
                        },
                        "name": {
                          "references": [
                            "var.iam_role_use_name_prefix",
                            "local.iam_role_name"
                          ]
                        },
                        "name_prefix": {
                          "references": [
                            "var.iam_role_use_name_prefix",
                            "local.iam_role_name"
                          ]
                        },
                        "path": {
                          "references": [
                            "var.iam_role_path"
                          ]
                        },
                        "permissions_boundary": {
                          "references": [
                            "var.iam_role_permissions_boundary"
                          ]
                        },
                        "tags": {
                          "references": [
                            "var.tags",
                            "var.iam_role_tags"
                          ]
                        }
                      },
                      "schema_version": 0,
                      "count_expression": {
                        "references": [
                          "var.create",
                          "var.create_iam_role"
                        ]
                      }
                    },
                    {
                      "address": "aws_iam_role_policy_attachment.additional",
                      "mode": "managed",
                      "type": "aws_iam_role_policy_attachment",
                      "name": "additional",
                      "provider_config_key": "aws",
                      "expressions": {
                        "policy_arn": {
                          "references": [
                            "each.value"
                          ]
                        },
                        "role": {
                          "references": [
                            "aws_iam_role.this[0].name",
                            "aws_iam_role.this[0]",
                            "aws_iam_role.this"
                          ]
                        }
                      },
                      "schema_version": 0,
                      "for_each_expression": {
                        "references": [
                          "var.iam_role_additional_policies",
                          "var.create",
                          "var.create_iam_role"
                        ]
                      }
                    },
                    {
                      "address": "aws_iam_role_policy_attachment.this",
                      "mode": "managed",
                      "type": "aws_iam_role_policy_attachment",
                      "name": "this",
                      "provider_config_key": "aws",
                      "expressions": {
                        "policy_arn": {
                          "references": [
                            "each.value"
                          ]
                        },
                        "role": {
                          "references": [
                            "aws_iam_role.this[0].name",
                            "aws_iam_role.this[0]",
                            "aws_iam_role.this"
                          ]
                        }
                      },
                      "schema_version": 0,
                      "for_each_expression": {
                        "references": [
                          "local.iam_role_policy_prefix",
                          "var.iam_role_attach_cni_policy",
                          "local.cni_policy",
                          "var.create",
                          "var.create_iam_role"
                        ]
                      }
                    },
                    {
                      "address": "data.aws_caller_identity.current",
                      "mode": "data",
                      "type": "aws_caller_identity",
                      "name": "current",
                      "provider_config_key": "aws",
                      "schema_version": 0
                    },
                    {
                      "address": "data.aws_iam_policy_document.assume_role_policy",
                      "mode": "data",
                      "type": "aws_iam_policy_document",
                      "name": "assume_role_policy",
                      "provider_config_key": "aws",
                      "expressions": {
                        "statement": [
                          {
                            "actions": {
                              "constant_value": [
                                "sts:AssumeRole"
                              ]
                            },
                            "effect": {
                              "constant_value": "Allow"
                            },
                            "principals": [
                              {
                                "identifiers": {
                                  "constant_value": [
                                    "eks-fargate-pods.amazonaws.com"
                                  ]
                                },
                                "type": {
                                  "constant_value": "Service"
                                }
                              }
                            ]
                          }
                        ]
                      },
                      "schema_version": 0,
                      "count_expression": {
                        "references": [
                          "var.create",
                          "var.create_iam_role"
                        ]
                      }
                    },
                    {
                      "address": "data.aws_partition.current",
                      "mode": "data",
                      "type": "aws_partition",
                      "name": "current",
                      "provider_config_key": "aws",
                      "schema_version": 0
                    }
                  ],
                  "variables": {
                    "cluster_ip_family": {
                      "default": null,
                      "description": "The IP family used to assign Kubernetes pod and service addresses. Valid values are `ipv4` (default) and `ipv6`"
                    },
                    "cluster_name": {
                      "default": null,
                      "description": "Name of the EKS cluster"
                    },
                    "create": {
                      "default": true,
                      "description": "Determines whether to create Fargate profile or not"
                    },
                    "create_iam_role": {
                      "default": true,
                      "description": "Determines whether an IAM role is created or to use an existing IAM role"
                    },
                    "iam_role_additional_policies": {
                      "default": {},
                      "description": "Additional policies to be added to the IAM role"
                    },
                    "iam_role_arn": {
                      "default": null,
                      "description": "Existing IAM role ARN for the Fargate profile. Required if `create_iam_role` is set to `false`"
                    },
                    "iam_role_attach_cni_policy": {
                      "default": true,
                      "description": "Whether to attach the `AmazonEKS_CNI_Policy`/`AmazonEKS_CNI_IPv6_Policy` IAM policy to the IAM IAM role. WARNING: If set `false` the permissions must be assigned to the `aws-node` DaemonSet pods via another method or nodes will not be able to join the cluster"
                    },
                    "iam_role_description": {
                      "default": null,
                      "description": "Description of the role"
                    },
                    "iam_role_name": {
                      "default": "",
                      "description": "Name to use on IAM role created"
                    },
                    "iam_role_path": {
                      "default": null,
                      "description": "IAM role path"
                    },
                    "iam_role_permissions_boundary": {
                      "default": null,
                      "description": "ARN of the policy that is used to set the permissions boundary for the IAM role"
                    },
                    "iam_role_tags": {
                      "default": {},
                      "description": "A map of additional tags to add to the IAM role created"
                    },
                    "iam_role_use_name_prefix": {
                      "default": true,
                      "description": "Determines whether the IAM role name (`iam_role_name`) is used as a prefix"
                    },
                    "name": {
                      "default": "",
                      "description": "Name of the EKS Fargate Profile"
                    },
                    "selectors": {
                      "default": [],
                      "description": "Configuration block(s) for selecting Kubernetes Pods to execute with this Fargate Profile"
                    },
                    "subnet_ids": {
                      "default": [],
                      "description": "A list of subnet IDs for the EKS Fargate Profile"
                    },
                    "tags": {
                      "default": {},
                      "description": "A map of tags to add to all resources"
                    },
                    "timeouts": {
                      "default": {},
                      "description": "Create and delete timeout configurations for the Fargate Profile"
                    }
                  }
                }
              },
              "kms": {
                "source": "terraform-aws-modules/kms/aws",
                "expressions": {
                  "aliases": {
                    "references": [
                      "var.kms_key_aliases"
                    ]
                  },
                  "computed_aliases": {
                    "references": [
                      "var.cluster_name"
                    ]
                  },
                  "create": {
                    "references": [
                      "local.create",
                      "var.create_kms_key",
                      "local.enable_cluster_encryption_config"
                    ]
                  },
                  "deletion_window_in_days": {
                    "references": [
                      "var.kms_key_deletion_window_in_days"
                    ]
                  },
                  "description": {
                    "references": [
                      "var.kms_key_description",
                      "var.cluster_name"
                    ]
                  },
                  "enable_default_policy": {
                    "references": [
                      "var.kms_key_enable_default_policy"
                    ]
                  },
                  "enable_key_rotation": {
                    "references": [
                      "var.enable_kms_key_rotation"
                    ]
                  },
                  "key_administrators": {
                    "references": [
                      "var.kms_key_administrators",
                      "data.aws_iam_session_context.current.issuer_arn",
                      "data.aws_iam_session_context.current"
                    ]
                  },
                  "key_owners": {
                    "references": [
                      "var.kms_key_owners"
                    ]
                  },
                  "key_service_users": {
                    "references": [
                      "var.kms_key_service_users"
                    ]
                  },
                  "key_usage": {
                    "constant_value": "ENCRYPT_DECRYPT"
                  },
                  "key_users": {
                    "references": [
                      "local.cluster_role",
                      "var.kms_key_users"
                    ]
                  },
                  "override_policy_documents": {
                    "references": [
                      "var.kms_key_override_policy_documents"
                    ]
                  },
                  "source_policy_documents": {
                    "references": [
                      "var.kms_key_source_policy_documents"
                    ]
                  },
                  "tags": {
                    "references": [
                      "var.tags"
                    ]
                  }
                },
                "module": {
                  "outputs": {
                    "aliases": {
                      "expression": {
                        "references": [
                          "aws_kms_alias.this"
                        ]
                      },
                      "description": "A map of aliases created and their attributes"
                    },
                    "external_key_expiration_model": {
                      "expression": {
                        "references": [
                          "aws_kms_external_key.this[0].expiration_model",
                          "aws_kms_external_key.this[0]",
                          "aws_kms_external_key.this",
                          "aws_kms_replica_external_key.this[0].expiration_model",
                          "aws_kms_replica_external_key.this[0]",
                          "aws_kms_replica_external_key.this"
                        ]
                      },
                      "description": "Whether the key material expires. Empty when pending key material import, otherwise `KEY_MATERIAL_EXPIRES` or `KEY_MATERIAL_DOES_NOT_EXPIRE`"
                    },
                    "external_key_state": {
                      "expression": {
                        "references": [
                          "aws_kms_external_key.this[0].key_state",
                          "aws_kms_external_key.this[0]",
                          "aws_kms_external_key.this",
                          "aws_kms_replica_external_key.this[0].key_state",
                          "aws_kms_replica_external_key.this[0]",
                          "aws_kms_replica_external_key.this"
                        ]
                      },
                      "description": "The state of the CMK"
                    },
                    "external_key_usage": {
                      "expression": {
                        "references": [
                          "aws_kms_external_key.this[0].key_usage",
                          "aws_kms_external_key.this[0]",
                          "aws_kms_external_key.this",
                          "aws_kms_replica_external_key.this[0].key_usage",
                          "aws_kms_replica_external_key.this[0]",
                          "aws_kms_replica_external_key.this"
                        ]
                      },
                      "description": "The cryptographic operations for which you can use the CMK"
                    },
                    "grants": {
                      "expression": {
                        "references": [
                          "aws_kms_grant.this"
                        ]
                      },
                      "description": "A map of grants created and their attributes"
                    },
                    "key_arn": {
                      "expression": {
                        "references": [
                          "aws_kms_key.this[0].arn",
                          "aws_kms_key.this[0]",
                          "aws_kms_key.this",
                          "aws_kms_external_key.this[0].arn",
                          "aws_kms_external_key.this[0]",
                          "aws_kms_external_key.this",
                          "aws_kms_replica_key.this[0].arn",
                          "aws_kms_replica_key.this[0]",
                          "aws_kms_replica_key.this",
                          "aws_kms_replica_external_key.this[0].arn",
                          "aws_kms_replica_external_key.this[0]",
                          "aws_kms_replica_external_key.this"
                        ]
                      },
                      "description": "The Amazon Resource Name (ARN) of the key"
                    },
                    "key_id": {
                      "expression": {
                        "references": [
                          "aws_kms_key.this[0].key_id",
                          "aws_kms_key.this[0]",
                          "aws_kms_key.this",
                          "aws_kms_external_key.this[0].id",
                          "aws_kms_external_key.this[0]",
                          "aws_kms_external_key.this",
                          "aws_kms_replica_key.this[0].key_id",
                          "aws_kms_replica_key.this[0]",
                          "aws_kms_replica_key.this",
                          "aws_kms_replica_external_key.this[0].key_id",
                          "aws_kms_replica_external_key.this[0]",
                          "aws_kms_replica_external_key.this"
                        ]
                      },
                      "description": "The globally unique identifier for the key"
                    },
                    "key_policy": {
                      "expression": {
                        "references": [
                          "aws_kms_key.this[0].policy",
                          "aws_kms_key.this[0]",
                          "aws_kms_key.this",
                          "aws_kms_external_key.this[0].policy",
                          "aws_kms_external_key.this[0]",
                          "aws_kms_external_key.this",
                          "aws_kms_replica_key.this[0].policy",
                          "aws_kms_replica_key.this[0]",
                          "aws_kms_replica_key.this",
                          "aws_kms_replica_external_key.this[0].policy",
                          "aws_kms_replica_external_key.this[0]",
                          "aws_kms_replica_external_key.this"
                        ]
                      },
                      "description": "The IAM resource policy set on the key"
                    }
                  },
                  "resources": [
                    {
                      "address": "aws_kms_alias.this",
                      "mode": "managed",
                      "type": "aws_kms_alias",
                      "name": "this",
                      "provider_config_key": "aws",
                      "expressions": {
                        "name": {
                          "references": [
                            "var.aliases_use_name_prefix",
                            "each.value.name",
                            "each.value"
                          ]
                        },
                        "name_prefix": {
                          "references": [
                            "var.aliases_use_name_prefix",
                            "each.value.name",
                            "each.value"
                          ]
                        },
                        "target_key_id": {
                          "references": [
                            "aws_kms_key.this[0].key_id",
                            "aws_kms_key.this[0]",
                            "aws_kms_key.this",
                            "aws_kms_external_key.this[0].id",
                            "aws_kms_external_key.this[0]",
                            "aws_kms_external_key.this",
                            "aws_kms_replica_key.this[0].key_id",
                            "aws_kms_replica_key.this[0]",
                            "aws_kms_replica_key.this",
                            "aws_kms_replica_external_key.this[0].key_id",
                            "aws_kms_replica_external_key.this[0]",
                            "aws_kms_replica_external_key.this"
                          ]
                        }
                      },
                      "schema_version": 0,
                      "for_each_expression": {
                        "references": [
                          "local.aliases",
                          "var.computed_aliases",
                          "var.create"
                        ]
                      }
                    },
                    {
                      "address": "aws_kms_external_key.this",
                      "mode": "managed",
                      "type": "aws_kms_external_key",
                      "name": "this",
                      "provider_config_key": "aws",
                      "expressions": {
                        "bypass_policy_lockout_safety_check": {
                          "references": [
                            "var.bypass_policy_lockout_safety_check"
                          ]
                        },
                        "deletion_window_in_days": {
                          "references": [
                            "var.deletion_window_in_days"
                          ]
                        },
                        "description": {
                          "references": [
                            "var.description"
                          ]
                        },
                        "enabled": {
                          "references": [
                            "var.is_enabled"
                          ]
                        },
                        "key_material_base64": {
                          "references": [
                            "var.key_material_base64"
                          ]
                        },
                        "multi_region": {
                          "references": [
                            "var.multi_region"
                          ]
                        },
                        "policy": {
                          "references": [
                            "var.policy",
                            "data.aws_iam_policy_document.this[0].json",
                            "data.aws_iam_policy_document.this[0]",
                            "data.aws_iam_policy_document.this"
                          ]
                        },
                        "tags": {
                          "references": [
                            "var.tags"
                          ]
                        },
                        "valid_to": {
                          "references": [
                            "var.valid_to"
                          ]
                        }
                      },
                      "schema_version": 0,
                      "count_expression": {
                        "references": [
                          "var.create",
                          "var.create_external",
                          "var.create_replica",
                          "var.create_replica_external"
                        ]
                      }
                    },
                    {
                      "address": "aws_kms_grant.this",
                      "mode": "managed",
                      "type": "aws_kms_grant",
                      "name": "this",
                      "provider_config_key": "aws",
                      "expressions": {
                        "grant_creation_tokens": {
                          "references": [
                            "each.value.grant_creation_tokens",
                            "each.value"
                          ]
                        },
                        "grantee_principal": {
                          "references": [
                            "each.value.grantee_principal",
                            "each.value"
                          ]
                        },
                        "key_id": {
                          "references": [
                            "aws_kms_key.this[0].key_id",
                            "aws_kms_key.this[0]",
                            "aws_kms_key.this",
                            "aws_kms_external_key.this[0].id",
                            "aws_kms_external_key.this[0]",
                            "aws_kms_external_key.this",
                            "aws_kms_replica_key.this[0].key_id",
                            "aws_kms_replica_key.this[0]",
                            "aws_kms_replica_key.this",
                            "aws_kms_replica_external_key.this[0].key_id",
                            "aws_kms_replica_external_key.this[0]",
                            "aws_kms_replica_external_key.this"
                          ]
                        },
                        "name": {
                          "references": [
                            "each.value.name",
                            "each.value",
                            "each.key"
                          ]
                        },
                        "operations": {
                          "references": [
                            "each.value.operations",
                            "each.value"
                          ]
                        },
                        "retire_on_delete": {
                          "references": [
                            "each.value.retire_on_delete",
                            "each.value"
                          ]
                        },
                        "retiring_principal": {
                          "references": [
                            "each.value.retiring_principal",
                            "each.value"
                          ]
                        }
                      },
                      "schema_version": 0,
                      "for_each_expression": {
                        "references": [
                          "var.grants",
                          "var.create"
                        ]
                      }
                    },
                    {
                      "address": "aws_kms_key.this",
                      "mode": "managed",
                      "type": "aws_kms_key",
                      "name": "this",
                      "provider_config_key": "aws",
                      "expressions": {
                        "bypass_policy_lockout_safety_check": {
                          "references": [
                            "var.bypass_policy_lockout_safety_check"
                          ]
                        },
                        "custom_key_store_id": {
                          "references": [
                            "var.custom_key_store_id"
                          ]
                        },
                        "customer_master_key_spec": {
                          "references": [
                            "var.customer_master_key_spec"
                          ]
                        },
                        "deletion_window_in_days": {
                          "references": [
                            "var.deletion_window_in_days"
                          ]
                        },
                        "description": {
                          "references": [
                            "var.description"
                          ]
                        },
                        "enable_key_rotation": {
                          "references": [
                            "var.enable_key_rotation"
                          ]
                        },
                        "is_enabled": {
                          "references": [
                            "var.is_enabled"
                          ]
                        },
                        "key_usage": {
                          "references": [
                            "var.key_usage"
                          ]
                        },
                        "multi_region": {
                          "references": [
                            "var.multi_region"
                          ]
                        },
                        "policy": {
                          "references": [
                            "var.policy",
                            "data.aws_iam_policy_document.this[0].json",
                            "data.aws_iam_policy_document.this[0]",
                            "data.aws_iam_policy_document.this"
                          ]
                        },
                        "tags": {
                          "references": [
                            "var.tags"
                          ]
                        }
                      },
                      "schema_version": 0,
                      "count_expression": {
                        "references": [
                          "var.create",
                          "var.create_external",
                          "var.create_replica",
                          "var.create_replica_external"
                        ]
                      }
                    },
                    {
                      "address": "aws_kms_replica_external_key.this",
                      "mode": "managed",
                      "type": "aws_kms_replica_external_key",
                      "name": "this",
                      "provider_config_key": "aws",
                      "expressions": {
                        "bypass_policy_lockout_safety_check": {
                          "references": [
                            "var.bypass_policy_lockout_safety_check"
                          ]
                        },
                        "deletion_window_in_days": {
                          "references": [
                            "var.deletion_window_in_days"
                          ]
                        },
                        "description": {
                          "references": [
                            "var.description"
                          ]
                        },
                        "enabled": {
                          "references": [
                            "var.is_enabled"
                          ]
                        },
                        "key_material_base64": {
                          "references": [
                            "var.key_material_base64"
                          ]
                        },
                        "policy": {
                          "references": [
                            "var.policy",
                            "data.aws_iam_policy_document.this[0].json",
                            "data.aws_iam_policy_document.this[0]",
                            "data.aws_iam_policy_document.this"
                          ]
                        },
                        "primary_key_arn": {
                          "references": [
                            "var.primary_external_key_arn"
                          ]
                        },
                        "tags": {
                          "references": [
                            "var.tags"
                          ]
                        },
                        "valid_to": {
                          "references": [
                            "var.valid_to"
                          ]
                        }
                      },
                      "schema_version": 0,
                      "count_expression": {
                        "references": [
                          "var.create",
                          "var.create_replica",
                          "var.create_external",
                          "var.create_replica_external"
                        ]
                      }
                    },
                    {
                      "address": "aws_kms_replica_key.this",
                      "mode": "managed",
                      "type": "aws_kms_replica_key",
                      "name": "this",
                      "provider_config_key": "aws",
                      "expressions": {
                        "bypass_policy_lockout_safety_check": {
                          "references": [
                            "var.bypass_policy_lockout_safety_check"
                          ]
                        },
                        "deletion_window_in_days": {
                          "references": [
                            "var.deletion_window_in_days"
                          ]
                        },
                        "description": {
                          "references": [
                            "var.description"
                          ]
                        },
                        "enabled": {
                          "references": [
                            "var.is_enabled"
                          ]
                        },
                        "policy": {
                          "references": [
                            "var.policy",
                            "data.aws_iam_policy_document.this[0].json",
                            "data.aws_iam_policy_document.this[0]",
                            "data.aws_iam_policy_document.this"
                          ]
                        },
                        "primary_key_arn": {
                          "references": [
                            "var.primary_key_arn"
                          ]
                        },
                        "tags": {
                          "references": [
                            "var.tags"
                          ]
                        }
                      },
                      "schema_version": 0,
                      "count_expression": {
                        "references": [
                          "var.create",
                          "var.create_replica",
                          "var.create_external",
                          "var.create_replica_external"
                        ]
                      }
                    },
                    {
                      "address": "data.aws_caller_identity.current",
                      "mode": "data",
                      "type": "aws_caller_identity",
                      "name": "current",
                      "provider_config_key": "aws",
                      "schema_version": 0,
                      "count_expression": {
                        "references": [
                          "var.create"
                        ]
                      }
                    },
                    {
                      "address": "data.aws_iam_policy_document.this",
                      "mode": "data",
                      "type": "aws_iam_policy_document",
                      "name": "this",
                      "provider_config_key": "aws",
                      "expressions": {
                        "override_policy_documents": {
                          "references": [
                            "var.override_policy_documents"
                          ]
                        },
                        "source_policy_documents": {
                          "references": [
                            "var.source_policy_documents"
                          ]
                        }
                      },
                      "schema_version": 0,
                      "count_expression": {
                        "references": [
                          "var.create"
                        ]
                      }
                    },
                    {
                      "address": "data.aws_partition.current",
                      "mode": "data",
                      "type": "aws_partition",
                      "name": "current",
                      "provider_config_key": "aws",
                      "schema_version": 0,
                      "count_expression": {
                        "references": [
                          "var.create"
                        ]
                      }
                    }
                  ],
                  "variables": {
                    "aliases": {
                      "default": [],
                      "description": "A list of aliases to create. Note - due to the use of `toset()`, values must be static strings and not computed values"
                    },
                    "aliases_use_name_prefix": {
                      "default": false,
                      "description": "Determines whether the alias name is used as a prefix"
                    },
                    "bypass_policy_lockout_safety_check": {
                      "default": null,
                      "description": "A flag to indicate whether to bypass the key policy lockout safety check. Setting this value to true increases the risk that the KMS key becomes unmanageable"
                    },
                    "computed_aliases": {
                      "default": {},
                      "description": "A map of aliases to create. Values provided via the `name` key of the map can be computed from upstream resources"
                    },
                    "create": {
                      "default": true,
                      "description": "Determines whether resources will be created (affects all resources)"
                    },
                    "create_external": {
                      "default": false,
                      "description": "Determines whether an external CMK (externally provided material) will be created or a standard CMK (AWS provided material)"
                    },
                    "create_replica": {
                      "default": false,
                      "description": "Determines whether a replica standard CMK will be created (AWS provided material)"
                    },
                    "create_replica_external": {
                      "default": false,
                      "description": "Determines whether a replica external CMK will be created (externally provided material)"
                    },
                    "custom_key_store_id": {
                      "default": null,
                      "description": "ID of the KMS Custom Key Store where the key will be stored instead of KMS (eg CloudHSM)."
                    },
                    "customer_master_key_spec": {
                      "default": null,
                      "description": "Specifies whether the key contains a symmetric key or an asymmetric key pair and the encryption algorithms or signing algorithms that the key supports. Valid values: `SYMMETRIC_DEFAULT`, `RSA_2048`, `RSA_3072`, `RSA_4096`, `HMAC_256`, `ECC_NIST_P256`, `ECC_NIST_P384`, `ECC_NIST_P521`, or `ECC_SECG_P256K1`. Defaults to `SYMMETRIC_DEFAULT`"
                    },
                    "deletion_window_in_days": {
                      "default": null,
                      "description": "The waiting period, specified in number of days. After the waiting period ends, AWS KMS deletes the KMS key. If you specify a value, it must be between `7` and `30`, inclusive. If you do not specify a value, it defaults to `30`"
                    },
                    "description": {
                      "default": null,
                      "description": "The description of the key as viewed in AWS console"
                    },
                    "enable_default_policy": {
                      "default": true,
                      "description": "Specifies whether to enable the default key policy. Defaults to `true`"
                    },
                    "enable_key_rotation": {
                      "default": true,
                      "description": "Specifies whether key rotation is enabled. Defaults to `true`"
                    },
                    "enable_route53_dnssec": {
                      "default": false,
                      "description": "Determines whether the KMS policy used for Route53 DNSSEC signing is enabled"
                    },
                    "grants": {
                      "default": {},
                      "description": "A map of grant definitions to create"
                    },
                    "is_enabled": {
                      "default": null,
                      "description": "Specifies whether the key is enabled. Defaults to `true`"
                    },
                    "key_administrators": {
                      "default": [],
                      "description": "A list of IAM ARNs for [key administrators](https://docs.aws.amazon.com/kms/latest/developerguide/key-policy-default.html#key-policy-default-allow-administrators)"
                    },
                    "key_asymmetric_public_encryption_users": {
                      "default": [],
                      "description": "A list of IAM ARNs for [key asymmetric public encryption users](https://docs.aws.amazon.com/kms/latest/developerguide/key-policy-default.html#key-policy-users-crypto)"
                    },
                    "key_asymmetric_sign_verify_users": {
                      "default": [],
                      "description": "A list of IAM ARNs for [key asymmetric sign and verify users](https://docs.aws.amazon.com/kms/latest/developerguide/key-policy-default.html#key-policy-users-crypto)"
                    },
                    "key_hmac_users": {
                      "default": [],
                      "description": "A list of IAM ARNs for [key HMAC users](https://docs.aws.amazon.com/kms/latest/developerguide/key-policy-default.html#key-policy-users-crypto)"
                    },
                    "key_material_base64": {
                      "default": null,
                      "description": "Base64 encoded 256-bit symmetric encryption key material to import. The CMK is permanently associated with this key material. External key only"
                    },
                    "key_owners": {
                      "default": [],
                      "description": "A list of IAM ARNs for those who will have full key permissions (`kms:*`)"
                    },
                    "key_service_roles_for_autoscaling": {
                      "default": [],
                      "description": "A list of IAM ARNs for [AWSServiceRoleForAutoScaling roles](https://docs.aws.amazon.com/autoscaling/ec2/userguide/key-policy-requirements-EBS-encryption.html#policy-example-cmk-access)"
                    },
                    "key_service_users": {
                      "default": [],
                      "description": "A list of IAM ARNs for [key service users](https://docs.aws.amazon.com/kms/latest/developerguide/key-policy-default.html#key-policy-service-integration)"
                    },
                    "key_statements": {
                      "default": {},
                      "description": "A map of IAM policy [statements](https://registry.terraform.io/providers/hashicorp/aws/latest/docs/data-sources/iam_policy_document#statement) for custom permission usage"
                    },
                    "key_symmetric_encryption_users": {
                      "default": [],
                      "description": "A list of IAM ARNs for [key symmetric encryption users](https://docs.aws.amazon.com/kms/latest/developerguide/key-policy-default.html#key-policy-users-crypto)"
                    },
                    "key_usage": {
                      "default": null,
                      "description": "Specifies the intended use of the key. Valid values: `ENCRYPT_DECRYPT` or `SIGN_VERIFY`. Defaults to `ENCRYPT_DECRYPT`"
                    },
                    "key_users": {
                      "default": [],
                      "description": "A list of IAM ARNs for [key users](https://docs.aws.amazon.com/kms/latest/developerguide/key-policy-default.html#key-policy-default-allow-users)"
                    },
                    "multi_region": {
                      "default": false,
                      "description": "Indicates whether the KMS key is a multi-Region (`true`) or regional (`false`) key. Defaults to `false`"
                    },
                    "override_policy_documents": {
                      "default": [],
                      "description": "List of IAM policy documents that are merged together into the exported document. In merging, statements with non-blank `sid`s will override statements with the same `sid`"
                    },
                    "policy": {
                      "default": null,
                      "description": "A valid policy JSON document. Although this is a key policy, not an IAM policy, an `aws_iam_policy_document`, in the form that designates a principal, can be used"
                    },
                    "primary_external_key_arn": {
                      "default": null,
                      "description": "The primary external key arn of a multi-region replica external key"
                    },
                    "primary_key_arn": {
                      "default": null,
                      "description": "The primary key arn of a multi-region replica key"
                    },
                    "route53_dnssec_sources": {
                      "default": [],
                      "description": "A list of maps containing `account_ids` and Route53 `hosted_zone_arn` that will be allowed to sign DNSSEC records"
                    },
                    "source_policy_documents": {
                      "default": [],
                      "description": "List of IAM policy documents that are merged together into the exported document. Statements must have unique `sid`s"
                    },
                    "tags": {
                      "default": {},
                      "description": "A map of tags to add to all resources"
                    },
                    "valid_to": {
                      "default": null,
                      "description": "Time at which the imported key material expires. When the key material expires, AWS KMS deletes the key material and the CMK becomes unusable. If not specified, key material does not expire"
                    }
                  }
                },
                "version_constraint": "2.1.0"
              },
              "self_managed_node_group": {
                "source": "./modules/self-managed-node-group",
                "expressions": {
                  "ami_id": {
                    "references": [
                      "each.value.ami_id",
                      "each.value",
                      "var.self_managed_node_group_defaults.ami_id",
                      "var.self_managed_node_group_defaults"
                    ]
                  },
                  "autoscaling_group_tags": {
                    "references": [
                      "each.value.autoscaling_group_tags",
                      "each.value",
                      "var.self_managed_node_group_defaults.autoscaling_group_tags",
                      "var.self_managed_node_group_defaults"
                    ]
                  },
                  "availability_zones": {
                    "references": [
                      "each.value.availability_zones",
                      "each.value",
                      "var.self_managed_node_group_defaults.availability_zones",
                      "var.self_managed_node_group_defaults"
                    ]
                  },
                  "block_device_mappings": {
                    "references": [
                      "each.value.block_device_mappings",
                      "each.value",
                      "var.self_managed_node_group_defaults.block_device_mappings",
                      "var.self_managed_node_group_defaults"
                    ]
                  },
                  "bootstrap_extra_args": {
                    "references": [
                      "each.value.bootstrap_extra_args",
                      "each.value",
                      "var.self_managed_node_group_defaults.bootstrap_extra_args",
                      "var.self_managed_node_group_defaults"
                    ]
                  },
                  "capacity_rebalance": {
                    "references": [
                      "each.value.capacity_rebalance",
                      "each.value",
                      "var.self_managed_node_group_defaults.capacity_rebalance",
                      "var.self_managed_node_group_defaults"
                    ]
                  },
                  "capacity_reservation_specification": {
                    "references": [
                      "each.value.capacity_reservation_specification",
                      "each.value",
                      "var.self_managed_node_group_defaults.capacity_reservation_specification",
                      "var.self_managed_node_group_defaults"
                    ]
                  },
                  "cluster_auth_base64": {
                    "references": [
                      "time_sleep.this[0].triggers[\"cluster_certificate_authority_data\"]",
                      "time_sleep.this[0].triggers",
                      "time_sleep.this[0]",
                      "time_sleep.this"
                    ]
                  },
                  "cluster_endpoint": {
                    "references": [
                      "time_sleep.this[0].triggers[\"cluster_endpoint\"]",
                      "time_sleep.this[0].triggers",
                      "time_sleep.this[0]",
                      "time_sleep.this"
                    ]
                  },
                  "cluster_ip_family": {
                    "references": [
                      "var.cluster_ip_family"
                    ]
                  },
                  "cluster_name": {
                    "references": [
                      "time_sleep.this[0].triggers[\"cluster_name\"]",
                      "time_sleep.this[0].triggers",
                      "time_sleep.this[0]",
                      "time_sleep.this"
                    ]
                  },
                  "cluster_primary_security_group_id": {
                    "references": [
                      "each.value.attach_cluster_primary_security_group",
                      "each.value",
                      "var.self_managed_node_group_defaults.attach_cluster_primary_security_group",
                      "var.self_managed_node_group_defaults",
                      "aws_eks_cluster.this[0].vpc_config[0].cluster_security_group_id",
                      "aws_eks_cluster.this[0].vpc_config[0]",
                      "aws_eks_cluster.this[0].vpc_config",
                      "aws_eks_cluster.this[0]",
                      "aws_eks_cluster.this"
                    ]
                  },
                  "cluster_version": {
                    "references": [
                      "each.value.cluster_version",
                      "each.value",
                      "var.self_managed_node_group_defaults.cluster_version",
                      "var.self_managed_node_group_defaults",
                      "time_sleep.this[0].triggers[\"cluster_version\"]",
                      "time_sleep.this[0].triggers",
                      "time_sleep.this[0]",
                      "time_sleep.this"
                    ]
                  },
                  "context": {
                    "references": [
                      "each.value.context",
                      "each.value",
                      "var.self_managed_node_group_defaults.context",
                      "var.self_managed_node_group_defaults"
                    ]
                  },
                  "cpu_options": {
                    "references": [
                      "each.value.cpu_options",
                      "each.value",
                      "var.self_managed_node_group_defaults.cpu_options",
                      "var.self_managed_node_group_defaults"
                    ]
                  },
                  "create": {
                    "references": [
                      "each.value.create",
                      "each.value"
                    ]
                  },
                  "create_autoscaling_group": {
                    "references": [
                      "each.value.create_autoscaling_group",
                      "each.value",
                      "var.self_managed_node_group_defaults.create_autoscaling_group",
                      "var.self_managed_node_group_defaults"
                    ]
                  },
                  "create_iam_instance_profile": {
                    "references": [
                      "each.value.create_iam_instance_profile",
                      "each.value",
                      "var.self_managed_node_group_defaults.create_iam_instance_profile",
                      "var.self_managed_node_group_defaults"
                    ]
                  },
                  "create_launch_template": {
                    "references": [
                      "each.value.create_launch_template",
                      "each.value",
                      "var.self_managed_node_group_defaults.create_launch_template",
                      "var.self_managed_node_group_defaults"
                    ]
                  },
                  "create_schedule": {
                    "references": [
                      "each.value.create_schedule",
                      "each.value",
                      "var.self_managed_node_group_defaults.create_schedule",
                      "var.self_managed_node_group_defaults"
                    ]
                  },
                  "credit_specification": {
                    "references": [
                      "each.value.credit_specification",
                      "each.value",
                      "var.self_managed_node_group_defaults.credit_specification",
                      "var.self_managed_node_group_defaults"
                    ]
                  },
                  "default_cooldown": {
                    "references": [
                      "each.value.default_cooldown",
                      "each.value",
                      "var.self_managed_node_group_defaults.default_cooldown",
                      "var.self_managed_node_group_defaults"
                    ]
                  },
                  "default_instance_warmup": {
                    "references": [
                      "each.value.default_instance_warmup",
                      "each.value",
                      "var.self_managed_node_group_defaults.default_instance_warmup",
                      "var.self_managed_node_group_defaults"
                    ]
                  },
                  "delete_timeout": {
                    "references": [
                      "each.value.delete_timeout",
                      "each.value",
                      "var.self_managed_node_group_defaults.delete_timeout",
                      "var.self_managed_node_group_defaults"
                    ]
                  },
                  "desired_size": {
                    "references": [
                      "each.value.desired_size",
                      "each.value",
                      "var.self_managed_node_group_defaults.desired_size",
                      "var.self_managed_node_group_defaults"
                    ]
                  },
                  "disable_api_termination": {
                    "references": [
                      "each.value.disable_api_termination",
                      "each.value",
                      "var.self_managed_node_group_defaults.disable_api_termination",
                      "var.self_managed_node_group_defaults"
                    ]
                  },
                  "ebs_optimized": {
                    "references": [
                      "each.value.ebs_optimized",
                      "each.value",
                      "var.self_managed_node_group_defaults.ebs_optimized",
                      "var.self_managed_node_group_defaults"
                    ]
                  },
                  "elastic_gpu_specifications": {
                    "references": [
                      "each.value.elastic_gpu_specifications",
                      "each.value",
                      "var.self_managed_node_group_defaults.elastic_gpu_specifications",
                      "var.self_managed_node_group_defaults"
                    ]
                  },
                  "elastic_inference_accelerator": {
                    "references": [
                      "each.value.elastic_inference_accelerator",
                      "each.value",
                      "var.self_managed_node_group_defaults.elastic_inference_accelerator",
                      "var.self_managed_node_group_defaults"
                    ]
                  },
                  "enable_monitoring": {
                    "references": [
                      "each.value.enable_monitoring",
                      "each.value",
                      "var.self_managed_node_group_defaults.enable_monitoring",
                      "var.self_managed_node_group_defaults"
                    ]
                  },
                  "enabled_metrics": {
                    "references": [
                      "each.value.enabled_metrics",
                      "each.value",
                      "var.self_managed_node_group_defaults.enabled_metrics",
                      "var.self_managed_node_group_defaults"
                    ]
                  },
                  "enclave_options": {
                    "references": [
                      "each.value.enclave_options",
                      "each.value",
                      "var.self_managed_node_group_defaults.enclave_options",
                      "var.self_managed_node_group_defaults"
                    ]
                  },
                  "force_delete": {
                    "references": [
                      "each.value.force_delete",
                      "each.value",
                      "var.self_managed_node_group_defaults.force_delete",
                      "var.self_managed_node_group_defaults"
                    ]
                  },
                  "force_delete_warm_pool": {
                    "references": [
                      "each.value.force_delete_warm_pool",
                      "each.value",
                      "var.self_managed_node_group_defaults.force_delete_warm_pool",
                      "var.self_managed_node_group_defaults"
                    ]
                  },
                  "health_check_grace_period": {
                    "references": [
                      "each.value.health_check_grace_period",
                      "each.value",
                      "var.self_managed_node_group_defaults.health_check_grace_period",
                      "var.self_managed_node_group_defaults"
                    ]
                  },
                  "health_check_type": {
                    "references": [
                      "each.value.health_check_type",
                      "each.value",
                      "var.self_managed_node_group_defaults.health_check_type",
                      "var.self_managed_node_group_defaults"
                    ]
                  },
                  "hibernation_options": {
                    "references": [
                      "each.value.hibernation_options",
                      "each.value",
                      "var.self_managed_node_group_defaults.hibernation_options",
                      "var.self_managed_node_group_defaults"
                    ]
                  },
                  "iam_instance_profile_arn": {
                    "references": [
                      "each.value.iam_instance_profile_arn",
                      "each.value",
                      "var.self_managed_node_group_defaults.iam_instance_profile_arn",
                      "var.self_managed_node_group_defaults"
                    ]
                  },
                  "iam_role_additional_policies": {
                    "references": [
                      "each.value",
                      "var.self_managed_node_group_defaults"
                    ]
                  },
                  "iam_role_attach_cni_policy": {
                    "references": [
                      "each.value.iam_role_attach_cni_policy",
                      "each.value",
                      "var.self_managed_node_group_defaults.iam_role_attach_cni_policy",
                      "var.self_managed_node_group_defaults"
                    ]
                  },
                  "iam_role_description": {
                    "references": [
                      "each.value.iam_role_description",
                      "each.value",
                      "var.self_managed_node_group_defaults.iam_role_description",
                      "var.self_managed_node_group_defaults"
                    ]
                  },
                  "iam_role_name": {
                    "references": [
                      "each.value.iam_role_name",
                      "each.value",
                      "var.self_managed_node_group_defaults.iam_role_name",
                      "var.self_managed_node_group_defaults"
                    ]
                  },
                  "iam_role_path": {
                    "references": [
                      "each.value.iam_role_path",
                      "each.value",
                      "var.self_managed_node_group_defaults.iam_role_path",
                      "var.self_managed_node_group_defaults"
                    ]
                  },
                  "iam_role_permissions_boundary": {
                    "references": [
                      "each.value.iam_role_permissions_boundary",
                      "each.value",
                      "var.self_managed_node_group_defaults.iam_role_permissions_boundary",
                      "var.self_managed_node_group_defaults"
                    ]
                  },
                  "iam_role_tags": {
                    "references": [
                      "each.value.iam_role_tags",
                      "each.value",
                      "var.self_managed_node_group_defaults.iam_role_tags",
                      "var.self_managed_node_group_defaults"
                    ]
                  },
                  "iam_role_use_name_prefix": {
                    "references": [
                      "each.value.iam_role_use_name_prefix",
                      "each.value",
                      "var.self_managed_node_group_defaults.iam_role_use_name_prefix",
                      "var.self_managed_node_group_defaults"
                    ]
                  },
                  "initial_lifecycle_hooks": {
                    "references": [
                      "each.value.initial_lifecycle_hooks",
                      "each.value",
                      "var.self_managed_node_group_defaults.initial_lifecycle_hooks",
                      "var.self_managed_node_group_defaults"
                    ]
                  },
                  "instance_initiated_shutdown_behavior": {
                    "references": [
                      "each.value.instance_initiated_shutdown_behavior",
                      "each.value",
                      "var.self_managed_node_group_defaults.instance_initiated_shutdown_behavior",
                      "var.self_managed_node_group_defaults"
                    ]
                  },
                  "instance_market_options": {
                    "references": [
                      "each.value.instance_market_options",
                      "each.value",
                      "var.self_managed_node_group_defaults.instance_market_options",
                      "var.self_managed_node_group_defaults"
                    ]
                  },
                  "instance_refresh": {
                    "references": [
                      "each.value.instance_refresh",
                      "each.value",
                      "var.self_managed_node_group_defaults.instance_refresh",
                      "var.self_managed_node_group_defaults",
                      "local.default_instance_refresh"
                    ]
                  },
                  "instance_requirements": {
                    "references": [
                      "each.value.instance_requirements",
                      "each.value",
                      "var.self_managed_node_group_defaults.instance_requirements",
                      "var.self_managed_node_group_defaults"
                    ]
                  },
                  "instance_type": {
                    "references": [
                      "each.value.instance_type",
                      "each.value",
                      "var.self_managed_node_group_defaults.instance_type",
                      "var.self_managed_node_group_defaults"
                    ]
                  },
                  "kernel_id": {
                    "references": [
                      "each.value.kernel_id",
                      "each.value",
                      "var.self_managed_node_group_defaults.kernel_id",
                      "var.self_managed_node_group_defaults"
                    ]
                  },
                  "key_name": {
                    "references": [
                      "each.value.key_name",
                      "each.value",
                      "var.self_managed_node_group_defaults.key_name",
                      "var.self_managed_node_group_defaults"
                    ]
                  },
                  "launch_template_default_version": {
                    "references": [
                      "each.value.launch_template_default_version",
                      "each.value",
                      "var.self_managed_node_group_defaults.launch_template_default_version",
                      "var.self_managed_node_group_defaults"
                    ]
                  },
                  "launch_template_description": {
                    "references": [
                      "each.value.launch_template_description",
                      "each.value",
                      "var.self_managed_node_group_defaults.launch_template_description",
                      "var.self_managed_node_group_defaults",
                      "each.value.name",
                      "each.value",
                      "each.key"
                    ]
                  },
                  "launch_template_id": {
                    "references": [
                      "each.value.launch_template_id",
                      "each.value",
                      "var.self_managed_node_group_defaults.launch_template_id",
                      "var.self_managed_node_group_defaults"
                    ]
                  },
                  "launch_template_name": {
                    "references": [
                      "each.value.launch_template_name",
                      "each.value",
                      "var.self_managed_node_group_defaults.launch_template_name",
                      "var.self_managed_node_group_defaults",
                      "each.key"
                    ]
                  },
                  "launch_template_tags": {
                    "references": [
                      "each.value.launch_template_tags",
                      "each.value",
                      "var.self_managed_node_group_defaults.launch_template_tags",
                      "var.self_managed_node_group_defaults"
                    ]
                  },
                  "launch_template_use_name_prefix": {
                    "references": [
                      "each.value.launch_template_use_name_prefix",
                      "each.value",
                      "var.self_managed_node_group_defaults.launch_template_use_name_prefix",
                      "var.self_managed_node_group_defaults"
                    ]
                  },
                  "launch_template_version": {
                    "references": [
                      "each.value.launch_template_version",
                      "each.value",
                      "var.self_managed_node_group_defaults.launch_template_version",
                      "var.self_managed_node_group_defaults"
                    ]
                  },
                  "license_specifications": {
                    "references": [
                      "each.value.license_specifications",
                      "each.value",
                      "var.self_managed_node_group_defaults.license_specifications",
                      "var.self_managed_node_group_defaults"
                    ]
                  },
                  "maintenance_options": {
                    "references": [
                      "each.value.maintenance_options",
                      "each.value",
                      "var.self_managed_node_group_defaults.maintenance_options",
                      "var.self_managed_node_group_defaults"
                    ]
                  },
                  "max_instance_lifetime": {
                    "references": [
                      "each.value.max_instance_lifetime",
                      "each.value",
                      "var.self_managed_node_group_defaults.max_instance_lifetime",
                      "var.self_managed_node_group_defaults"
                    ]
                  },
                  "max_size": {
                    "references": [
                      "each.value.max_size",
                      "each.value",
                      "var.self_managed_node_group_defaults.max_size",
                      "var.self_managed_node_group_defaults"
                    ]
                  },
                  "metadata_options": {
                    "references": [
                      "each.value.metadata_options",
                      "each.value",
                      "var.self_managed_node_group_defaults.metadata_options",
                      "var.self_managed_node_group_defaults",
                      "local.metadata_options"
                    ]
                  },
                  "metrics_granularity": {
                    "references": [
                      "each.value.metrics_granularity",
                      "each.value",
                      "var.self_managed_node_group_defaults.metrics_granularity",
                      "var.self_managed_node_group_defaults"
                    ]
                  },
                  "min_elb_capacity": {
                    "references": [
                      "each.value.min_elb_capacity",
                      "each.value",
                      "var.self_managed_node_group_defaults.min_elb_capacity",
                      "var.self_managed_node_group_defaults"
                    ]
                  },
                  "min_size": {
                    "references": [
                      "each.value.min_size",
                      "each.value",
                      "var.self_managed_node_group_defaults.min_size",
                      "var.self_managed_node_group_defaults"
                    ]
                  },
                  "mixed_instances_policy": {
                    "references": [
                      "each.value.mixed_instances_policy",
                      "each.value",
                      "var.self_managed_node_group_defaults.mixed_instances_policy",
                      "var.self_managed_node_group_defaults"
                    ]
                  },
                  "name": {
                    "references": [
                      "each.value.name",
                      "each.value",
                      "each.key"
                    ]
                  },
                  "network_interfaces": {
                    "references": [
                      "each.value.network_interfaces",
                      "each.value",
                      "var.self_managed_node_group_defaults.network_interfaces",
                      "var.self_managed_node_group_defaults"
                    ]
                  },
                  "placement": {
                    "references": [
                      "each.value.placement",
                      "each.value",
                      "var.self_managed_node_group_defaults.placement",
                      "var.self_managed_node_group_defaults"
                    ]
                  },
                  "placement_group": {
                    "references": [
                      "each.value.placement_group",
                      "each.value",
                      "var.self_managed_node_group_defaults.placement_group",
                      "var.self_managed_node_group_defaults"
                    ]
                  },
                  "platform": {
                    "references": [
                      "each.value.platform",
                      "each.value",
                      "var.self_managed_node_group_defaults.platform",
                      "var.self_managed_node_group_defaults"
                    ]
                  },
                  "post_bootstrap_user_data": {
                    "references": [
                      "each.value.post_bootstrap_user_data",
                      "each.value",
                      "var.self_managed_node_group_defaults.post_bootstrap_user_data",
                      "var.self_managed_node_group_defaults"
                    ]
                  },
                  "pre_bootstrap_user_data": {
                    "references": [
                      "each.value.pre_bootstrap_user_data",
                      "each.value",
                      "var.self_managed_node_group_defaults.pre_bootstrap_user_data",
                      "var.self_managed_node_group_defaults"
                    ]
                  },
                  "private_dns_name_options": {
                    "references": [
                      "each.value.private_dns_name_options",
                      "each.value",
                      "var.self_managed_node_group_defaults.private_dns_name_options",
                      "var.self_managed_node_group_defaults"
                    ]
                  },
                  "protect_from_scale_in": {
                    "references": [
                      "each.value.protect_from_scale_in",
                      "each.value",
                      "var.self_managed_node_group_defaults.protect_from_scale_in",
                      "var.self_managed_node_group_defaults"
                    ]
                  },
                  "ram_disk_id": {
                    "references": [
                      "each.value.ram_disk_id",
                      "each.value",
                      "var.self_managed_node_group_defaults.ram_disk_id",
                      "var.self_managed_node_group_defaults"
                    ]
                  },
                  "schedules": {
                    "references": [
                      "each.value.schedules",
                      "each.value",
                      "var.self_managed_node_group_defaults.schedules",
                      "var.self_managed_node_group_defaults"
                    ]
                  },
                  "service_linked_role_arn": {
                    "references": [
                      "each.value.service_linked_role_arn",
                      "each.value",
                      "var.self_managed_node_group_defaults.service_linked_role_arn",
                      "var.self_managed_node_group_defaults"
                    ]
                  },
                  "subnet_ids": {
                    "references": [
                      "each.value.subnet_ids",
                      "each.value",
                      "var.self_managed_node_group_defaults.subnet_ids",
                      "var.self_managed_node_group_defaults",
                      "var.subnet_ids"
                    ]
                  },
                  "suspended_processes": {
                    "references": [
                      "each.value.suspended_processes",
                      "each.value",
                      "var.self_managed_node_group_defaults.suspended_processes",
                      "var.self_managed_node_group_defaults"
                    ]
                  },
                  "tag_specifications": {
                    "references": [
                      "each.value.tag_specifications",
                      "each.value",
                      "var.self_managed_node_group_defaults.tag_specifications",
                      "var.self_managed_node_group_defaults"
                    ]
                  },
                  "tags": {
                    "references": [
                      "var.tags",
                      "each.value.tags",
                      "each.value",
                      "var.self_managed_node_group_defaults.tags",
                      "var.self_managed_node_group_defaults"
                    ]
                  },
                  "target_group_arns": {
                    "references": [
                      "each.value.target_group_arns",
                      "each.value",
                      "var.self_managed_node_group_defaults.target_group_arns",
                      "var.self_managed_node_group_defaults"
                    ]
                  },
                  "termination_policies": {
                    "references": [
                      "each.value.termination_policies",
                      "each.value",
                      "var.self_managed_node_group_defaults.termination_policies",
                      "var.self_managed_node_group_defaults"
                    ]
                  },
                  "update_launch_template_default_version": {
                    "references": [
                      "each.value.update_launch_template_default_version",
                      "each.value",
                      "var.self_managed_node_group_defaults.update_launch_template_default_version",
                      "var.self_managed_node_group_defaults"
                    ]
                  },
                  "use_mixed_instances_policy": {
                    "references": [
                      "each.value.use_mixed_instances_policy",
                      "each.value",
                      "var.self_managed_node_group_defaults.use_mixed_instances_policy",
                      "var.self_managed_node_group_defaults"
                    ]
                  },
                  "use_name_prefix": {
                    "references": [
                      "each.value.use_name_prefix",
                      "each.value",
                      "var.self_managed_node_group_defaults.use_name_prefix",
                      "var.self_managed_node_group_defaults"
                    ]
                  },
                  "user_data_template_path": {
                    "references": [
                      "each.value.user_data_template_path",
                      "each.value",
                      "var.self_managed_node_group_defaults.user_data_template_path",
                      "var.self_managed_node_group_defaults"
                    ]
                  },
                  "vpc_security_group_ids": {
                    "references": [
                      "local.node_security_group_id",
                      "each.value.vpc_security_group_ids",
                      "each.value",
                      "var.self_managed_node_group_defaults.vpc_security_group_ids",
                      "var.self_managed_node_group_defaults"
                    ]
                  },
                  "wait_for_capacity_timeout": {
                    "references": [
                      "each.value.wait_for_capacity_timeout",
                      "each.value",
                      "var.self_managed_node_group_defaults.wait_for_capacity_timeout",
                      "var.self_managed_node_group_defaults"
                    ]
                  },
                  "wait_for_elb_capacity": {
                    "references": [
                      "each.value.wait_for_elb_capacity",
                      "each.value",
                      "var.self_managed_node_group_defaults.wait_for_elb_capacity",
                      "var.self_managed_node_group_defaults"
                    ]
                  },
                  "warm_pool": {
                    "references": [
                      "each.value.warm_pool",
                      "each.value",
                      "var.self_managed_node_group_defaults.warm_pool",
                      "var.self_managed_node_group_defaults"
                    ]
                  }
                },
                "for_each_expression": {
                  "references": [
                    "var.self_managed_node_groups",
                    "var.create"
                  ]
                },
                "module": {
                  "outputs": {
                    "autoscaling_group_arn": {
                      "expression": {
                        "references": [
                          "aws_autoscaling_group.this[0].arn",
                          "aws_autoscaling_group.this[0]",
                          "aws_autoscaling_group.this"
                        ]
                      },
                      "description": "The ARN for this autoscaling group"
                    },
                    "autoscaling_group_availability_zones": {
                      "expression": {
                        "references": [
                          "aws_autoscaling_group.this[0].availability_zones",
                          "aws_autoscaling_group.this[0]",
                          "aws_autoscaling_group.this"
                        ]
                      },
                      "description": "The availability zones of the autoscaling group"
                    },
                    "autoscaling_group_default_cooldown": {
                      "expression": {
                        "references": [
                          "aws_autoscaling_group.this[0].default_cooldown",
                          "aws_autoscaling_group.this[0]",
                          "aws_autoscaling_group.this"
                        ]
                      },
                      "description": "Time between a scaling activity and the succeeding scaling activity"
                    },
                    "autoscaling_group_desired_capacity": {
                      "expression": {
                        "references": [
                          "aws_autoscaling_group.this[0].desired_capacity",
                          "aws_autoscaling_group.this[0]",
                          "aws_autoscaling_group.this"
                        ]
                      },
                      "description": "The number of Amazon EC2 instances that should be running in the group"
                    },
                    "autoscaling_group_health_check_grace_period": {
                      "expression": {
                        "references": [
                          "aws_autoscaling_group.this[0].health_check_grace_period",
                          "aws_autoscaling_group.this[0]",
                          "aws_autoscaling_group.this"
                        ]
                      },
                      "description": "Time after instance comes into service before checking health"
                    },
                    "autoscaling_group_health_check_type": {
                      "expression": {
                        "references": [
                          "aws_autoscaling_group.this[0].health_check_type",
                          "aws_autoscaling_group.this[0]",
                          "aws_autoscaling_group.this"
                        ]
                      },
                      "description": "EC2 or ELB. Controls how health checking is done"
                    },
                    "autoscaling_group_id": {
                      "expression": {
                        "references": [
                          "aws_autoscaling_group.this[0].id",
                          "aws_autoscaling_group.this[0]",
                          "aws_autoscaling_group.this"
                        ]
                      },
                      "description": "The autoscaling group id"
                    },
                    "autoscaling_group_max_size": {
                      "expression": {
                        "references": [
                          "aws_autoscaling_group.this[0].max_size",
                          "aws_autoscaling_group.this[0]",
                          "aws_autoscaling_group.this"
                        ]
                      },
                      "description": "The maximum size of the autoscaling group"
                    },
                    "autoscaling_group_min_size": {
                      "expression": {
                        "references": [
                          "aws_autoscaling_group.this[0].min_size",
                          "aws_autoscaling_group.this[0]",
                          "aws_autoscaling_group.this"
                        ]
                      },
                      "description": "The minimum size of the autoscaling group"
                    },
                    "autoscaling_group_name": {
                      "expression": {
                        "references": [
                          "aws_autoscaling_group.this[0].name",
                          "aws_autoscaling_group.this[0]",
                          "aws_autoscaling_group.this"
                        ]
                      },
                      "description": "The autoscaling group name"
                    },
                    "autoscaling_group_schedule_arns": {
                      "expression": {
                        "references": [
                          "aws_autoscaling_schedule.this"
                        ]
                      },
                      "description": "ARNs of autoscaling group schedules"
                    },
                    "autoscaling_group_vpc_zone_identifier": {
                      "expression": {
                        "references": [
                          "aws_autoscaling_group.this[0].vpc_zone_identifier",
                          "aws_autoscaling_group.this[0]",
                          "aws_autoscaling_group.this"
                        ]
                      },
                      "description": "The VPC zone identifier"
                    },
                    "iam_instance_profile_arn": {
                      "expression": {
                        "references": [
                          "aws_iam_instance_profile.this[0].arn",
                          "aws_iam_instance_profile.this[0]",
                          "aws_iam_instance_profile.this",
                          "var.iam_instance_profile_arn"
                        ]
                      },
                      "description": "ARN assigned by AWS to the instance profile"
                    },
                    "iam_instance_profile_id": {
                      "expression": {
                        "references": [
                          "aws_iam_instance_profile.this[0].id",
                          "aws_iam_instance_profile.this[0]",
                          "aws_iam_instance_profile.this"
                        ]
                      },
                      "description": "Instance profile's ID"
                    },
                    "iam_instance_profile_unique": {
                      "expression": {
                        "references": [
                          "aws_iam_instance_profile.this[0].unique_id",
                          "aws_iam_instance_profile.this[0]",
                          "aws_iam_instance_profile.this"
                        ]
                      },
                      "description": "Stable and unique string identifying the IAM instance profile"
                    },
                    "iam_role_arn": {
                      "expression": {
                        "references": [
                          "aws_iam_role.this[0].arn",
                          "aws_iam_role.this[0]",
                          "aws_iam_role.this"
                        ]
                      },
                      "description": "The Amazon Resource Name (ARN) specifying the IAM role"
                    },
                    "iam_role_name": {
                      "expression": {
                        "references": [
                          "aws_iam_role.this[0].name",
                          "aws_iam_role.this[0]",
                          "aws_iam_role.this"
                        ]
                      },
                      "description": "The name of the IAM role"
                    },
                    "iam_role_unique_id": {
                      "expression": {
                        "references": [
                          "aws_iam_role.this[0].unique_id",
                          "aws_iam_role.this[0]",
                          "aws_iam_role.this"
                        ]
                      },
                      "description": "Stable and unique string identifying the IAM role"
                    },
                    "image_id": {
                      "expression": {
                        "references": [
                          "aws_launch_template.this[0].image_id",
                          "aws_launch_template.this[0]",
                          "aws_launch_template.this"
                        ]
                      },
                      "description": "ID of the image"
                    },
                    "launch_template_arn": {
                      "expression": {
                        "references": [
                          "aws_launch_template.this[0].arn",
                          "aws_launch_template.this[0]",
                          "aws_launch_template.this"
                        ]
                      },
                      "description": "The ARN of the launch template"
                    },
                    "launch_template_id": {
                      "expression": {
                        "references": [
                          "aws_launch_template.this[0].id",
                          "aws_launch_template.this[0]",
                          "aws_launch_template.this"
                        ]
                      },
                      "description": "The ID of the launch template"
                    },
                    "launch_template_latest_version": {
                      "expression": {
                        "references": [
                          "aws_launch_template.this[0].latest_version",
                          "aws_launch_template.this[0]",
                          "aws_launch_template.this"
                        ]
                      },
                      "description": "The latest version of the launch template"
                    },
                    "launch_template_name": {
                      "expression": {
                        "references": [
                          "aws_launch_template.this[0].name",
                          "aws_launch_template.this[0]",
                          "aws_launch_template.this"
                        ]
                      },
                      "description": "The name of the launch template"
                    },
                    "platform": {
                      "expression": {
                        "references": [
                          "var.platform"
                        ]
                      },
                      "description": "Identifies if the OS platform is `bottlerocket`, `linux`, or `windows` based"
                    },
                    "user_data": {
                      "expression": {
                        "references": [
                          "module.user_data.user_data",
                          "module.user_data"
                        ]
                      },
                      "description": "Base64 encoded user data"
                    }
                  },
                  "resources": [
                    {
                      "address": "aws_autoscaling_group.this",
                      "mode": "managed",
                      "type": "aws_autoscaling_group",
                      "name": "this",
                      "provider_config_key": "aws",
                      "expressions": {
                        "availability_zones": {
                          "references": [
                            "var.availability_zones"
                          ]
                        },
                        "capacity_rebalance": {
                          "references": [
                            "var.capacity_rebalance"
                          ]
                        },
                        "context": {
                          "references": [
                            "var.context"
                          ]
                        },
                        "default_cooldown": {
                          "references": [
                            "var.default_cooldown"
                          ]
                        },
                        "default_instance_warmup": {
                          "references": [
                            "var.default_instance_warmup"
                          ]
                        },
                        "desired_capacity": {
                          "references": [
                            "var.desired_size"
                          ]
                        },
                        "enabled_metrics": {
                          "references": [
                            "var.enabled_metrics"
                          ]
                        },
                        "force_delete": {
                          "references": [
                            "var.force_delete"
                          ]
                        },
                        "force_delete_warm_pool": {
                          "references": [
                            "var.force_delete_warm_pool"
                          ]
                        },
                        "health_check_grace_period": {
                          "references": [
                            "var.health_check_grace_period"
                          ]
                        },
                        "health_check_type": {
                          "references": [
                            "var.health_check_type"
                          ]
                        },
                        "max_instance_lifetime": {
                          "references": [
                            "var.max_instance_lifetime"
                          ]
                        },
                        "max_size": {
                          "references": [
                            "var.max_size"
                          ]
                        },
                        "metrics_granularity": {
                          "references": [
                            "var.metrics_granularity"
                          ]
                        },
                        "min_elb_capacity": {
                          "references": [
                            "var.min_elb_capacity"
                          ]
                        },
                        "min_size": {
                          "references": [
                            "var.min_size"
                          ]
                        },
                        "name": {
                          "references": [
                            "var.use_name_prefix",
                            "var.name"
                          ]
                        },
                        "name_prefix": {
                          "references": [
                            "var.use_name_prefix",
                            "var.name"
                          ]
                        },
                        "placement_group": {
                          "references": [
                            "var.placement_group"
                          ]
                        },
                        "protect_from_scale_in": {
                          "references": [
                            "var.protect_from_scale_in"
                          ]
                        },
                        "service_linked_role_arn": {
                          "references": [
                            "var.service_linked_role_arn"
                          ]
                        },
                        "suspended_processes": {
                          "references": [
                            "var.suspended_processes"
                          ]
                        },
                        "target_group_arns": {
                          "references": [
                            "var.target_group_arns"
                          ]
                        },
                        "termination_policies": {
                          "references": [
                            "var.termination_policies"
                          ]
                        },
                        "timeouts": {
                          "delete": {
                            "references": [
                              "var.delete_timeout"
                            ]
                          }
                        },
                        "vpc_zone_identifier": {
                          "references": [
                            "var.subnet_ids"
                          ]
                        },
                        "wait_for_capacity_timeout": {
                          "references": [
                            "var.wait_for_capacity_timeout"
                          ]
                        },
                        "wait_for_elb_capacity": {
                          "references": [
                            "var.wait_for_elb_capacity"
                          ]
                        }
                      },
                      "schema_version": 1,
                      "count_expression": {
                        "references": [
                          "var.create",
                          "var.create_autoscaling_group"
                        ]
                      }
                    },
                    {
                      "address": "aws_autoscaling_schedule.this",
                      "mode": "managed",
                      "type": "aws_autoscaling_schedule",
                      "name": "this",
                      "provider_config_key": "aws",
                      "expressions": {
                        "autoscaling_group_name": {
                          "references": [
                            "aws_autoscaling_group.this[0].name",
                            "aws_autoscaling_group.this[0]",
                            "aws_autoscaling_group.this"
                          ]
                        },
                        "desired_capacity": {
                          "references": [
                            "each.value.desired_size",
                            "each.value"
                          ]
                        },
                        "end_time": {
                          "references": [
                            "each.value.end_time",
                            "each.value"
                          ]
                        },
                        "max_size": {
                          "references": [
                            "each.value.max_size",
                            "each.value"
                          ]
                        },
                        "min_size": {
                          "references": [
                            "each.value.min_size",
                            "each.value"
                          ]
                        },
                        "recurrence": {
                          "references": [
                            "each.value.recurrence",
                            "each.value"
                          ]
                        },
                        "scheduled_action_name": {
                          "references": [
                            "each.key"
                          ]
                        },
                        "start_time": {
                          "references": [
                            "each.value.start_time",
                            "each.value"
                          ]
                        },
                        "time_zone": {
                          "references": [
                            "each.value.time_zone",
                            "each.value"
                          ]
                        }
                      },
                      "schema_version": 0,
                      "for_each_expression": {
                        "references": [
                          "var.schedules",
                          "var.create",
                          "var.create_schedule"
                        ]
                      }
                    },
                    {
                      "address": "aws_iam_instance_profile.this",
                      "mode": "managed",
                      "type": "aws_iam_instance_profile",
                      "name": "this",
                      "provider_config_key": "aws",
                      "expressions": {
                        "name": {
                          "references": [
                            "var.iam_role_use_name_prefix",
                            "local.iam_role_name"
                          ]
                        },
                        "name_prefix": {
                          "references": [
                            "var.iam_role_use_name_prefix",
                            "local.iam_role_name"
                          ]
                        },
                        "path": {
                          "references": [
                            "var.iam_role_path"
                          ]
                        },
                        "role": {
                          "references": [
                            "aws_iam_role.this[0].name",
                            "aws_iam_role.this[0]",
                            "aws_iam_role.this"
                          ]
                        },
                        "tags": {
                          "references": [
                            "var.tags",
                            "var.iam_role_tags"
                          ]
                        }
                      },
                      "schema_version": 0,
                      "count_expression": {
                        "references": [
                          "var.create",
                          "var.create_iam_instance_profile"
                        ]
                      }
                    },
                    {
                      "address": "aws_iam_role.this",
                      "mode": "managed",
                      "type": "aws_iam_role",
                      "name": "this",
                      "provider_config_key": "aws",
                      "expressions": {
                        "assume_role_policy": {
                          "references": [
                            "data.aws_iam_policy_document.assume_role_policy[0].json",
                            "data.aws_iam_policy_document.assume_role_policy[0]",
                            "data.aws_iam_policy_document.assume_role_policy"
                          ]
                        },
                        "description": {
                          "references": [
                            "var.iam_role_description"
                          ]
                        },
                        "force_detach_policies": {
                          "constant_value": true
                        },
                        "name": {
                          "references": [
                            "var.iam_role_use_name_prefix",
                            "local.iam_role_name"
                          ]
                        },
                        "name_prefix": {
                          "references": [
                            "var.iam_role_use_name_prefix",
                            "local.iam_role_name"
                          ]
                        },
                        "path": {
                          "references": [
                            "var.iam_role_path"
                          ]
                        },
                        "permissions_boundary": {
                          "references": [
                            "var.iam_role_permissions_boundary"
                          ]
                        },
                        "tags": {
                          "references": [
                            "var.tags",
                            "var.iam_role_tags"
                          ]
                        }
                      },
                      "schema_version": 0,
                      "count_expression": {
                        "references": [
                          "var.create",
                          "var.create_iam_instance_profile"
                        ]
                      }
                    },
                    {
                      "address": "aws_iam_role_policy_attachment.additional",
                      "mode": "managed",
                      "type": "aws_iam_role_policy_attachment",
                      "name": "additional",
                      "provider_config_key": "aws",
                      "expressions": {
                        "policy_arn": {
                          "references": [
                            "each.value"
                          ]
                        },
                        "role": {
                          "references": [
                            "aws_iam_role.this[0].name",
                            "aws_iam_role.this[0]",
                            "aws_iam_role.this"
                          ]
                        }
                      },
                      "schema_version": 0,
                      "for_each_expression": {
                        "references": [
                          "var.iam_role_additional_policies",
                          "var.create",
                          "var.create_iam_instance_profile"
                        ]
                      }
                    },
                    {
                      "address": "aws_iam_role_policy_attachment.this",
                      "mode": "managed",
                      "type": "aws_iam_role_policy_attachment",
                      "name": "this",
                      "provider_config_key": "aws",
                      "expressions": {
                        "policy_arn": {
                          "references": [
                            "each.value"
                          ]
                        },
                        "role": {
                          "references": [
                            "aws_iam_role.this[0].name",
                            "aws_iam_role.this[0]",
                            "aws_iam_role.this"
                          ]
                        }
                      },
                      "schema_version": 0,
                      "for_each_expression": {
                        "references": [
                          "local.iam_role_policy_prefix",
                          "local.iam_role_policy_prefix",
                          "var.iam_role_attach_cni_policy",
                          "local.cni_policy",
                          "var.create",
                          "var.create_iam_instance_profile"
                        ]
                      }
                    },
                    {
                      "address": "aws_launch_template.this",
                      "mode": "managed",
                      "type": "aws_launch_template",
                      "name": "this",
                      "provider_config_key": "aws",
                      "expressions": {
                        "default_version": {
                          "references": [
                            "var.launch_template_default_version"
                          ]
                        },
                        "description": {
                          "references": [
                            "var.launch_template_description"
                          ]
                        },
                        "disable_api_termination": {
                          "references": [
                            "var.disable_api_termination"
                          ]
                        },
                        "ebs_optimized": {
                          "references": [
                            "var.ebs_optimized"
                          ]
                        },
                        "iam_instance_profile": [
                          {
                            "arn": {
                              "references": [
                                "var.create_iam_instance_profile",
                                "aws_iam_instance_profile.this[0].arn",
                                "aws_iam_instance_profile.this[0]",
                                "aws_iam_instance_profile.this",
                                "var.iam_instance_profile_arn"
                              ]
                            }
                          }
                        ],
                        "image_id": {
                          "references": [
                            "var.ami_id",
                            "data.aws_ami.eks_default[0].image_id",
                            "data.aws_ami.eks_default[0]",
                            "data.aws_ami.eks_default"
                          ]
                        },
                        "instance_initiated_shutdown_behavior": {
                          "references": [
                            "var.instance_initiated_shutdown_behavior"
                          ]
                        },
                        "instance_type": {
                          "references": [
                            "var.instance_type"
                          ]
                        },
                        "kernel_id": {
                          "references": [
                            "var.kernel_id"
                          ]
                        },
                        "key_name": {
                          "references": [
                            "var.key_name"
                          ]
                        },
                        "name": {
                          "references": [
                            "var.launch_template_use_name_prefix",
                            "local.launch_template_name"
                          ]
                        },
                        "name_prefix": {
                          "references": [
                            "var.launch_template_use_name_prefix",
                            "local.launch_template_name"
                          ]
                        },
                        "ram_disk_id": {
                          "references": [
                            "var.ram_disk_id"
                          ]
                        },
                        "tags": {
                          "references": [
                            "var.tags"
                          ]
                        },
                        "update_default_version": {
                          "references": [
                            "var.update_launch_template_default_version"
                          ]
                        },
                        "user_data": {
                          "references": [
                            "module.user_data.user_data",
                            "module.user_data"
                          ]
                        },
                        "vpc_security_group_ids": {
                          "references": [
                            "var.network_interfaces",
                            "local.security_group_ids"
                          ]
                        }
                      },
                      "schema_version": 0,
                      "count_expression": {
                        "references": [
                          "var.create",
                          "var.create_launch_template"
                        ]
                      },
                      "depends_on": [
                        "aws_iam_role_policy_attachment.this"
                      ]
                    },
                    {
                      "address": "data.aws_ami.eks_default",
                      "mode": "data",
                      "type": "aws_ami",
                      "name": "eks_default",
                      "provider_config_key": "aws",
                      "expressions": {
                        "filter": [
                          {
                            "name": {
                              "constant_value": "name"
                            },
                            "values": {
                              "references": [
                                "var.cluster_version"
                              ]
                            }
                          }
                        ],
                        "most_recent": {
                          "constant_value": true
                        },
                        "owners": {
                          "constant_value": [
                            "amazon"
                          ]
                        }
                      },
                      "schema_version": 0,
                      "count_expression": {
                        "references": [
                          "var.create",
                          "var.create_launch_template"
                        ]
                      }
                    },
                    {
                      "address": "data.aws_caller_identity.current",
                      "mode": "data",
                      "type": "aws_caller_identity",
                      "name": "current",
                      "provider_config_key": "aws",
                      "schema_version": 0
                    },
                    {
                      "address": "data.aws_iam_policy_document.assume_role_policy",
                      "mode": "data",
                      "type": "aws_iam_policy_document",
                      "name": "assume_role_policy",
                      "provider_config_key": "aws",
                      "expressions": {
                        "statement": [
                          {
                            "actions": {
                              "constant_value": [
                                "sts:AssumeRole"
                              ]
                            },
                            "principals": [
                              {
                                "identifiers": {
                                  "references": [
                                    "data.aws_partition.current.dns_suffix",
                                    "data.aws_partition.current"
                                  ]
                                },
                                "type": {
                                  "constant_value": "Service"
                                }
                              }
                            ],
                            "sid": {
                              "constant_value": "EKSNodeAssumeRole"
                            }
                          }
                        ]
                      },
                      "schema_version": 0,
                      "count_expression": {
                        "references": [
                          "var.create",
                          "var.create_iam_instance_profile"
                        ]
                      }
                    },
                    {
                      "address": "data.aws_partition.current",
                      "mode": "data",
                      "type": "aws_partition",
                      "name": "current",
                      "provider_config_key": "aws",
                      "schema_version": 0
                    }
                  ],
                  "module_calls": {
                    "user_data": {
                      "source": "../_user_data",
                      "expressions": {
                        "bootstrap_extra_args": {
                          "references": [
                            "var.bootstrap_extra_args"
                          ]
                        },
                        "cluster_auth_base64": {
                          "references": [
                            "var.cluster_auth_base64"
                          ]
                        },
                        "cluster_endpoint": {
                          "references": [
                            "var.cluster_endpoint"
                          ]
                        },
                        "cluster_name": {
                          "references": [
                            "var.cluster_name"
                          ]
                        },
                        "create": {
                          "references": [
                            "var.create"
                          ]
                        },
                        "enable_bootstrap_user_data": {
                          "constant_value": true
                        },
                        "is_eks_managed_node_group": {
                          "constant_value": false
                        },
                        "platform": {
                          "references": [
                            "var.platform"
                          ]
                        },
                        "post_bootstrap_user_data": {
                          "references": [
                            "var.post_bootstrap_user_data"
                          ]
                        },
                        "pre_bootstrap_user_data": {
                          "references": [
                            "var.pre_bootstrap_user_data"
                          ]
                        },
                        "user_data_template_path": {
                          "references": [
                            "var.user_data_template_path"
                          ]
                        }
                      },
                      "module": {
                        "outputs": {
                          "user_data": {
                            "expression": {
                              "references": [
                                "local.platform",
                                "var.platform"
                              ]
                            },
                            "description": "Base64 encoded user data rendered for the provided inputs"
                          }
                        },
                        "resources": [
                          {
                            "address": "data.cloudinit_config.linux_eks_managed_node_group",
                            "mode": "data",
                            "type": "cloudinit_config",
                            "name": "linux_eks_managed_node_group",
                            "provider_config_key": "module.eks.module.self_managed_node_group.module.user_data:cloudinit",
                            "expressions": {
                              "base64_encode": {
                                "constant_value": true
                              },
                              "boundary": {
                                "constant_value": "//"
                              },
                              "gzip": {
                                "constant_value": false
                              },
                              "part": [
                                {
                                  "content": {
                                    "references": [
                                      "var.pre_bootstrap_user_data"
                                    ]
                                  },
                                  "content_type": {
                                    "constant_value": "text/x-shellscript"
                                  }
                                }
                              ]
                            },
                            "schema_version": 0,
                            "count_expression": {
                              "references": [
                                "var.create",
                                "var.platform",
                                "var.is_eks_managed_node_group",
                                "var.enable_bootstrap_user_data",
                                "var.pre_bootstrap_user_data",
                                "var.user_data_template_path"
                              ]
                            }
                          }
                        ],
                        "variables": {
                          "bootstrap_extra_args": {
                            "default": "",
                            "description": "Additional arguments passed to the bootstrap script. When `platform` = `bottlerocket`; these are additional [settings](https://github.com/bottlerocket-os/bottlerocket#settings) that are provided to the Bottlerocket user data"
                          },
                          "cluster_auth_base64": {
                            "default": "",
                            "description": "Base64 encoded CA of associated EKS cluster"
                          },
                          "cluster_endpoint": {
                            "default": "",
                            "description": "Endpoint of associated EKS cluster"
                          },
                          "cluster_name": {
                            "default": "",
                            "description": "Name of the EKS cluster"
                          },
                          "cluster_service_ipv4_cidr": {
                            "default": null,
                            "description": "The CIDR block to assign Kubernetes service IP addresses from. If you don't specify a block, Kubernetes assigns addresses from either the 10.100.0.0/16 or 172.20.0.0/16 CIDR blocks"
                          },
                          "create": {
                            "default": true,
                            "description": "Determines whether to create user-data or not"
                          },
                          "enable_bootstrap_user_data": {
                            "default": false,
                            "description": "Determines whether the bootstrap configurations are populated within the user data template"
                          },
                          "is_eks_managed_node_group": {
                            "default": true,
                            "description": "Determines whether the user data is used on nodes in an EKS managed node group. Used to determine if user data will be appended or not"
                          },
                          "platform": {
                            "default": "linux",
                            "description": "Identifies if the OS platform is `bottlerocket`, `linux`, or `windows` based"
                          },
                          "post_bootstrap_user_data": {
                            "default": "",
                            "description": "User data that is appended to the user data script after of the EKS bootstrap script. Not used when `platform` = `bottlerocket`"
                          },
                          "pre_bootstrap_user_data": {
                            "default": "",
                            "description": "User data that is injected into the user data script ahead of the EKS bootstrap script. Not used when `platform` = `bottlerocket`"
                          },
                          "user_data_template_path": {
                            "default": "",
                            "description": "Path to a local, custom user data template file to use when rendering user data"
                          }
                        }
                      }
                    }
                  },
                  "variables": {
                    "ami_id": {
                      "default": "",
                      "description": "The AMI from which to launch the instance"
                    },
                    "autoscaling_group_tags": {
                      "default": {},
                      "description": "A map of additional tags to add to the autoscaling group created. Tags are applied to the autoscaling group only and are NOT propagated to instances"
                    },
                    "availability_zones": {
                      "default": null,
                      "description": "A list of one or more availability zones for the group. Used for EC2-Classic and default subnets when not specified with `subnet_ids` argument. Conflicts with `subnet_ids`"
                    },
                    "block_device_mappings": {
                      "default": {},
                      "description": "Specify volumes to attach to the instance besides the volumes specified by the AMI"
                    },
                    "bootstrap_extra_args": {
                      "default": "",
                      "description": "Additional arguments passed to the bootstrap script. When `platform` = `bottlerocket`; these are additional [settings](https://github.com/bottlerocket-os/bottlerocket#settings) that are provided to the Bottlerocket user data"
                    },
                    "capacity_rebalance": {
                      "default": null,
                      "description": "Indicates whether capacity rebalance is enabled"
                    },
                    "capacity_reservation_specification": {
                      "default": {},
                      "description": "Targeting for EC2 capacity reservations"
                    },
                    "cluster_auth_base64": {
                      "default": "",
                      "description": "Base64 encoded CA of associated EKS cluster"
                    },
                    "cluster_endpoint": {
                      "default": "",
                      "description": "Endpoint of associated EKS cluster"
                    },
                    "cluster_ip_family": {
                      "default": null,
                      "description": "The IP family used to assign Kubernetes pod and service addresses. Valid values are `ipv4` (default) and `ipv6`"
                    },
                    "cluster_name": {
                      "default": "",
                      "description": "Name of associated EKS cluster"
                    },
                    "cluster_primary_security_group_id": {
                      "default": null,
                      "description": "The ID of the EKS cluster primary security group to associate with the instance(s). This is the security group that is automatically created by the EKS service"
                    },
                    "cluster_version": {
                      "default": null,
                      "description": "Kubernetes cluster version - used to lookup default AMI ID if one is not provided"
                    },
                    "context": {
                      "default": null,
                      "description": "Reserved"
                    },
                    "cpu_options": {
                      "default": {},
                      "description": "The CPU options for the instance"
                    },
                    "create": {
                      "default": true,
                      "description": "Determines whether to create self managed node group or not"
                    },
                    "create_autoscaling_group": {
                      "default": true,
                      "description": "Determines whether to create autoscaling group or not"
                    },
                    "create_iam_instance_profile": {
                      "default": true,
                      "description": "Determines whether an IAM instance profile is created or to use an existing IAM instance profile"
                    },
                    "create_launch_template": {
                      "default": true,
                      "description": "Determines whether to create launch template or not"
                    },
                    "create_schedule": {
                      "default": true,
                      "description": "Determines whether to create autoscaling group schedule or not"
                    },
                    "credit_specification": {
                      "default": {},
                      "description": "Customize the credit specification of the instance"
                    },
                    "default_cooldown": {
                      "default": null,
                      "description": "The amount of time, in seconds, after a scaling activity completes before another scaling activity can start"
                    },
                    "default_instance_warmup": {
                      "default": null,
                      "description": "Amount of time, in seconds, until a newly launched instance can contribute to the Amazon CloudWatch metrics. This delay lets an instance finish initializing before Amazon EC2 Auto Scaling aggregates instance metrics, resulting in more reliable usage data"
                    },
                    "delete_timeout": {
                      "default": null,
                      "description": "Delete timeout to wait for destroying autoscaling group"
                    },
                    "desired_size": {
                      "default": 1,
                      "description": "The number of Amazon EC2 instances that should be running in the autoscaling group"
                    },
                    "disable_api_termination": {
                      "default": null,
                      "description": "If true, enables EC2 instance termination protection"
                    },
                    "ebs_optimized": {
                      "default": null,
                      "description": "If true, the launched EC2 instance will be EBS-optimized"
                    },
                    "elastic_gpu_specifications": {
                      "default": {},
                      "description": "The elastic GPU to attach to the instance"
                    },
                    "elastic_inference_accelerator": {
                      "default": {},
                      "description": "Configuration block containing an Elastic Inference Accelerator to attach to the instance"
                    },
                    "enable_monitoring": {
                      "default": true,
                      "description": "Enables/disables detailed monitoring"
                    },
                    "enabled_metrics": {
                      "default": [],
                      "description": "A list of metrics to collect. The allowed values are `GroupDesiredCapacity`, `GroupInServiceCapacity`, `GroupPendingCapacity`, `GroupMinSize`, `GroupMaxSize`, `GroupInServiceInstances`, `GroupPendingInstances`, `GroupStandbyInstances`, `GroupStandbyCapacity`, `GroupTerminatingCapacity`, `GroupTerminatingInstances`, `GroupTotalCapacity`, `GroupTotalInstances`"
                    },
                    "enclave_options": {
                      "default": {},
                      "description": "Enable Nitro Enclaves on launched instances"
                    },
                    "force_delete": {
                      "default": null,
                      "description": "Allows deleting the Auto Scaling Group without waiting for all instances in the pool to terminate. You can force an Auto Scaling Group to delete even if it's in the process of scaling a resource. Normally, Terraform drains all the instances before deleting the group. This bypasses that behavior and potentially leaves resources dangling"
                    },
                    "force_delete_warm_pool": {
                      "default": null,
                      "description": "Allows deleting the Auto Scaling Group without waiting for all instances in the warm pool to terminate"
                    },
                    "health_check_grace_period": {
                      "default": null,
                      "description": "Time (in seconds) after instance comes into service before checking health"
                    },
                    "health_check_type": {
                      "default": null,
                      "description": "`EC2` or `ELB`. Controls how health checking is done"
                    },
                    "hibernation_options": {
                      "default": {},
                      "description": "The hibernation options for the instance"
                    },
                    "iam_instance_profile_arn": {
                      "default": null,
                      "description": "Amazon Resource Name (ARN) of an existing IAM instance profile that provides permissions for the node group. Required if `create_iam_instance_profile` = `false`"
                    },
                    "iam_role_additional_policies": {
                      "default": {},
                      "description": "Additional policies to be added to the IAM role"
                    },
                    "iam_role_attach_cni_policy": {
                      "default": true,
                      "description": "Whether to attach the `AmazonEKS_CNI_Policy`/`AmazonEKS_CNI_IPv6_Policy` IAM policy to the IAM IAM role. WARNING: If set `false` the permissions must be assigned to the `aws-node` DaemonSet pods via another method or nodes will not be able to join the cluster"
                    },
                    "iam_role_description": {
                      "default": null,
                      "description": "Description of the role"
                    },
                    "iam_role_name": {
                      "default": null,
                      "description": "Name to use on IAM role created"
                    },
                    "iam_role_path": {
                      "default": null,
                      "description": "IAM role path"
                    },
                    "iam_role_permissions_boundary": {
                      "default": null,
                      "description": "ARN of the policy that is used to set the permissions boundary for the IAM role"
                    },
                    "iam_role_tags": {
                      "default": {},
                      "description": "A map of additional tags to add to the IAM role created"
                    },
                    "iam_role_use_name_prefix": {
                      "default": true,
                      "description": "Determines whether cluster IAM role name (`iam_role_name`) is used as a prefix"
                    },
                    "initial_lifecycle_hooks": {
                      "default": [],
                      "description": "One or more Lifecycle Hooks to attach to the Auto Scaling Group before instances are launched. The syntax is exactly the same as the separate `aws_autoscaling_lifecycle_hook` resource, without the `autoscaling_group_name` attribute. Please note that this will only work when creating a new Auto Scaling Group. For all other use-cases, please use `aws_autoscaling_lifecycle_hook` resource"
                    },
                    "instance_initiated_shutdown_behavior": {
                      "default": null,
                      "description": "Shutdown behavior for the instance. Can be `stop` or `terminate`. (Default: `stop`)"
                    },
                    "instance_market_options": {
                      "default": {},
                      "description": "The market (purchasing) option for the instance"
                    },
                    "instance_refresh": {
                      "default": {
                        "preferences": {
                          "min_healthy_percentage": 66
                        },
                        "strategy": "Rolling"
                      },
                      "description": "If this block is configured, start an Instance Refresh when this Auto Scaling Group is updated"
                    },
                    "instance_requirements": {
                      "default": {},
                      "description": "The attribute requirements for the type of instance. If present then `instance_type` cannot be present"
                    },
                    "instance_type": {
                      "default": "",
                      "description": "The type of the instance to launch"
                    },
                    "kernel_id": {
                      "default": null,
                      "description": "The kernel ID"
                    },
                    "key_name": {
                      "default": null,
                      "description": "The key name that should be used for the instance"
                    },
                    "launch_template_default_version": {
                      "default": null,
                      "description": "Default Version of the launch template"
                    },
                    "launch_template_description": {
                      "default": null,
                      "description": "Description of the launch template"
                    },
                    "launch_template_id": {
                      "default": "",
                      "description": "The ID of an existing launch template to use. Required when `create_launch_template` = `false`"
                    },
                    "launch_template_name": {
                      "default": null,
                      "description": "Name of launch template to be created"
                    },
                    "launch_template_tags": {
                      "default": {},
                      "description": "A map of additional tags to add to the tag_specifications of launch template created"
                    },
                    "launch_template_use_name_prefix": {
                      "default": true,
                      "description": "Determines whether to use `launch_template_name` as is or create a unique name beginning with the `launch_template_name` as the prefix"
                    },
                    "launch_template_version": {
                      "default": null,
                      "description": "Launch template version. Can be version number, `$Latest`, or `$Default`"
                    },
                    "license_specifications": {
                      "default": {},
                      "description": "A map of license specifications to associate with"
                    },
                    "maintenance_options": {
                      "default": {},
                      "description": "The maintenance options for the instance"
                    },
                    "max_instance_lifetime": {
                      "default": null,
                      "description": "The maximum amount of time, in seconds, that an instance can be in service, values must be either equal to 0 or between 604800 and 31536000 seconds"
                    },
                    "max_size": {
                      "default": 3,
                      "description": "The maximum size of the autoscaling group"
                    },
                    "metadata_options": {
                      "default": {
                        "http_endpoint": "enabled",
                        "http_put_response_hop_limit": "2",
                        "http_tokens": "required"
                      },
                      "description": "Customize the metadata options for the instance"
                    },
                    "metrics_granularity": {
                      "default": null,
                      "description": "The granularity to associate with the metrics to collect. The only valid value is `1Minute`"
                    },
                    "min_elb_capacity": {
                      "default": null,
                      "description": "Setting this causes Terraform to wait for this number of instances to show up healthy in the ELB only on creation. Updates will not wait on ELB instance number changes"
                    },
                    "min_size": {
                      "default": 0,
                      "description": "The minimum size of the autoscaling group"
                    },
                    "mixed_instances_policy": {
                      "default": null,
                      "description": "Configuration block containing settings to define launch targets for Auto Scaling groups"
                    },
                    "name": {
                      "default": "",
                      "description": "Name of the Self managed Node Group"
                    },
                    "network_interfaces": {
                      "default": [],
                      "description": "Customize network interfaces to be attached at instance boot time"
                    },
                    "placement": {
                      "default": {},
                      "description": "The placement of the instance"
                    },
                    "placement_group": {
                      "default": null,
                      "description": "The name of the placement group into which you'll launch your instances, if any"
                    },
                    "platform": {
                      "default": "linux",
                      "description": "Identifies if the OS platform is `bottlerocket`, `linux`, or `windows` based"
                    },
                    "post_bootstrap_user_data": {
                      "default": "",
                      "description": "User data that is appended to the user data script after of the EKS bootstrap script. Not used when `platform` = `bottlerocket`"
                    },
                    "pre_bootstrap_user_data": {
                      "default": "",
                      "description": "User data that is injected into the user data script ahead of the EKS bootstrap script. Not used when `platform` = `bottlerocket`"
                    },
                    "private_dns_name_options": {
                      "default": {},
                      "description": "The options for the instance hostname. The default values are inherited from the subnet"
                    },
                    "protect_from_scale_in": {
                      "default": false,
                      "description": "Allows setting instance protection. The autoscaling group will not select instances with this setting for termination during scale in events."
                    },
                    "ram_disk_id": {
                      "default": null,
                      "description": "The ID of the ram disk"
                    },
                    "schedules": {
                      "default": {},
                      "description": "Map of autoscaling group schedule to create"
                    },
                    "service_linked_role_arn": {
                      "default": null,
                      "description": "The ARN of the service-linked role that the ASG will use to call other AWS services"
                    },
                    "subnet_ids": {
                      "default": null,
                      "description": "A list of subnet IDs to launch resources in. Subnets automatically determine which availability zones the group will reside. Conflicts with `availability_zones`"
                    },
                    "suspended_processes": {
                      "default": [],
                      "description": "A list of processes to suspend for the Auto Scaling Group. The allowed values are `Launch`, `Terminate`, `HealthCheck`, `ReplaceUnhealthy`, `AZRebalance`, `AlarmNotification`, `ScheduledActions`, `AddToLoadBalancer`. Note that if you suspend either the `Launch` or `Terminate` process types, it can prevent your Auto Scaling Group from functioning properly"
                    },
                    "tag_specifications": {
                      "default": [
                        "instance",
                        "volume",
                        "network-interface"
                      ],
                      "description": "The tags to apply to the resources during launch"
                    },
                    "tags": {
                      "default": {},
                      "description": "A map of tags to add to all resources"
                    },
                    "target_group_arns": {
                      "default": [],
                      "description": "A set of `aws_alb_target_group` ARNs, for use with Application or Network Load Balancing"
                    },
                    "termination_policies": {
                      "default": [],
                      "description": "A list of policies to decide how the instances in the Auto Scaling Group should be terminated. The allowed values are `OldestInstance`, `NewestInstance`, `OldestLaunchConfiguration`, `ClosestToNextInstanceHour`, `OldestLaunchTemplate`, `AllocationStrategy`, `Default`"
                    },
                    "update_launch_template_default_version": {
                      "default": true,
                      "description": "Whether to update Default Version each update. Conflicts with `launch_template_default_version`"
                    },
                    "use_mixed_instances_policy": {
                      "default": false,
                      "description": "Determines whether to use a mixed instances policy in the autoscaling group or not"
                    },
                    "use_name_prefix": {
                      "default": true,
                      "description": "Determines whether to use `name` as is or create a unique name beginning with the `name` as the prefix"
                    },
                    "user_data_template_path": {
                      "default": "",
                      "description": "Path to a local, custom user data template file to use when rendering user data"
                    },
                    "vpc_security_group_ids": {
                      "default": [],
                      "description": "A list of security group IDs to associate"
                    },
                    "wait_for_capacity_timeout": {
                      "default": null,
                      "description": "A maximum duration that Terraform should wait for ASG instances to be healthy before timing out. (See also Waiting for Capacity below.) Setting this to '0' causes Terraform to skip all Capacity Waiting behavior."
                    },
                    "wait_for_elb_capacity": {
                      "default": null,
                      "description": "Setting this will cause Terraform to wait for exactly this number of healthy instances in all attached load balancers on both create and update operations. Takes precedence over `min_elb_capacity` behavior."
                    },
                    "warm_pool": {
                      "default": {},
                      "description": "If this block is configured, add a Warm Pool to the specified Auto Scaling group"
                    }
                  }
                }
              }
            },
            "variables": {
              "attach_cluster_encryption_policy": {
                "default": true,
                "description": "Indicates whether or not to attach an additional policy for the cluster IAM role to utilize the encryption key provided"
              },
              "aws_auth_accounts": {
                "default": [],
                "description": "List of account maps to add to the aws-auth configmap"
              },
              "aws_auth_fargate_profile_pod_execution_role_arns": {
                "default": [],
                "description": "List of Fargate profile pod execution role ARNs to add to the aws-auth configmap"
              },
              "aws_auth_node_iam_role_arns_non_windows": {
                "default": [],
                "description": "List of non-Windows based node IAM role ARNs to add to the aws-auth configmap"
              },
              "aws_auth_node_iam_role_arns_windows": {
                "default": [],
                "description": "List of Windows based node IAM role ARNs to add to the aws-auth configmap"
              },
              "aws_auth_roles": {
                "default": [],
                "description": "List of role maps to add to the aws-auth configmap"
              },
              "aws_auth_users": {
                "default": [],
                "description": "List of user maps to add to the aws-auth configmap"
              },
              "cloudwatch_log_group_kms_key_id": {
                "default": null,
                "description": "If a KMS Key ARN is set, this key will be used to encrypt the corresponding log group. Please be sure that the KMS Key has an appropriate key policy (https://docs.aws.amazon.com/AmazonCloudWatch/latest/logs/encrypt-log-data-kms.html)"
              },
              "cloudwatch_log_group_retention_in_days": {
                "default": 90,
                "description": "Number of days to retain log events. Default retention - 90 days"
              },
              "cloudwatch_log_group_tags": {
                "default": {},
                "description": "A map of additional tags to add to the cloudwatch log group created"
              },
              "cluster_additional_security_group_ids": {
                "default": [],
                "description": "List of additional, externally created security group IDs to attach to the cluster control plane"
              },
              "cluster_addons": {
                "default": {},
                "description": "Map of cluster addon configurations to enable for the cluster. Addon name can be the map keys or set with `name`"
              },
              "cluster_addons_timeouts": {
                "default": {},
                "description": "Create, update, and delete timeout configurations for the cluster addons"
              },
              "cluster_enabled_log_types": {
                "default": [
                  "audit",
                  "api",
                  "authenticator"
                ],
                "description": "A list of the desired control plane logs to enable. For more information, see Amazon EKS Control Plane Logging documentation (https://docs.aws.amazon.com/eks/latest/userguide/control-plane-logs.html)"
              },
              "cluster_encryption_config": {
                "default": {
                  "resources": [
                    "secrets"
                  ]
                },
                "description": "Configuration block with encryption configuration for the cluster. To disable secret encryption, set this value to `{}`"
              },
              "cluster_encryption_policy_description": {
                "default": "Cluster encryption policy to allow cluster role to utilize CMK provided",
                "description": "Description of the cluster encryption policy created"
              },
              "cluster_encryption_policy_name": {
                "default": null,
                "description": "Name to use on cluster encryption policy created"
              },
              "cluster_encryption_policy_path": {
                "default": null,
                "description": "Cluster encryption policy path"
              },
              "cluster_encryption_policy_tags": {
                "default": {},
                "description": "A map of additional tags to add to the cluster encryption policy created"
              },
              "cluster_encryption_policy_use_name_prefix": {
                "default": true,
                "description": "Determines whether cluster encryption policy name (`cluster_encryption_policy_name`) is used as a prefix"
              },
              "cluster_endpoint_private_access": {
                "default": true,
                "description": "Indicates whether or not the Amazon EKS private API server endpoint is enabled"
              },
              "cluster_endpoint_public_access": {
                "default": false,
                "description": "Indicates whether or not the Amazon EKS public API server endpoint is enabled"
              },
              "cluster_endpoint_public_access_cidrs": {
                "default": [
                  "0.0.0.0/0"
                ],
                "description": "List of CIDR blocks which can access the Amazon EKS public API server endpoint"
              },
              "cluster_iam_role_dns_suffix": {
                "default": null,
                "description": "Base DNS domain name for the current partition (e.g., amazonaws.com in AWS Commercial, amazonaws.com.cn in AWS China)"
              },
              "cluster_identity_providers": {
                "default": {},
                "description": "Map of cluster identity provider configurations to enable for the cluster. Note - this is different/separate from IRSA"
              },
              "cluster_ip_family": {
                "default": null,
                "description": "The IP family used to assign Kubernetes pod and service addresses. Valid values are `ipv4` (default) and `ipv6`. You can only specify an IP family when you create a cluster, changing this value will force a new cluster to be created"
              },
              "cluster_name": {
                "default": "",
                "description": "Name of the EKS cluster"
              },
              "cluster_security_group_additional_rules": {
                "default": {},
                "description": "List of additional security group rules to add to the cluster security group created. Set `source_node_security_group = true` inside rules to set the `node_security_group` as source"
              },
              "cluster_security_group_description": {
                "default": "EKS cluster security group",
                "description": "Description of the cluster security group created"
              },
              "cluster_security_group_id": {
                "default": "",
                "description": "Existing security group ID to be attached to the cluster"
              },
              "cluster_security_group_name": {
                "default": null,
                "description": "Name to use on cluster security group created"
              },
              "cluster_security_group_tags": {
                "default": {},
                "description": "A map of additional tags to add to the cluster security group created"
              },
              "cluster_security_group_use_name_prefix": {
                "default": true,
                "description": "Determines whether cluster security group name (`cluster_security_group_name`) is used as a prefix"
              },
              "cluster_service_ipv4_cidr": {
                "default": null,
                "description": "The CIDR block to assign Kubernetes service IP addresses from. If you don't specify a block, Kubernetes assigns addresses from either the 10.100.0.0/16 or 172.20.0.0/16 CIDR blocks"
              },
              "cluster_service_ipv6_cidr": {
                "default": null,
                "description": "The CIDR block to assign Kubernetes pod and service IP addresses from if `ipv6` was specified when the cluster was created. Kubernetes assigns service addresses from the unique local address range (fc00::/7) because you can't specify a custom IPv6 CIDR block when you create the cluster"
              },
              "cluster_tags": {
                "default": {},
                "description": "A map of additional tags to add to the cluster"
              },
              "cluster_timeouts": {
                "default": {},
                "description": "Create, update, and delete timeout configurations for the cluster"
              },
              "cluster_version": {
                "default": null,
                "description": "Kubernetes `<major>.<minor>` version to use for the EKS cluster (i.e.: `1.27`)"
              },
              "control_plane_subnet_ids": {
                "default": [],
                "description": "A list of subnet IDs where the EKS cluster control plane (ENIs) will be provisioned. Used for expanding the pool of subnets used by nodes/node groups without replacing the EKS control plane"
              },
              "create": {
                "default": true,
                "description": "Controls if EKS resources should be created (affects nearly all resources)"
              },
              "create_aws_auth_configmap": {
                "default": false,
                "description": "Determines whether to create the aws-auth configmap. NOTE - this is only intended for scenarios where the configmap does not exist (i.e. - when using only self-managed node groups). Most users should use `manage_aws_auth_configmap`"
              },
              "create_cloudwatch_log_group": {
                "default": true,
                "description": "Determines whether a log group is created by this module for the cluster logs. If not, AWS will automatically create one if logging is enabled"
              },
              "create_cluster_primary_security_group_tags": {
                "default": true,
                "description": "Indicates whether or not to tag the cluster's primary security group. This security group is created by the EKS service, not the module, and therefore tagging is handled after cluster creation"
              },
              "create_cluster_security_group": {
                "default": true,
                "description": "Determines if a security group is created for the cluster. Note: the EKS service creates a primary security group for the cluster by default"
              },
              "create_cni_ipv6_iam_policy": {
                "default": false,
                "description": "Determines whether to create an [`AmazonEKS_CNI_IPv6_Policy`](https://docs.aws.amazon.com/eks/latest/userguide/cni-iam-role.html#cni-iam-role-create-ipv6-policy)"
              },
              "create_iam_role": {
                "default": true,
                "description": "Determines whether a an IAM role is created or to use an existing IAM role"
              },
              "create_kms_key": {
                "default": true,
                "description": "Controls if a KMS key for cluster encryption should be created"
              },
              "create_node_security_group": {
                "default": true,
                "description": "Determines whether to create a security group for the node groups or use the existing `node_security_group_id`"
              },
              "custom_oidc_thumbprints": {
                "default": [],
                "description": "Additional list of server certificate thumbprints for the OpenID Connect (OIDC) identity provider's server certificate(s)"
              },
              "dataplane_wait_duration": {
                "default": "30s",
                "description": "Duration to wait after the EKS cluster has become active before creating the dataplane components (EKS managed nodegroup(s), self-managed nodegroup(s), Fargate profile(s))"
              },
              "eks_managed_node_group_defaults": {
                "default": {},
                "description": "Map of EKS managed node group default configurations"
              },
              "eks_managed_node_groups": {
                "default": {},
                "description": "Map of EKS managed node group definitions to create"
              },
              "enable_irsa": {
                "default": true,
                "description": "Determines whether to create an OpenID Connect Provider for EKS to enable IRSA"
              },
              "enable_kms_key_rotation": {
                "default": true,
                "description": "Specifies whether key rotation is enabled. Defaults to `true`"
              },
              "fargate_profile_defaults": {
                "default": {},
                "description": "Map of Fargate Profile default configurations"
              },
              "fargate_profiles": {
                "default": {},
                "description": "Map of Fargate Profile definitions to create"
              },
              "iam_role_additional_policies": {
                "default": {},
                "description": "Additional policies to be added to the IAM role"
              },
              "iam_role_arn": {
                "default": null,
                "description": "Existing IAM role ARN for the cluster. Required if `create_iam_role` is set to `false`"
              },
              "iam_role_description": {
                "default": null,
                "description": "Description of the role"
              },
              "iam_role_name": {
                "default": null,
                "description": "Name to use on IAM role created"
              },
              "iam_role_path": {
                "default": null,
                "description": "Cluster IAM role path"
              },
              "iam_role_permissions_boundary": {
                "default": null,
                "description": "ARN of the policy that is used to set the permissions boundary for the IAM role"
              },
              "iam_role_tags": {
                "default": {},
                "description": "A map of additional tags to add to the IAM role created"
              },
              "iam_role_use_name_prefix": {
                "default": true,
                "description": "Determines whether the IAM role name (`iam_role_name`) is used as a prefix"
              },
              "include_oidc_root_ca_thumbprint": {
                "default": true,
                "description": "Determines whether to include the root CA thumbprint in the OpenID Connect (OIDC) identity provider's server certificate(s)"
              },
              "kms_key_administrators": {
                "default": [],
                "description": "A list of IAM ARNs for [key administrators](https://docs.aws.amazon.com/kms/latest/developerguide/key-policy-default.html#key-policy-default-allow-administrators). If no value is provided, the current caller identity is used to ensure at least one key admin is available"
              },
              "kms_key_aliases": {
                "default": [],
                "description": "A list of aliases to create. Note - due to the use of `toset()`, values must be static strings and not computed values"
              },
              "kms_key_deletion_window_in_days": {
                "default": null,
                "description": "The waiting period, specified in number of days. After the waiting period ends, AWS KMS deletes the KMS key. If you specify a value, it must be between `7` and `30`, inclusive. If you do not specify a value, it defaults to `30`"
              },
              "kms_key_description": {
                "default": null,
                "description": "The description of the key as viewed in AWS console"
              },
              "kms_key_enable_default_policy": {
                "default": false,
                "description": "Specifies whether to enable the default key policy. Defaults to `false`"
              },
              "kms_key_override_policy_documents": {
                "default": [],
                "description": "List of IAM policy documents that are merged together into the exported document. In merging, statements with non-blank `sid`s will override statements with the same `sid`"
              },
              "kms_key_owners": {
                "default": [],
                "description": "A list of IAM ARNs for those who will have full key permissions (`kms:*`)"
              },
              "kms_key_service_users": {
                "default": [],
                "description": "A list of IAM ARNs for [key service users](https://docs.aws.amazon.com/kms/latest/developerguide/key-policy-default.html#key-policy-service-integration)"
              },
              "kms_key_source_policy_documents": {
                "default": [],
                "description": "List of IAM policy documents that are merged together into the exported document. Statements must have unique `sid`s"
              },
              "kms_key_users": {
                "default": [],
                "description": "A list of IAM ARNs for [key users](https://docs.aws.amazon.com/kms/latest/developerguide/key-policy-default.html#key-policy-default-allow-users)"
              },
              "manage_aws_auth_configmap": {
                "default": false,
                "description": "Determines whether to manage the aws-auth configmap"
              },
              "node_security_group_additional_rules": {
                "default": {},
                "description": "List of additional security group rules to add to the node security group created. Set `source_cluster_security_group = true` inside rules to set the `cluster_security_group` as source"
              },
              "node_security_group_description": {
                "default": "EKS node shared security group",
                "description": "Description of the node security group created"
              },
              "node_security_group_enable_recommended_rules": {
                "default": true,
                "description": "Determines whether to enable recommended security group rules for the node security group created. This includes node-to-node TCP ingress on ephemeral ports and allows all egress traffic"
              },
              "node_security_group_id": {
                "default": "",
                "description": "ID of an existing security group to attach to the node groups created"
              },
              "node_security_group_name": {
                "default": null,
                "description": "Name to use on node security group created"
              },
              "node_security_group_tags": {
                "default": {},
                "description": "A map of additional tags to add to the node security group created"
              },
              "node_security_group_use_name_prefix": {
                "default": true,
                "description": "Determines whether node security group name (`node_security_group_name`) is used as a prefix"
              },
              "openid_connect_audiences": {
                "default": [],
                "description": "List of OpenID Connect audience client IDs to add to the IRSA provider"
              },
              "outpost_config": {
                "default": {},
                "description": "Configuration for the AWS Outpost to provision the cluster on"
              },
              "prefix_separator": {
                "default": "-",
                "description": "The separator to use between the prefix and the generated timestamp for resource names"
              },
              "putin_khuylo": {
                "default": true,
                "description": "Do you agree that Putin doesn't respect Ukrainian sovereignty and territorial integrity? More info: https://en.wikipedia.org/wiki/Putin_khuylo!"
              },
              "self_managed_node_group_defaults": {
                "default": {},
                "description": "Map of self-managed node group default configurations"
              },
              "self_managed_node_groups": {
                "default": {},
                "description": "Map of self-managed node group definitions to create"
              },
              "subnet_ids": {
                "default": [],
                "description": "A list of subnet IDs where the nodes/node groups will be provisioned. If `control_plane_subnet_ids` is not provided, the EKS cluster control plane (ENIs) will be provisioned in these subnets"
              },
              "tags": {
                "default": {},
                "description": "A map of tags to add to all resources"
              },
              "vpc_id": {
                "default": null,
                "description": "ID of the VPC where the cluster security group will be provisioned"
              }
            }
          },
          "version_constraint": "~> 19.16"
        }
      },
      "variables": {
        "cluster_name": {},
        "domain_name_in_route53": {},
        "private_subnets": {},
        "private_subnets_local_zone": {},
        "vpc_id": {
          "description": "The IP of the VPC"
        }
      }
    }
  },
  "relevant_attributes": [
    {
      "resource": "module.eks.module.eks_managed_node_group[\"mg_5\"].aws_launch_template.this[0]",
      "attribute": [
        "arn"
      ]
    },
    {
      "resource": "module.eks.module.eks_managed_node_group.aws_iam_role.this[0]",
      "attribute": [
        "arn"
      ]
    },
    {
      "resource": "module.eks.module.fargate_profile.aws_iam_role.this[0]",
      "attribute": [
        "unique_id"
      ]
    },
    {
      "resource": "module.eks.time_sleep.this[0]",
      "attribute": [
        "triggers",
        "cluster_version"
      ]
    },
    {
      "resource": "module.eks.module.kms.data.aws_iam_policy_document.this[0]",
      "attribute": [
        "json"
      ]
    },
    {
      "resource": "module.eks.module.kms.aws_kms_replica_key.this[0]",
      "attribute": [
        "key_id"
      ]
    },
    {
      "resource": "module.eks.aws_eks_cluster.this[0]",
      "attribute": [
        "platform_version"
      ]
    },
    {
      "resource": "module.eks.module.eks_managed_node_group[\"mg_5\"].aws_autoscaling_schedule.this",
      "attribute": []
    },
    {
      "resource": "module.eks.module.self_managed_node_group.aws_autoscaling_group.this[0]",
      "attribute": [
        "default_cooldown"
      ]
    },
    {
      "resource": "module.eks.module.self_managed_node_group.aws_iam_role.this[0]",
      "attribute": [
        "arn"
      ]
    },
    {
      "resource": "module.eks.module.fargate_profile.aws_iam_role.this[0]",
      "attribute": [
        "name"
      ]
    },
    {
      "resource": "module.eks.aws_eks_cluster.this[0]",
      "attribute": [
        "version"
      ]
    },
    {
      "resource": "module.eks.aws_cloudwatch_log_group.this[0]",
      "attribute": [
        "arn"
      ]
    },
    {
      "resource": "module.eks.module.eks_managed_node_group.aws_eks_node_group.this[0]",
      "attribute": [
        "taint"
      ]
    },
    {
      "resource": "module.eks.module.eks_managed_node_group.aws_launch_template.this[0]",
      "attribute": [
        "id"
      ]
    },
    {
      "resource": "module.eks.module.self_managed_node_group[\"self_mg_4\"].module.user_data.data.cloudinit_config.linux_eks_managed_node_group[0]",
      "attribute": [
        "rendered"
      ]
    },
    {
      "resource": "module.eks.data.aws_partition.current",
      "attribute": [
        "dns_suffix"
      ]
    },
    {
      "resource": "module.eks.aws_eks_identity_provider_config.this",
      "attribute": []
    },
    {
      "resource": "module.eks.module.self_managed_node_group[\"self_mg_4\"].aws_launch_template.this[0]",
      "attribute": [
        "name"
      ]
    },
    {
      "resource": "module.eks.module.eks_managed_node_group[\"mg_5\"].aws_launch_template.this[0]",
      "attribute": [
        "latest_version"
      ]
    },
    {
      "resource": "module.eks.module.eks_managed_node_group[\"mg_5\"].aws_eks_node_group.this[0]",
      "attribute": [
        "taint"
      ]
    },
    {
      "resource": "module.eks.aws_eks_addon.before_compute",
      "attribute": []
    },
    {
      "resource": "module.eks.module.self_managed_node_group.aws_launch_template.this[0]",
      "attribute": [
        "image_id"
      ]
    },
    {
      "resource": "module.eks.aws_eks_cluster.this[0]",
      "attribute": [
        "status"
      ]
    },
    {
      "resource": "module.eks.data.tls_certificate.this[0]",
      "attribute": [
        "certificates",
        0,
        "sha1_fingerprint"
      ]
    },
    {
      "resource": "module.eks.module.self_managed_node_group[\"self_mg_4\"].aws_autoscaling_group.this[0]",
      "attribute": [
        "desired_capacity"
      ]
    },
    {
      "resource": "module.eks.data.aws_eks_addon_version.this",
      "attribute": []
    },
    {
      "resource": "module.eks.module.kms.aws_kms_external_key.this[0]",
      "attribute": [
        "arn"
      ]
    },
    {
      "resource": "module.eks.aws_iam_role.this[0]",
      "attribute": [
        "arn"
      ]
    },
    {
      "resource": "module.eks.module.eks_managed_node_group[\"mg_5\"].aws_eks_node_group.this[0]",
      "attribute": [
        "resources"
      ]
    },
    {
      "resource": "module.eks.module.self_managed_node_group[\"self_mg_4\"].aws_autoscaling_group.this[0]",
      "attribute": [
        "health_check_type"
      ]
    },
    {
      "resource": "module.eks.module.self_managed_node_group.aws_launch_template.this[0]",
      "attribute": [
        "arn"
      ]
    },
    {
      "resource": "module.eks.module.self_managed_node_group[\"self_mg_4\"].data.aws_partition.current",
      "attribute": [
        "partition"
      ]
    },
    {
      "resource": "module.eks.module.self_managed_node_group.data.aws_ami.eks_default[0]",
      "attribute": [
        "image_id"
      ]
    },
    {
      "resource": "module.eks.module.kms.aws_kms_key.this[0]",
      "attribute": [
        "key_id"
      ]
    },
    {
      "resource": "module.eks.module.self_managed_node_group[\"self_mg_4\"].aws_iam_role.this[0]",
      "attribute": [
        "arn"
      ]
    },
    {
      "resource": "module.eks.data.aws_iam_session_context.current",
      "attribute": [
        "issuer_arn"
      ]
    },
    {
      "resource": "module.eks.time_sleep.this[0]",
      "attribute": [
        "triggers",
        "cluster_endpoint"
      ]
    },
    {
      "resource": "module.eks.module.kms.aws_kms_key.this[0]",
      "attribute": [
        "arn"
      ]
    },
    {
      "resource": "module.eks.module.self_managed_node_group[\"self_mg_4\"].aws_autoscaling_group.this[0]",
      "attribute": [
        "id"
      ]
    },
    {
      "resource": "module.eks.module.kms.aws_kms_replica_key.this[0]",
      "attribute": [
        "policy"
      ]
    },
    {
      "resource": "module.eks.module.self_managed_node_group[\"self_mg_4\"].aws_launch_template.this[0]",
      "attribute": [
        "latest_version"
      ]
    },
    {
      "resource": "module.eks.data.aws_iam_policy_document.assume_role_policy[0]",
      "attribute": [
        "json"
      ]
    },
    {
      "resource": "module.eks.module.kms.aws_kms_external_key.this[0]",
      "attribute": [
        "policy"
      ]
    },
    {
      "resource": "module.eks.module.self_managed_node_group.aws_autoscaling_group.this[0]",
      "attribute": [
        "availability_zones"
      ]
    },
    {
      "resource": "module.eks.module.self_managed_node_group.aws_iam_role.this[0]",
      "attribute": [
        "name"
      ]
    },
    {
      "resource": "module.eks.module.fargate_profile.aws_eks_fargate_profile.this[0]",
      "attribute": [
        "status"
      ]
    },
    {
      "resource": "module.eks.module.self_managed_node_group[\"self_mg_4\"].aws_iam_instance_profile.this[0]",
      "attribute": [
        "id"
      ]
    },
    {
      "resource": "module.eks.module.self_managed_node_group[\"self_mg_4\"].aws_launch_template.this[0]",
      "attribute": [
        "arn"
      ]
    },
    {
      "resource": "module.eks.module.self_managed_node_group.aws_autoscaling_group.this[0]",
      "attribute": [
        "min_size"
      ]
    },
    {
      "resource": "module.eks.module.eks_managed_node_group[\"mg_5\"].data.aws_partition.current",
      "attribute": [
        "partition"
      ]
    },
    {
      "resource": "module.eks.module.kms.aws_kms_replica_external_key.this[0]",
      "attribute": [
        "key_id"
      ]
    },
    {
      "resource": "module.eks.aws_eks_cluster.this[0]",
      "attribute": [
        "arn"
      ]
    },
    {
      "resource": "module.eks.module.self_managed_node_group[\"self_mg_4\"].aws_autoscaling_group.this[0]",
      "attribute": [
        "vpc_zone_identifier"
      ]
    },
    {
      "resource": "module.eks.module.eks_managed_node_group[\"mg_5\"].aws_iam_role.this[0]",
      "attribute": [
        "arn"
      ]
    },
    {
      "resource": "module.eks.module.kms.aws_kms_grant.this",
      "attribute": []
    },
    {
      "resource": "module.eks.module.eks_managed_node_group[\"mg_5\"].aws_eks_node_group.this[0]",
      "attribute": [
        "arn"
      ]
    },
    {
      "resource": "module.eks.module.self_managed_node_group.aws_autoscaling_group.this[0]",
      "attribute": [
        "max_size"
      ]
    },
    {
      "resource": "module.eks.module.eks_managed_node_group.aws_autoscaling_schedule.this",
      "attribute": []
    },
    {
      "resource": "module.eks.module.eks_managed_node_group.aws_launch_template.this[0]",
      "attribute": [
        "latest_version"
      ]
    },
    {
      "resource": "module.eks.module.fargate_profile.aws_eks_fargate_profile.this[0]",
      "attribute": [
        "id"
      ]
    },
    {
      "resource": "module.eks.module.eks_managed_node_group[\"mg_5\"].data.aws_iam_policy_document.assume_role_policy[0]",
      "attribute": [
        "json"
      ]
    },
    {
      "resource": "module.eks.module.eks_managed_node_group[\"mg_5\"].aws_eks_node_group.this[0]",
      "attribute": [
        "status"
      ]
    },
    {
      "resource": "module.eks.module.self_managed_node_group.aws_iam_instance_profile.this[0]",
      "attribute": [
        "id"
      ]
    },
    {
      "resource": "module.eks.module.self_managed_node_group[\"self_mg_4\"].aws_launch_template.this[0]",
      "attribute": [
        "default_version"
      ]
    },
    {
      "resource": "module.eks.module.self_managed_node_group[\"self_mg_4\"].aws_iam_role.this[0]",
      "attribute": [
        "unique_id"
      ]
    },
    {
      "resource": "module.eks.module.self_managed_node_group.aws_autoscaling_group.this[0]",
      "attribute": [
        "arn"
      ]
    },
    {
      "resource": "module.eks.module.self_managed_node_group.aws_autoscaling_group.this[0]",
      "attribute": [
        "vpc_zone_identifier"
      ]
    },
    {
      "resource": "module.eks.module.self_managed_node_group.aws_autoscaling_group.this[0]",
      "attribute": [
        "desired_capacity"
      ]
    },
    {
      "resource": "module.eks.module.fargate_profile.aws_iam_role.this[0]",
      "attribute": [
        "arn"
      ]
    },
    {
      "resource": "module.eks.module.eks_managed_node_group[\"mg_5\"].aws_launch_template.this[0]",
      "attribute": [
        "default_version"
      ]
    },
    {
      "resource": "module.eks.aws_eks_cluster.this[0]",
      "attribute": [
        "endpoint"
      ]
    },
    {
      "resource": "module.eks.aws_eks_cluster.this[0]",
      "attribute": [
        "cluster_id"
      ]
    },
    {
      "resource": "module.eks.module.kms.aws_kms_replica_external_key.this[0]",
      "attribute": [
        "policy"
      ]
    },
    {
      "resource": "module.eks.module.self_managed_node_group[\"self_mg_4\"].aws_launch_template.this[0]",
      "attribute": [
        "image_id"
      ]
    },
    {
      "resource": "module.eks.module.self_managed_node_group[\"self_mg_4\"].aws_autoscaling_group.this[0]",
      "attribute": [
        "max_size"
      ]
    },
    {
      "resource": "module.eks.module.self_managed_node_group[\"self_mg_4\"].aws_autoscaling_group.this[0]",
      "attribute": [
        "default_cooldown"
      ]
    },
    {
      "resource": "module.eks.module.self_managed_node_group[\"self_mg_4\"].aws_autoscaling_group.this[0]",
      "attribute": [
        "min_size"
      ]
    },
    {
      "resource": "module.eks.module.self_managed_node_group.aws_iam_role.this[0]",
      "attribute": [
        "unique_id"
      ]
    },
    {
      "resource": "module.eks.module.kms.data.aws_partition.current[0]",
      "attribute": [
        "partition"
      ]
    },
    {
      "resource": "module.eks.module.eks_managed_node_group.aws_eks_node_group.this[0]",
      "attribute": [
        "resources",
        0,
        "autoscaling_groups",
        0,
        "name"
      ]
    },
    {
      "resource": "module.eks.module.self_managed_node_group[\"self_mg_4\"].aws_iam_role.this[0]",
      "attribute": [
        "name"
      ]
    },
    {
      "resource": "module.eks.aws_eks_cluster.this[0]",
      "attribute": [
        "name"
      ]
    },
    {
      "resource": "module.eks.module.kms.data.aws_partition.current[0]",
      "attribute": [
        "dns_suffix"
      ]
    },
    {
      "resource": "module.eks.module.eks_managed_node_group.aws_launch_template.this[0]",
      "attribute": [
        "default_version"
      ]
    },
    {
      "resource": "module.eks.module.eks_managed_node_group[\"mg_5\"].data.aws_caller_identity.current",
      "attribute": [
        "account_id"
      ]
    },
    {
      "resource": "module.eks.module.self_managed_node_group[\"self_mg_4\"].aws_autoscaling_group.this[0]",
      "attribute": [
        "name"
      ]
    },
    {
      "resource": "module.eks.module.self_managed_node_group[\"self_mg_4\"].aws_autoscaling_group.this[0]",
      "attribute": [
        "availability_zones"
      ]
    },
    {
      "resource": "module.eks.module.self_managed_node_group[\"self_mg_4\"].aws_autoscaling_group.this[0]",
      "attribute": [
        "arn"
      ]
    },
    {
      "resource": "module.eks.module.self_managed_node_group.aws_launch_template.this[0]",
      "attribute": [
        "latest_version"
      ]
    },
    {
      "resource": "module.eks.module.self_managed_node_group.aws_iam_instance_profile.this[0]",
      "attribute": [
        "unique_id"
      ]
    },
    {
      "resource": "module.eks.module.self_managed_node_group.aws_launch_template.this[0]",
      "attribute": [
        "id"
      ]
    },
    {
      "resource": "module.eks.module.self_managed_node_group.aws_autoscaling_group.this[0]",
      "attribute": [
        "health_check_type"
      ]
    },
    {
      "resource": "module.eks.aws_security_group.cluster[0]",
      "attribute": [
        "id"
      ]
    },
    {
      "resource": "module.eks.aws_eks_cluster.this[0]",
      "attribute": [
        "vpc_config",
        0,
        "cluster_security_group_id"
      ]
    },
    {
      "resource": "module.eks.time_sleep.this[0]",
      "attribute": [
        "triggers",
        "cluster_certificate_authority_data"
      ]
    },
    {
      "resource": "module.eks.module.eks_managed_node_group[\"mg_5\"].aws_launch_template.this[0]",
      "attribute": [
        "name"
      ]
    },
    {
      "resource": "module.eks.module.self_managed_node_group[\"self_mg_4\"].aws_autoscaling_schedule.this",
      "attribute": []
    },
    {
      "resource": "module.eks.aws_iam_openid_connect_provider.oidc_provider[0]",
      "attribute": [
        "arn"
      ]
    },
    {
      "resource": "module.eks.module.eks_managed_node_group.aws_eks_node_group.this[0]",
      "attribute": [
        "labels"
      ]
    },
    {
      "resource": "module.eks.module.self_managed_node_group.aws_iam_instance_profile.this[0]",
      "attribute": [
        "arn"
      ]
    },
    {
      "resource": "module.eks.time_sleep.this[0]",
      "attribute": [
        "triggers",
        "cluster_name"
      ]
    },
    {
      "resource": "module.eks.module.eks_managed_node_group[\"mg_5\"].aws_iam_role.this[0]",
      "attribute": [
        "name"
      ]
    },
    {
      "resource": "module.eks.module.self_managed_node_group[\"self_mg_4\"].aws_autoscaling_group.this[0]",
      "attribute": [
        "health_check_grace_period"
      ]
    },
    {
      "resource": "module.eks.aws_security_group.node[0]",
      "attribute": [
        "arn"
      ]
    },
    {
      "resource": "module.eks.aws_iam_role.this[0]",
      "attribute": [
        "unique_id"
      ]
    },
    {
      "resource": "module.eks.module.kms.aws_kms_key.this[0]",
      "attribute": [
        "policy"
      ]
    },
    {
      "resource": "module.eks.module.eks_managed_node_group.aws_eks_node_group.this[0]",
      "attribute": [
        "arn"
      ]
    },
    {
      "resource": "module.eks.module.eks_managed_node_group.aws_iam_role.this[0]",
      "attribute": [
        "name"
      ]
    },
    {
      "resource": "module.eks.module.fargate_profile.aws_eks_fargate_profile.this[0]",
      "attribute": [
        "pod_execution_role_arn"
      ]
    },
    {
      "resource": "module.eks.aws_iam_policy.cluster_encryption[0]",
      "attribute": [
        "arn"
      ]
    },
    {
      "resource": "module.eks.aws_cloudwatch_log_group.this[0]",
      "attribute": [
        "name"
      ]
    },
    {
      "resource": "module.eks.module.eks_managed_node_group[\"mg_5\"].aws_eks_node_group.this[0]",
      "attribute": [
        "id"
      ]
    },
    {
      "resource": "module.eks.module.self_managed_node_group[\"self_mg_4\"].aws_launch_template.this[0]",
      "attribute": [
        "id"
      ]
    },
    {
      "resource": "module.eks.module.fargate_profile.aws_eks_fargate_profile.this[0]",
      "attribute": [
        "arn"
      ]
    },
    {
      "resource": "module.eks.module.self_managed_node_group.module.user_data.data.cloudinit_config.linux_eks_managed_node_group[0]",
      "attribute": [
        "rendered"
      ]
    },
    {
      "resource": "module.eks.aws_iam_role.this[0]",
      "attribute": [
        "name"
      ]
    },
    {
      "resource": "module.eks.aws_security_group.cluster[0]",
      "attribute": [
        "arn"
      ]
    },
    {
      "resource": "module.eks.module.eks_managed_node_group[\"mg_5\"].aws_iam_role.this[0]",
      "attribute": [
        "unique_id"
      ]
    },
    {
      "resource": "module.eks.module.kms.aws_kms_replica_key.this[0]",
      "attribute": [
        "arn"
      ]
    },
    {
      "resource": "module.eks.module.self_managed_node_group.aws_autoscaling_schedule.this",
      "attribute": []
    },
    {
      "resource": "module.eks.module.eks_managed_node_group.aws_eks_node_group.this[0]",
      "attribute": [
        "resources"
      ]
    },
    {
      "resource": "module.eks.aws_security_group.node[0]",
      "attribute": [
        "id"
      ]
    },
    {
      "resource": "module.eks.aws_eks_cluster.this[0]",
      "attribute": [
        "certificate_authority",
        0,
        "data"
      ]
    },
    {
      "resource": "module.eks.module.self_managed_node_group.aws_launch_template.this[0]",
      "attribute": [
        "name"
      ]
    },
    {
      "resource": "module.eks.module.eks_managed_node_group.aws_eks_node_group.this[0]",
      "attribute": [
        "status"
      ]
    },
    {
      "resource": "module.eks.module.eks_managed_node_group.aws_launch_template.this[0]",
      "attribute": [
        "arn"
      ]
    },
    {
      "resource": "module.eks.module.eks_managed_node_group[\"mg_5\"].aws_eks_node_group.this[0]",
      "attribute": [
        "resources",
        0,
        "autoscaling_groups",
        0,
        "name"
      ]
    },
    {
      "resource": "module.eks.module.self_managed_node_group[\"self_mg_4\"].data.aws_caller_identity.current",
      "attribute": [
        "account_id"
      ]
    },
    {
      "resource": "module.eks.module.self_managed_node_group[\"self_mg_4\"].data.aws_ami.eks_default[0]",
      "attribute": [
        "image_id"
      ]
    },
    {
      "resource": "module.eks.module.self_managed_node_group.aws_autoscaling_group.this[0]",
      "attribute": [
        "id"
      ]
    },
    {
      "resource": "module.eks.aws_eks_addon.this",
      "attribute": []
    },
    {
      "resource": "module.eks.module.eks_managed_node_group.aws_iam_role.this[0]",
      "attribute": [
        "unique_id"
      ]
    },
    {
      "resource": "module.eks.module.self_managed_node_group[\"self_mg_4\"].data.aws_iam_policy_document.assume_role_policy[0]",
      "attribute": [
        "json"
      ]
    },
    {
      "resource": "module.eks.module.kms.aws_kms_replica_external_key.this[0]",
      "attribute": [
        "arn"
      ]
    },
    {
      "resource": "module.eks.aws_eks_cluster.this[0]",
      "attribute": [
        "identity",
        0,
        "oidc",
        0,
        "issuer"
      ]
    },
    {
      "resource": "module.eks.module.self_managed_node_group.aws_autoscaling_group.this[0]",
      "attribute": [
        "name"
      ]
    },
    {
      "resource": "module.eks.data.aws_partition.current",
      "attribute": [
        "partition"
      ]
    },
    {
      "resource": "module.eks.module.kms.data.aws_caller_identity.current[0]",
      "attribute": [
        "account_id"
      ]
    },
    {
      "resource": "module.eks.module.self_managed_node_group[\"self_mg_4\"].aws_iam_instance_profile.this[0]",
      "attribute": [
        "arn"
      ]
    },
    {
      "resource": "module.eks.module.kms.aws_kms_alias.this",
      "attribute": []
    },
    {
      "resource": "module.eks.module.eks_managed_node_group.aws_launch_template.this[0]",
      "attribute": [
        "name"
      ]
    },
    {
      "resource": "module.eks.module.eks_managed_node_group[\"mg_5\"].aws_launch_template.this[0]",
      "attribute": [
        "id"
      ]
    },
    {
      "resource": "module.eks.module.self_managed_node_group.aws_autoscaling_group.this[0]",
      "attribute": [
        "health_check_grace_period"
      ]
    },
    {
      "resource": "module.eks.module.eks_managed_node_group.aws_eks_node_group.this[0]",
      "attribute": [
        "id"
      ]
    },
    {
      "resource": "module.eks.module.eks_managed_node_group[\"mg_5\"].module.user_data.data.cloudinit_config.linux_eks_managed_node_group[0]",
      "attribute": [
        "rendered"
      ]
    },
    {
      "resource": "module.eks.module.kms.aws_kms_external_key.this[0]",
      "attribute": [
        "id"
      ]
    },
    {
      "resource": "module.eks.module.self_managed_node_group[\"self_mg_4\"].aws_iam_instance_profile.this[0]",
      "attribute": [
        "unique_id"
      ]
    }
  ],
  "timestamp": "2024-02-02T09:28:16Z",
  "errored": false
}
